
Microsoft Visual Studio Solution File, Format Version 12.00
# Visual Studio Version 17
VisualStudioVersion = 17.6.33829.357
MinimumVisualStudioVersion = 10.0.40219.1
Project("{FAE04EC0-301F-11D3-BF4B-00C04F79EFBC}") = "Logger", "Logger\Logger.csproj", "{09D16103-BCBB-4266-B7F4-7782DBCD95D5}"
EndProject
Global
	GlobalSection(SolutionConfigurationPlatforms) = preSolution
		Debug|Any CPU = Debug|Any CPU
		Release|Any CPU = Release|Any CPU
	EndGlobalSection
	GlobalSection(ProjectConfigurationPlatforms) = postSolution
		{09D16103-BCBB-4266-B7F4-7782DBCD95D5}.Debug|Any CPU.ActiveCfg = Debug|Any CPU
		{09D16103-BCBB-4266-B7F4-7782DBCD95D5}.Debug|Any CPU.Build.0 = Debug|Any CPU
		{09D16103-BCBB-4266-B7F4-7782DBCD95D5}.Release|Any CPU.ActiveCfg = Release|Any CPU
		{09D16103-BCBB-4266-B7F4-7782DBCD95D5}.Release|Any CPU.Build.0 = Release|Any CPU
	EndGlobalSection
	GlobalSection(SolutionProperties) = preSolution
		HideSolutionNode = FALSE
	EndGlobalSection
	GlobalSection(ExtensibilityGlobals) = postSolution
		SolutionGuid = {53AEFDC0-5EBA-44A7-BD1E-8ACD0EBEE9D8}
	EndGlobalSection
EndGlobal
