
Microsoft Visual Studio Solution File, Format Version 12.00
# Visual Studio Version 16
VisualStudioVersion = 16.0.30517.126
MinimumVisualStudioVersion = 10.0.40219.1
Project("{9A19103F-16F7-4668-BE54-9A1E7A4F7556}") = "Game", "Game\Game.csproj", "{EF878C8B-1689-4D85-B1C5-C8384D8EDA0A}"
EndProject
Project("{9A19103F-16F7-4668-BE54-9A1E7A4F7556}") = "Game.Tests", "Game.Tests\Game.Tests.csproj", "{E34C5DF3-FFCC-4EC2-B828-FA9BE471C651}"
EndProject
Global
	GlobalSection(SolutionConfigurationPlatforms) = preSolution
		Debug|Any CPU = Debug|Any CPU
		Release|Any CPU = Release|Any CPU
	EndGlobalSection
	GlobalSection(ProjectConfigurationPlatforms) = postSolution
		{EF878C8B-1689-4D85-B1C5-C8384D8EDA0A}.Debug|Any CPU.ActiveCfg = Debug|Any CPU
		{EF878C8B-1689-4D85-B1C5-C8384D8EDA0A}.Debug|Any CPU.Build.0 = Debug|Any CPU
		{EF878C8B-1689-4D85-B1C5-C8384D8EDA0A}.Release|Any CPU.ActiveCfg = Release|Any CPU
		{EF878C8B-1689-4D85-B1C5-C8384D8EDA0A}.Release|Any CPU.Build.0 = Release|Any CPU
		{E34C5DF3-FFCC-4EC2-B828-FA9BE471C651}.Debug|Any CPU.ActiveCfg = Debug|Any CPU
		{E34C5DF3-FFCC-4EC2-B828-FA9BE471C651}.Debug|Any CPU.Build.0 = Debug|Any CPU
		{E34C5DF3-FFCC-4EC2-B828-FA9BE471C651}.Release|Any CPU.ActiveCfg = Release|Any CPU
		{E34C5DF3-FFCC-4EC2-B828-FA9BE471C651}.Release|Any CPU.Build.0 = Release|Any CPU
	EndGlobalSection
	GlobalSection(SolutionProperties) = preSolution
		HideSolutionNode = FALSE
	EndGlobalSection
	GlobalSection(ExtensibilityGlobals) = postSolution
		SolutionGuid = {94834958-CE20-416F-A8C1-94B38BB2A61C}
	EndGlobalSection
EndGlobal
