
Microsoft Visual Studio Solution File, Format Version 12.00
# Visual Studio Version 16
VisualStudioVersion = 16.0.30517.126
MinimumVisualStudioVersion = 10.0.40219.1
Project("{9A19103F-16F7-4668-BE54-9A1E7A4F7556}") = "01.MatchFullName", "01.MatchFullName\01.MatchFullName.csproj", "{EC1F51D0-D89B-4DBD-AB56-5E1C1C07BAB1}"
EndProject
Project("{9A19103F-16F7-4668-BE54-9A1E7A4F7556}") = "02.MatchPhoneNumber", "02.MatchPhoneNumber\02.MatchPhoneNumber.csproj", "{0D062821-67FC-4F55-9B98-97F964C9FBC9}"
EndProject
Project("{9A19103F-16F7-4668-BE54-9A1E7A4F7556}") = "03.MatchDates", "03.MatchDates\03.MatchDates.csproj", "{073C128E-B5DD-4A4A-8A9B-FABA0C559BB0}"
EndProject
Project("{9A19103F-16F7-4668-BE54-9A1E7A4F7556}") = "04.Furniture", "04.Furniture\04.Furniture.csproj", "{A6A60CC5-926A-4327-ABDA-92341457AB80}"
EndProject
Project("{9A19103F-16F7-4668-BE54-9A1E7A4F7556}") = "05.Race", "05.Race\05.Race.csproj", "{0B4D760A-FCF1-4A97-9C41-A88291B7D41E}"
EndProject
Project("{9A19103F-16F7-4668-BE54-9A1E7A4F7556}") = "06.SoftUniBarIncome", "06.SoftUniBarIncome\06.SoftUniBarIncome.csproj", "{88D70701-69B6-421F-8223-10D842732780}"
EndProject
Project("{9A19103F-16F7-4668-BE54-9A1E7A4F7556}") = "07.StarEnigma", "07.StarEnigma\07.StarEnigma.csproj", "{3B304C22-BC70-4DA9-8C6B-852BEF8D1664}"
EndProject
Project("{9A19103F-16F7-4668-BE54-9A1E7A4F7556}") = "08.NetherRealms", "08.NetherRealms\08.NetherRealms.csproj", "{9614C511-4475-481F-9A56-4A6636B60D71}"
EndProject
Project("{9A19103F-16F7-4668-BE54-9A1E7A4F7556}") = "09.ExtractEmails", "09.ExtractEmails\09.ExtractEmails.csproj", "{3CF4A50C-0E69-47FA-9A02-7E52E679267D}"
EndProject
Project("{FAE04EC0-301F-11D3-BF4B-00C04F79EFBC}") = "10.WinningTicket", "10.WinningTicket\10.WinningTicket.csproj", "{44A27BCA-0DC6-4609-9179-3EDCE9B95601}"
EndProject
Project("{FAE04EC0-301F-11D3-BF4B-00C04F79EFBC}") = "11.RageQuit", "11.RageQuit\11.RageQuit.csproj", "{2A2228EE-C90D-47CE-B8C5-FFE62D3DAA54}"
EndProject
Global
	GlobalSection(SolutionConfigurationPlatforms) = preSolution
		Debug|Any CPU = Debug|Any CPU
		Release|Any CPU = Release|Any CPU
	EndGlobalSection
	GlobalSection(ProjectConfigurationPlatforms) = postSolution
		{EC1F51D0-D89B-4DBD-AB56-5E1C1C07BAB1}.Debug|Any CPU.ActiveCfg = Debug|Any CPU
		{EC1F51D0-D89B-4DBD-AB56-5E1C1C07BAB1}.Debug|Any CPU.Build.0 = Debug|Any CPU
		{EC1F51D0-D89B-4DBD-AB56-5E1C1C07BAB1}.Release|Any CPU.ActiveCfg = Release|Any CPU
		{EC1F51D0-D89B-4DBD-AB56-5E1C1C07BAB1}.Release|Any CPU.Build.0 = Release|Any CPU
		{0D062821-67FC-4F55-9B98-97F964C9FBC9}.Debug|Any CPU.ActiveCfg = Debug|Any CPU
		{0D062821-67FC-4F55-9B98-97F964C9FBC9}.Debug|Any CPU.Build.0 = Debug|Any CPU
		{0D062821-67FC-4F55-9B98-97F964C9FBC9}.Release|Any CPU.ActiveCfg = Release|Any CPU
		{0D062821-67FC-4F55-9B98-97F964C9FBC9}.Release|Any CPU.Build.0 = Release|Any CPU
		{073C128E-B5DD-4A4A-8A9B-FABA0C559BB0}.Debug|Any CPU.ActiveCfg = Debug|Any CPU
		{073C128E-B5DD-4A4A-8A9B-FABA0C559BB0}.Debug|Any CPU.Build.0 = Debug|Any CPU
		{073C128E-B5DD-4A4A-8A9B-FABA0C559BB0}.Release|Any CPU.ActiveCfg = Release|Any CPU
		{073C128E-B5DD-4A4A-8A9B-FABA0C559BB0}.Release|Any CPU.Build.0 = Release|Any CPU
		{A6A60CC5-926A-4327-ABDA-92341457AB80}.Debug|Any CPU.ActiveCfg = Debug|Any CPU
		{A6A60CC5-926A-4327-ABDA-92341457AB80}.Debug|Any CPU.Build.0 = Debug|Any CPU
		{A6A60CC5-926A-4327-ABDA-92341457AB80}.Release|Any CPU.ActiveCfg = Release|Any CPU
		{A6A60CC5-926A-4327-ABDA-92341457AB80}.Release|Any CPU.Build.0 = Release|Any CPU
		{0B4D760A-FCF1-4A97-9C41-A88291B7D41E}.Debug|Any CPU.ActiveCfg = Debug|Any CPU
		{0B4D760A-FCF1-4A97-9C41-A88291B7D41E}.Debug|Any CPU.Build.0 = Debug|Any CPU
		{0B4D760A-FCF1-4A97-9C41-A88291B7D41E}.Release|Any CPU.ActiveCfg = Release|Any CPU
		{0B4D760A-FCF1-4A97-9C41-A88291B7D41E}.Release|Any CPU.Build.0 = Release|Any CPU
		{88D70701-69B6-421F-8223-10D842732780}.Debug|Any CPU.ActiveCfg = Debug|Any CPU
		{88D70701-69B6-421F-8223-10D842732780}.Debug|Any CPU.Build.0 = Debug|Any CPU
		{88D70701-69B6-421F-8223-10D842732780}.Release|Any CPU.ActiveCfg = Release|Any CPU
		{88D70701-69B6-421F-8223-10D842732780}.Release|Any CPU.Build.0 = Release|Any CPU
		{3B304C22-BC70-4DA9-8C6B-852BEF8D1664}.Debug|Any CPU.ActiveCfg = Debug|Any CPU
		{3B304C22-BC70-4DA9-8C6B-852BEF8D1664}.Debug|Any CPU.Build.0 = Debug|Any CPU
		{3B304C22-BC70-4DA9-8C6B-852BEF8D1664}.Release|Any CPU.ActiveCfg = Release|Any CPU
		{3B304C22-BC70-4DA9-8C6B-852BEF8D1664}.Release|Any CPU.Build.0 = Release|Any CPU
		{9614C511-4475-481F-9A56-4A6636B60D71}.Debug|Any CPU.ActiveCfg = Debug|Any CPU
		{9614C511-4475-481F-9A56-4A6636B60D71}.Debug|Any CPU.Build.0 = Debug|Any CPU
		{9614C511-4475-481F-9A56-4A6636B60D71}.Release|Any CPU.ActiveCfg = Release|Any CPU
		{9614C511-4475-481F-9A56-4A6636B60D71}.Release|Any CPU.Build.0 = Release|Any CPU
		{3CF4A50C-0E69-47FA-9A02-7E52E679267D}.Debug|Any CPU.ActiveCfg = Debug|Any CPU
		{3CF4A50C-0E69-47FA-9A02-7E52E679267D}.Debug|Any CPU.Build.0 = Debug|Any CPU
		{3CF4A50C-0E69-47FA-9A02-7E52E679267D}.Release|Any CPU.ActiveCfg = Release|Any CPU
		{3CF4A50C-0E69-47FA-9A02-7E52E679267D}.Release|Any CPU.Build.0 = Release|Any CPU
		{44A27BCA-0DC6-4609-9179-3EDCE9B95601}.Debug|Any CPU.ActiveCfg = Debug|Any CPU
		{44A27BCA-0DC6-4609-9179-3EDCE9B95601}.Debug|Any CPU.Build.0 = Debug|Any CPU
		{44A27BCA-0DC6-4609-9179-3EDCE9B95601}.Release|Any CPU.ActiveCfg = Release|Any CPU
		{44A27BCA-0DC6-4609-9179-3EDCE9B95601}.Release|Any CPU.Build.0 = Release|Any CPU
		{2A2228EE-C90D-47CE-B8C5-FFE62D3DAA54}.Debug|Any CPU.ActiveCfg = Debug|Any CPU
		{2A2228EE-C90D-47CE-B8C5-FFE62D3DAA54}.Debug|Any CPU.Build.0 = Debug|Any CPU
		{2A2228EE-C90D-47CE-B8C5-FFE62D3DAA54}.Release|Any CPU.ActiveCfg = Release|Any CPU
		{2A2228EE-C90D-47CE-B8C5-FFE62D3DAA54}.Release|Any CPU.Build.0 = Release|Any CPU
	EndGlobalSection
	GlobalSection(SolutionProperties) = preSolution
		HideSolutionNode = FALSE
	EndGlobalSection
	GlobalSection(ExtensibilityGlobals) = postSolution
		SolutionGuid = {A8ABE0BB-AA7C-496D-B2C2-919710AFA332}
	EndGlobalSection
EndGlobal
