
Microsoft Visual Studio Solution File, Format Version 12.00
# Visual Studio Version 16
VisualStudioVersion = 16.0.30503.244
MinimumVisualStudioVersion = 10.0.40219.1
Project("{9A19103F-16F7-4668-BE54-9A1E7A4F7556}") = "ExcellentResult", "ExcellentResult\ExcellentResult.csproj", "{9EEA3F6C-BB43-4DFA-94BA-4AF3CE3875F5}"
EndProject
Project("{9A19103F-16F7-4668-BE54-9A1E7A4F7556}") = "GreaterNumber", "GreaterNumber\GreaterNumber.csproj", "{72CD87E3-43D4-4B25-9C8F-5EA4C83F3A1E}"
EndProject
Project("{9A19103F-16F7-4668-BE54-9A1E7A4F7556}") = "EvenOrOdd", "EvenOrOdd\EvenOrOdd.csproj", "{1299BCC6-5A6C-4AFD-8F6A-671AC9E7E873}"
EndProject
Project("{9A19103F-16F7-4668-BE54-9A1E7A4F7556}") = "PasswordGuess", "PasswordGuess\PasswordGuess.csproj", "{56F59CD7-E1CD-448B-BD19-8C159B06543E}"
EndProject
Project("{9A19103F-16F7-4668-BE54-9A1E7A4F7556}") = "Number100to200", "Number100to200\Number100to200.csproj", "{FF2EC183-EA5D-43A0-B7D0-630BA70FC87B}"
EndProject
Project("{9A19103F-16F7-4668-BE54-9A1E7A4F7556}") = "SpeedInfo", "SpeedInfo\SpeedInfo.csproj", "{C7602B52-B2CE-4018-8D98-68995C4ED46F}"
EndProject
Project("{9A19103F-16F7-4668-BE54-9A1E7A4F7556}") = "AreaOfFigures", "AreaOfFigures\AreaOfFigures.csproj", "{54C4400F-5B97-4446-9E35-F2B825DBE465}"
EndProject
Project("{FAE04EC0-301F-11D3-BF4B-00C04F79EFBC}") = "SumSeconds", "SumSeconds\SumSeconds.csproj", "{21F8E8C6-B043-4633-BA94-EC0674E2B402}"
EndProject
Project("{FAE04EC0-301F-11D3-BF4B-00C04F79EFBC}") = "BonusScore", "BonusScore\BonusScore.csproj", "{E362161C-1A49-4351-B603-0B857BECD8D2}"
EndProject
Project("{FAE04EC0-301F-11D3-BF4B-00C04F79EFBC}") = "TimeAfter15Minutes", "TimeAfter15Minutes\TimeAfter15Minutes.csproj", "{0091250B-7F4D-4BFF-86DA-7013FED8C630}"
EndProject
Project("{FAE04EC0-301F-11D3-BF4B-00C04F79EFBC}") = "ToyShop", "ToyShop\ToyShop.csproj", "{BF98062B-7021-4848-A7C9-729701567F6E}"
EndProject
Project("{FAE04EC0-301F-11D3-BF4B-00C04F79EFBC}") = "GodzillaVsKong", "GodzillaVsKong\GodzillaVsKong.csproj", "{CE0B0323-546E-400D-9B81-8D7F0A880356}"
EndProject
Project("{FAE04EC0-301F-11D3-BF4B-00C04F79EFBC}") = "WorldSwimmingRecord", "WorldSwimmingRecord\WorldSwimmingRecord.csproj", "{EBA10424-8BE2-43BB-8FE7-00649E3C6B70}"
EndProject
Global
	GlobalSection(SolutionConfigurationPlatforms) = preSolution
		Debug|Any CPU = Debug|Any CPU
		Release|Any CPU = Release|Any CPU
	EndGlobalSection
	GlobalSection(ProjectConfigurationPlatforms) = postSolution
		{9EEA3F6C-BB43-4DFA-94BA-4AF3CE3875F5}.Debug|Any CPU.ActiveCfg = Debug|Any CPU
		{9EEA3F6C-BB43-4DFA-94BA-4AF3CE3875F5}.Debug|Any CPU.Build.0 = Debug|Any CPU
		{9EEA3F6C-BB43-4DFA-94BA-4AF3CE3875F5}.Release|Any CPU.ActiveCfg = Release|Any CPU
		{9EEA3F6C-BB43-4DFA-94BA-4AF3CE3875F5}.Release|Any CPU.Build.0 = Release|Any CPU
		{72CD87E3-43D4-4B25-9C8F-5EA4C83F3A1E}.Debug|Any CPU.ActiveCfg = Debug|Any CPU
		{72CD87E3-43D4-4B25-9C8F-5EA4C83F3A1E}.Debug|Any CPU.Build.0 = Debug|Any CPU
		{72CD87E3-43D4-4B25-9C8F-5EA4C83F3A1E}.Release|Any CPU.ActiveCfg = Release|Any CPU
		{72CD87E3-43D4-4B25-9C8F-5EA4C83F3A1E}.Release|Any CPU.Build.0 = Release|Any CPU
		{1299BCC6-5A6C-4AFD-8F6A-671AC9E7E873}.Debug|Any CPU.ActiveCfg = Debug|Any CPU
		{1299BCC6-5A6C-4AFD-8F6A-671AC9E7E873}.Debug|Any CPU.Build.0 = Debug|Any CPU
		{1299BCC6-5A6C-4AFD-8F6A-671AC9E7E873}.Release|Any CPU.ActiveCfg = Release|Any CPU
		{1299BCC6-5A6C-4AFD-8F6A-671AC9E7E873}.Release|Any CPU.Build.0 = Release|Any CPU
		{56F59CD7-E1CD-448B-BD19-8C159B06543E}.Debug|Any CPU.ActiveCfg = Debug|Any CPU
		{56F59CD7-E1CD-448B-BD19-8C159B06543E}.Debug|Any CPU.Build.0 = Debug|Any CPU
		{56F59CD7-E1CD-448B-BD19-8C159B06543E}.Release|Any CPU.ActiveCfg = Release|Any CPU
		{56F59CD7-E1CD-448B-BD19-8C159B06543E}.Release|Any CPU.Build.0 = Release|Any CPU
		{FF2EC183-EA5D-43A0-B7D0-630BA70FC87B}.Debug|Any CPU.ActiveCfg = Debug|Any CPU
		{FF2EC183-EA5D-43A0-B7D0-630BA70FC87B}.Debug|Any CPU.Build.0 = Debug|Any CPU
		{FF2EC183-EA5D-43A0-B7D0-630BA70FC87B}.Release|Any CPU.ActiveCfg = Release|Any CPU
		{FF2EC183-EA5D-43A0-B7D0-630BA70FC87B}.Release|Any CPU.Build.0 = Release|Any CPU
		{C7602B52-B2CE-4018-8D98-68995C4ED46F}.Debug|Any CPU.ActiveCfg = Debug|Any CPU
		{C7602B52-B2CE-4018-8D98-68995C4ED46F}.Debug|Any CPU.Build.0 = Debug|Any CPU
		{C7602B52-B2CE-4018-8D98-68995C4ED46F}.Release|Any CPU.ActiveCfg = Release|Any CPU
		{C7602B52-B2CE-4018-8D98-68995C4ED46F}.Release|Any CPU.Build.0 = Release|Any CPU
		{54C4400F-5B97-4446-9E35-F2B825DBE465}.Debug|Any CPU.ActiveCfg = Debug|Any CPU
		{54C4400F-5B97-4446-9E35-F2B825DBE465}.Debug|Any CPU.Build.0 = Debug|Any CPU
		{54C4400F-5B97-4446-9E35-F2B825DBE465}.Release|Any CPU.ActiveCfg = Release|Any CPU
		{54C4400F-5B97-4446-9E35-F2B825DBE465}.Release|Any CPU.Build.0 = Release|Any CPU
		{21F8E8C6-B043-4633-BA94-EC0674E2B402}.Debug|Any CPU.ActiveCfg = Debug|Any CPU
		{21F8E8C6-B043-4633-BA94-EC0674E2B402}.Debug|Any CPU.Build.0 = Debug|Any CPU
		{21F8E8C6-B043-4633-BA94-EC0674E2B402}.Release|Any CPU.ActiveCfg = Release|Any CPU
		{21F8E8C6-B043-4633-BA94-EC0674E2B402}.Release|Any CPU.Build.0 = Release|Any CPU
		{E362161C-1A49-4351-B603-0B857BECD8D2}.Debug|Any CPU.ActiveCfg = Debug|Any CPU
		{E362161C-1A49-4351-B603-0B857BECD8D2}.Debug|Any CPU.Build.0 = Debug|Any CPU
		{E362161C-1A49-4351-B603-0B857BECD8D2}.Release|Any CPU.ActiveCfg = Release|Any CPU
		{E362161C-1A49-4351-B603-0B857BECD8D2}.Release|Any CPU.Build.0 = Release|Any CPU
		{0091250B-7F4D-4BFF-86DA-7013FED8C630}.Debug|Any CPU.ActiveCfg = Debug|Any CPU
		{0091250B-7F4D-4BFF-86DA-7013FED8C630}.Debug|Any CPU.Build.0 = Debug|Any CPU
		{0091250B-7F4D-4BFF-86DA-7013FED8C630}.Release|Any CPU.ActiveCfg = Release|Any CPU
		{0091250B-7F4D-4BFF-86DA-7013FED8C630}.Release|Any CPU.Build.0 = Release|Any CPU
		{BF98062B-7021-4848-A7C9-729701567F6E}.Debug|Any CPU.ActiveCfg = Debug|Any CPU
		{BF98062B-7021-4848-A7C9-729701567F6E}.Debug|Any CPU.Build.0 = Debug|Any CPU
		{BF98062B-7021-4848-A7C9-729701567F6E}.Release|Any CPU.ActiveCfg = Release|Any CPU
		{BF98062B-7021-4848-A7C9-729701567F6E}.Release|Any CPU.Build.0 = Release|Any CPU
		{CE0B0323-546E-400D-9B81-8D7F0A880356}.Debug|Any CPU.ActiveCfg = Debug|Any CPU
		{CE0B0323-546E-400D-9B81-8D7F0A880356}.Debug|Any CPU.Build.0 = Debug|Any CPU
		{CE0B0323-546E-400D-9B81-8D7F0A880356}.Release|Any CPU.ActiveCfg = Release|Any CPU
		{CE0B0323-546E-400D-9B81-8D7F0A880356}.Release|Any CPU.Build.0 = Release|Any CPU
		{EBA10424-8BE2-43BB-8FE7-00649E3C6B70}.Debug|Any CPU.ActiveCfg = Debug|Any CPU
		{EBA10424-8BE2-43BB-8FE7-00649E3C6B70}.Debug|Any CPU.Build.0 = Debug|Any CPU
		{EBA10424-8BE2-43BB-8FE7-00649E3C6B70}.Release|Any CPU.ActiveCfg = Release|Any CPU
		{EBA10424-8BE2-43BB-8FE7-00649E3C6B70}.Release|Any CPU.Build.0 = Release|Any CPU
	EndGlobalSection
	GlobalSection(SolutionProperties) = preSolution
		HideSolutionNode = FALSE
	EndGlobalSection
	GlobalSection(ExtensibilityGlobals) = postSolution
		SolutionGuid = {225BC884-F77C-4689-A99F-943C600CD653}
	EndGlobalSection
EndGlobal
