
Microsoft Visual Studio Solution File, Format Version 12.00
# Visual Studio Version 17
VisualStudioVersion = 17.9.34607.119
MinimumVisualStudioVersion = 10.0.40219.1
Project("{9A19103F-16F7-4668-BE54-9A1E7A4F7556}") = "Stealer", "Stealer\Stealer.csproj", "{01D4D475-C5F1-4B5E-B257-695B840BC363}"
EndProject
Project("{9A19103F-16F7-4668-BE54-9A1E7A4F7556}") = "CommandPattern", "D:\Downloads\Reflection\Reflection-and-Attributes-Skeleton\ReflectionAndAttributes\CommandPattern\CommandPattern.csproj", "{54D3B5C2-0BEA-4111-86D3-CD545437F3C4}"
EndProject
Global
	GlobalSection(SolutionConfigurationPlatforms) = preSolution
		Debug|Any CPU = Debug|Any CPU
		Release|Any CPU = Release|Any CPU
	EndGlobalSection
	GlobalSection(ProjectConfigurationPlatforms) = postSolution
		{01D4D475-C5F1-4B5E-B257-695B840BC363}.Debug|Any CPU.ActiveCfg = Debug|Any CPU
		{01D4D475-C5F1-4B5E-B257-695B840BC363}.Debug|Any CPU.Build.0 = Debug|Any CPU
		{01D4D475-C5F1-4B5E-B257-695B840BC363}.Release|Any CPU.ActiveCfg = Release|Any CPU
		{01D4D475-C5F1-4B5E-B257-695B840BC363}.Release|Any CPU.Build.0 = Release|Any CPU
		{54D3B5C2-0BEA-4111-86D3-CD545437F3C4}.Debug|Any CPU.ActiveCfg = Debug|Any CPU
		{54D3B5C2-0BEA-4111-86D3-CD545437F3C4}.Debug|Any CPU.Build.0 = Debug|Any CPU
		{54D3B5C2-0BEA-4111-86D3-CD545437F3C4}.Release|Any CPU.ActiveCfg = Release|Any CPU
		{54D3B5C2-0BEA-4111-86D3-CD545437F3C4}.Release|Any CPU.Build.0 = Release|Any CPU
	EndGlobalSection
	GlobalSection(SolutionProperties) = preSolution
		HideSolutionNode = FALSE
	EndGlobalSection
	GlobalSection(ExtensibilityGlobals) = postSolution
		SolutionGuid = {8DB75353-A61E-4F62-8387-A54DDFD6A096}
	EndGlobalSection
EndGlobal
