
Microsoft Visual Studio Solution File, Format Version 12.00
# Visual Studio Version 16
VisualStudioVersion = 16.0.30517.126
MinimumVisualStudioVersion = 10.0.40219.1
Project("{9A19103F-16F7-4668-BE54-9A1E7A4F7556}") = "01.CountRealNumbers", "01.CountRealNumbers\01.CountRealNumbers.csproj", "{2994A109-3AD4-4B04-BE32-595423918691}"
EndProject
Project("{9A19103F-16F7-4668-BE54-9A1E7A4F7556}") = "02.OddOccurrences", "02.OddOccurrences\02.OddOccurrences.csproj", "{DCE6B1DE-742D-489D-9B6E-3AB0BC7652AE}"
EndProject
Project("{9A19103F-16F7-4668-BE54-9A1E7A4F7556}") = "03.WordSynonyms", "03.WordSynonyms\03.WordSynonyms.csproj", "{95AA5190-4525-4A4B-A1AA-28919CE74D40}"
EndProject
Project("{9A19103F-16F7-4668-BE54-9A1E7A4F7556}") = "04.WordFilter", "04.WordFilter\04.WordFilter.csproj", "{C7A48FBE-C1AE-403B-96E2-2E0B27E42B8D}"
EndProject
Project("{9A19103F-16F7-4668-BE54-9A1E7A4F7556}") = "05.CountCharsInAString", "05.CountCharsInAString\05.CountCharsInAString.csproj", "{EC973021-1097-4D0D-B177-278D0449E502}"
EndProject
Project("{9A19103F-16F7-4668-BE54-9A1E7A4F7556}") = "06.AMinerTask", "06.AMinerTask\06.AMinerTask.csproj", "{51A93BC7-321B-423D-AF44-AE787305B941}"
EndProject
Project("{9A19103F-16F7-4668-BE54-9A1E7A4F7556}") = "07.LegendaryFarming", "07.LegendaryFarming\07.LegendaryFarming.csproj", "{6884B240-12D0-4F33-8981-D02DD2481378}"
EndProject
Project("{9A19103F-16F7-4668-BE54-9A1E7A4F7556}") = "08.Orders", "08.Orders\08.Orders.csproj", "{A8B639E3-B9F8-4F2E-AD47-3789707B7887}"
EndProject
Project("{9A19103F-16F7-4668-BE54-9A1E7A4F7556}") = "09.SoftUniParking", "09.SoftUniParking\09.SoftUniParking.csproj", "{C0710724-B4FC-4CEE-AF06-BAF41C4FEA78}"
EndProject
Project("{FAE04EC0-301F-11D3-BF4B-00C04F79EFBC}") = "10.Courses", "10.Courses\10.Courses.csproj", "{D643E505-EF66-4E4D-AB88-73D507880FE6}"
EndProject
Project("{FAE04EC0-301F-11D3-BF4B-00C04F79EFBC}") = "11.StudentAcademy", "11.StudentAcademy\11.StudentAcademy.csproj", "{76D5688E-C2CC-4F83-A87F-D76D20F8444F}"
EndProject
Project("{FAE04EC0-301F-11D3-BF4B-00C04F79EFBC}") = "12.CompanyUsers", "12.CompanyUsers\12.CompanyUsers.csproj", "{E6DBBACE-A4AF-4948-8978-2EA9E5BA8852}"
EndProject
Global
	GlobalSection(SolutionConfigurationPlatforms) = preSolution
		Debug|Any CPU = Debug|Any CPU
		Release|Any CPU = Release|Any CPU
	EndGlobalSection
	GlobalSection(ProjectConfigurationPlatforms) = postSolution
		{2994A109-3AD4-4B04-BE32-595423918691}.Debug|Any CPU.ActiveCfg = Debug|Any CPU
		{2994A109-3AD4-4B04-BE32-595423918691}.Debug|Any CPU.Build.0 = Debug|Any CPU
		{2994A109-3AD4-4B04-BE32-595423918691}.Release|Any CPU.ActiveCfg = Release|Any CPU
		{2994A109-3AD4-4B04-BE32-595423918691}.Release|Any CPU.Build.0 = Release|Any CPU
		{DCE6B1DE-742D-489D-9B6E-3AB0BC7652AE}.Debug|Any CPU.ActiveCfg = Debug|Any CPU
		{DCE6B1DE-742D-489D-9B6E-3AB0BC7652AE}.Debug|Any CPU.Build.0 = Debug|Any CPU
		{DCE6B1DE-742D-489D-9B6E-3AB0BC7652AE}.Release|Any CPU.ActiveCfg = Release|Any CPU
		{DCE6B1DE-742D-489D-9B6E-3AB0BC7652AE}.Release|Any CPU.Build.0 = Release|Any CPU
		{95AA5190-4525-4A4B-A1AA-28919CE74D40}.Debug|Any CPU.ActiveCfg = Debug|Any CPU
		{95AA5190-4525-4A4B-A1AA-28919CE74D40}.Debug|Any CPU.Build.0 = Debug|Any CPU
		{95AA5190-4525-4A4B-A1AA-28919CE74D40}.Release|Any CPU.ActiveCfg = Release|Any CPU
		{95AA5190-4525-4A4B-A1AA-28919CE74D40}.Release|Any CPU.Build.0 = Release|Any CPU
		{C7A48FBE-C1AE-403B-96E2-2E0B27E42B8D}.Debug|Any CPU.ActiveCfg = Debug|Any CPU
		{C7A48FBE-C1AE-403B-96E2-2E0B27E42B8D}.Debug|Any CPU.Build.0 = Debug|Any CPU
		{C7A48FBE-C1AE-403B-96E2-2E0B27E42B8D}.Release|Any CPU.ActiveCfg = Release|Any CPU
		{C7A48FBE-C1AE-403B-96E2-2E0B27E42B8D}.Release|Any CPU.Build.0 = Release|Any CPU
		{EC973021-1097-4D0D-B177-278D0449E502}.Debug|Any CPU.ActiveCfg = Debug|Any CPU
		{EC973021-1097-4D0D-B177-278D0449E502}.Debug|Any CPU.Build.0 = Debug|Any CPU
		{EC973021-1097-4D0D-B177-278D0449E502}.Release|Any CPU.ActiveCfg = Release|Any CPU
		{EC973021-1097-4D0D-B177-278D0449E502}.Release|Any CPU.Build.0 = Release|Any CPU
		{51A93BC7-321B-423D-AF44-AE787305B941}.Debug|Any CPU.ActiveCfg = Debug|Any CPU
		{51A93BC7-321B-423D-AF44-AE787305B941}.Debug|Any CPU.Build.0 = Debug|Any CPU
		{51A93BC7-321B-423D-AF44-AE787305B941}.Release|Any CPU.ActiveCfg = Release|Any CPU
		{51A93BC7-321B-423D-AF44-AE787305B941}.Release|Any CPU.Build.0 = Release|Any CPU
		{6884B240-12D0-4F33-8981-D02DD2481378}.Debug|Any CPU.ActiveCfg = Debug|Any CPU
		{6884B240-12D0-4F33-8981-D02DD2481378}.Debug|Any CPU.Build.0 = Debug|Any CPU
		{6884B240-12D0-4F33-8981-D02DD2481378}.Release|Any CPU.ActiveCfg = Release|Any CPU
		{6884B240-12D0-4F33-8981-D02DD2481378}.Release|Any CPU.Build.0 = Release|Any CPU
		{A8B639E3-B9F8-4F2E-AD47-3789707B7887}.Debug|Any CPU.ActiveCfg = Debug|Any CPU
		{A8B639E3-B9F8-4F2E-AD47-3789707B7887}.Debug|Any CPU.Build.0 = Debug|Any CPU
		{A8B639E3-B9F8-4F2E-AD47-3789707B7887}.Release|Any CPU.ActiveCfg = Release|Any CPU
		{A8B639E3-B9F8-4F2E-AD47-3789707B7887}.Release|Any CPU.Build.0 = Release|Any CPU
		{C0710724-B4FC-4CEE-AF06-BAF41C4FEA78}.Debug|Any CPU.ActiveCfg = Debug|Any CPU
		{C0710724-B4FC-4CEE-AF06-BAF41C4FEA78}.Debug|Any CPU.Build.0 = Debug|Any CPU
		{C0710724-B4FC-4CEE-AF06-BAF41C4FEA78}.Release|Any CPU.ActiveCfg = Release|Any CPU
		{C0710724-B4FC-4CEE-AF06-BAF41C4FEA78}.Release|Any CPU.Build.0 = Release|Any CPU
		{D643E505-EF66-4E4D-AB88-73D507880FE6}.Debug|Any CPU.ActiveCfg = Debug|Any CPU
		{D643E505-EF66-4E4D-AB88-73D507880FE6}.Debug|Any CPU.Build.0 = Debug|Any CPU
		{D643E505-EF66-4E4D-AB88-73D507880FE6}.Release|Any CPU.ActiveCfg = Release|Any CPU
		{D643E505-EF66-4E4D-AB88-73D507880FE6}.Release|Any CPU.Build.0 = Release|Any CPU
		{76D5688E-C2CC-4F83-A87F-D76D20F8444F}.Debug|Any CPU.ActiveCfg = Debug|Any CPU
		{76D5688E-C2CC-4F83-A87F-D76D20F8444F}.Debug|Any CPU.Build.0 = Debug|Any CPU
		{76D5688E-C2CC-4F83-A87F-D76D20F8444F}.Release|Any CPU.ActiveCfg = Release|Any CPU
		{76D5688E-C2CC-4F83-A87F-D76D20F8444F}.Release|Any CPU.Build.0 = Release|Any CPU
		{E6DBBACE-A4AF-4948-8978-2EA9E5BA8852}.Debug|Any CPU.ActiveCfg = Debug|Any CPU
		{E6DBBACE-A4AF-4948-8978-2EA9E5BA8852}.Debug|Any CPU.Build.0 = Debug|Any CPU
		{E6DBBACE-A4AF-4948-8978-2EA9E5BA8852}.Release|Any CPU.ActiveCfg = Release|Any CPU
		{E6DBBACE-A4AF-4948-8978-2EA9E5BA8852}.Release|Any CPU.Build.0 = Release|Any CPU
	EndGlobalSection
	GlobalSection(SolutionProperties) = preSolution
		HideSolutionNode = FALSE
	EndGlobalSection
	GlobalSection(ExtensibilityGlobals) = postSolution
		SolutionGuid = {D205907F-2E32-43F2-A98B-59B0A201692A}
	EndGlobalSection
EndGlobal
