
Microsoft Visual Studio Solution File, Format Version 12.00
# Visual Studio Version 16
VisualStudioVersion = 16.0.30517.126
MinimumVisualStudioVersion = 10.0.40219.1
Project("{9A19103F-16F7-4668-BE54-9A1E7A4F7556}") = "ReadText", "ReadText\ReadText.csproj", "{FFBBBCDE-C281-4401-84E1-3C19D7545142}"
EndProject
Project("{9A19103F-16F7-4668-BE54-9A1E7A4F7556}") = "Password", "Password\Password.csproj", "{6CF97CBC-3187-4798-8DAD-0491F66B0454}"
EndProject
Project("{9A19103F-16F7-4668-BE54-9A1E7A4F7556}") = "SumNumbers", "SumNumbers\SumNumbers.csproj", "{C986ED05-BC4F-4A59-9CA5-98E8D179591B}"
EndProject
Project("{9A19103F-16F7-4668-BE54-9A1E7A4F7556}") = "Sequence2k+1", "Sequence2k+1\Sequence2k+1.csproj", "{AB11CF1E-FEE7-4DCB-B483-1970ADE63445}"
EndProject
Project("{9A19103F-16F7-4668-BE54-9A1E7A4F7556}") = "AccountBalance", "AccountBalance\AccountBalance.csproj", "{2E61351E-DEC0-4CEF-83E7-A5F54490FA61}"
EndProject
Project("{9A19103F-16F7-4668-BE54-9A1E7A4F7556}") = "MaxNumber", "MaxNumber\MaxNumber.csproj", "{14702003-5700-40D7-B46D-C9D85B2C5CE1}"
EndProject
Project("{9A19103F-16F7-4668-BE54-9A1E7A4F7556}") = "MinNumber", "MinNumber\MinNumber.csproj", "{CB764A18-9FC1-4302-81B7-D45B4D82C38D}"
EndProject
Project("{9A19103F-16F7-4668-BE54-9A1E7A4F7556}") = "Graduation", "Graduation\Graduation.csproj", "{9B9A4A1B-3898-4CA2-81BC-84C0D7AB7A34}"
EndProject
Project("{9A19103F-16F7-4668-BE54-9A1E7A4F7556}") = "OldBooks", "OldBooks\OldBooks.csproj", "{82E0FA38-0C21-4EB0-95FE-B3565DC402FA}"
EndProject
Project("{9A19103F-16F7-4668-BE54-9A1E7A4F7556}") = "Vacation", "Vacation\Vacation.csproj", "{CDF88631-2325-4AE3-8E2A-AECA0500483A}"
EndProject
Project("{9A19103F-16F7-4668-BE54-9A1E7A4F7556}") = "ExamPreparation", "ExamPreparation\ExamPreparation.csproj", "{10898C08-5FBB-400E-8F2B-728D389B02B9}"
EndProject
Project("{9A19103F-16F7-4668-BE54-9A1E7A4F7556}") = "Walking", "Walking\Walking.csproj", "{C498F0E3-410E-47CB-938F-EAF077D47398}"
EndProject
Project("{9A19103F-16F7-4668-BE54-9A1E7A4F7556}") = "Coins", "Coins\Coins.csproj", "{3112687C-2625-40B8-A6A5-2D37C90A3C09}"
EndProject
Project("{FAE04EC0-301F-11D3-BF4B-00C04F79EFBC}") = "Cake", "Cake\Cake.csproj", "{2A509014-137E-4247-9A2B-78D4E358A678}"
EndProject
Global
	GlobalSection(SolutionConfigurationPlatforms) = preSolution
		Debug|Any CPU = Debug|Any CPU
		Release|Any CPU = Release|Any CPU
	EndGlobalSection
	GlobalSection(ProjectConfigurationPlatforms) = postSolution
		{FFBBBCDE-C281-4401-84E1-3C19D7545142}.Debug|Any CPU.ActiveCfg = Debug|Any CPU
		{FFBBBCDE-C281-4401-84E1-3C19D7545142}.Debug|Any CPU.Build.0 = Debug|Any CPU
		{FFBBBCDE-C281-4401-84E1-3C19D7545142}.Release|Any CPU.ActiveCfg = Release|Any CPU
		{FFBBBCDE-C281-4401-84E1-3C19D7545142}.Release|Any CPU.Build.0 = Release|Any CPU
		{6CF97CBC-3187-4798-8DAD-0491F66B0454}.Debug|Any CPU.ActiveCfg = Debug|Any CPU
		{6CF97CBC-3187-4798-8DAD-0491F66B0454}.Debug|Any CPU.Build.0 = Debug|Any CPU
		{6CF97CBC-3187-4798-8DAD-0491F66B0454}.Release|Any CPU.ActiveCfg = Release|Any CPU
		{6CF97CBC-3187-4798-8DAD-0491F66B0454}.Release|Any CPU.Build.0 = Release|Any CPU
		{C986ED05-BC4F-4A59-9CA5-98E8D179591B}.Debug|Any CPU.ActiveCfg = Debug|Any CPU
		{C986ED05-BC4F-4A59-9CA5-98E8D179591B}.Debug|Any CPU.Build.0 = Debug|Any CPU
		{C986ED05-BC4F-4A59-9CA5-98E8D179591B}.Release|Any CPU.ActiveCfg = Release|Any CPU
		{C986ED05-BC4F-4A59-9CA5-98E8D179591B}.Release|Any CPU.Build.0 = Release|Any CPU
		{AB11CF1E-FEE7-4DCB-B483-1970ADE63445}.Debug|Any CPU.ActiveCfg = Debug|Any CPU
		{AB11CF1E-FEE7-4DCB-B483-1970ADE63445}.Debug|Any CPU.Build.0 = Debug|Any CPU
		{AB11CF1E-FEE7-4DCB-B483-1970ADE63445}.Release|Any CPU.ActiveCfg = Release|Any CPU
		{AB11CF1E-FEE7-4DCB-B483-1970ADE63445}.Release|Any CPU.Build.0 = Release|Any CPU
		{2E61351E-DEC0-4CEF-83E7-A5F54490FA61}.Debug|Any CPU.ActiveCfg = Debug|Any CPU
		{2E61351E-DEC0-4CEF-83E7-A5F54490FA61}.Debug|Any CPU.Build.0 = Debug|Any CPU
		{2E61351E-DEC0-4CEF-83E7-A5F54490FA61}.Release|Any CPU.ActiveCfg = Release|Any CPU
		{2E61351E-DEC0-4CEF-83E7-A5F54490FA61}.Release|Any CPU.Build.0 = Release|Any CPU
		{14702003-5700-40D7-B46D-C9D85B2C5CE1}.Debug|Any CPU.ActiveCfg = Debug|Any CPU
		{14702003-5700-40D7-B46D-C9D85B2C5CE1}.Debug|Any CPU.Build.0 = Debug|Any CPU
		{14702003-5700-40D7-B46D-C9D85B2C5CE1}.Release|Any CPU.ActiveCfg = Release|Any CPU
		{14702003-5700-40D7-B46D-C9D85B2C5CE1}.Release|Any CPU.Build.0 = Release|Any CPU
		{CB764A18-9FC1-4302-81B7-D45B4D82C38D}.Debug|Any CPU.ActiveCfg = Debug|Any CPU
		{CB764A18-9FC1-4302-81B7-D45B4D82C38D}.Debug|Any CPU.Build.0 = Debug|Any CPU
		{CB764A18-9FC1-4302-81B7-D45B4D82C38D}.Release|Any CPU.ActiveCfg = Release|Any CPU
		{CB764A18-9FC1-4302-81B7-D45B4D82C38D}.Release|Any CPU.Build.0 = Release|Any CPU
		{9B9A4A1B-3898-4CA2-81BC-84C0D7AB7A34}.Debug|Any CPU.ActiveCfg = Debug|Any CPU
		{9B9A4A1B-3898-4CA2-81BC-84C0D7AB7A34}.Debug|Any CPU.Build.0 = Debug|Any CPU
		{9B9A4A1B-3898-4CA2-81BC-84C0D7AB7A34}.Release|Any CPU.ActiveCfg = Release|Any CPU
		{9B9A4A1B-3898-4CA2-81BC-84C0D7AB7A34}.Release|Any CPU.Build.0 = Release|Any CPU
		{82E0FA38-0C21-4EB0-95FE-B3565DC402FA}.Debug|Any CPU.ActiveCfg = Debug|Any CPU
		{82E0FA38-0C21-4EB0-95FE-B3565DC402FA}.Debug|Any CPU.Build.0 = Debug|Any CPU
		{82E0FA38-0C21-4EB0-95FE-B3565DC402FA}.Release|Any CPU.ActiveCfg = Release|Any CPU
		{82E0FA38-0C21-4EB0-95FE-B3565DC402FA}.Release|Any CPU.Build.0 = Release|Any CPU
		{CDF88631-2325-4AE3-8E2A-AECA0500483A}.Debug|Any CPU.ActiveCfg = Debug|Any CPU
		{CDF88631-2325-4AE3-8E2A-AECA0500483A}.Debug|Any CPU.Build.0 = Debug|Any CPU
		{CDF88631-2325-4AE3-8E2A-AECA0500483A}.Release|Any CPU.ActiveCfg = Release|Any CPU
		{CDF88631-2325-4AE3-8E2A-AECA0500483A}.Release|Any CPU.Build.0 = Release|Any CPU
		{10898C08-5FBB-400E-8F2B-728D389B02B9}.Debug|Any CPU.ActiveCfg = Debug|Any CPU
		{10898C08-5FBB-400E-8F2B-728D389B02B9}.Debug|Any CPU.Build.0 = Debug|Any CPU
		{10898C08-5FBB-400E-8F2B-728D389B02B9}.Release|Any CPU.ActiveCfg = Release|Any CPU
		{10898C08-5FBB-400E-8F2B-728D389B02B9}.Release|Any CPU.Build.0 = Release|Any CPU
		{C498F0E3-410E-47CB-938F-EAF077D47398}.Debug|Any CPU.ActiveCfg = Debug|Any CPU
		{C498F0E3-410E-47CB-938F-EAF077D47398}.Debug|Any CPU.Build.0 = Debug|Any CPU
		{C498F0E3-410E-47CB-938F-EAF077D47398}.Release|Any CPU.ActiveCfg = Release|Any CPU
		{C498F0E3-410E-47CB-938F-EAF077D47398}.Release|Any CPU.Build.0 = Release|Any CPU
		{3112687C-2625-40B8-A6A5-2D37C90A3C09}.Debug|Any CPU.ActiveCfg = Debug|Any CPU
		{3112687C-2625-40B8-A6A5-2D37C90A3C09}.Debug|Any CPU.Build.0 = Debug|Any CPU
		{3112687C-2625-40B8-A6A5-2D37C90A3C09}.Release|Any CPU.ActiveCfg = Release|Any CPU
		{3112687C-2625-40B8-A6A5-2D37C90A3C09}.Release|Any CPU.Build.0 = Release|Any CPU
		{2A509014-137E-4247-9A2B-78D4E358A678}.Debug|Any CPU.ActiveCfg = Debug|Any CPU
		{2A509014-137E-4247-9A2B-78D4E358A678}.Debug|Any CPU.Build.0 = Debug|Any CPU
		{2A509014-137E-4247-9A2B-78D4E358A678}.Release|Any CPU.ActiveCfg = Release|Any CPU
		{2A509014-137E-4247-9A2B-78D4E358A678}.Release|Any CPU.Build.0 = Release|Any CPU
	EndGlobalSection
	GlobalSection(SolutionProperties) = preSolution
		HideSolutionNode = FALSE
	EndGlobalSection
	GlobalSection(ExtensibilityGlobals) = postSolution
		SolutionGuid = {DCE76145-A33C-4EAD-AFDA-ACBB9BCCAC34}
	EndGlobalSection
EndGlobal
