
Microsoft Visual Studio Solution File, Format Version 12.00
# Visual Studio Version 16
VisualStudioVersion = 16.0.30503.244
MinimumVisualStudioVersion = 10.0.40219.1
Project("{FAE04EC0-301F-11D3-BF4B-00C04F79EFBC}") = "DayOfWeek", "DayOfWeek\DayOfWeek.csproj", "{E2CFD83D-6AC1-4407-B647-4C55F7D3E927}"
EndProject
Project("{FAE04EC0-301F-11D3-BF4B-00C04F79EFBC}") = "WeekendOrWorkingDay", "WeekendOrWorkingDay\WeekendOrWorkingDay.csproj", "{26193E78-D797-4E44-8EAF-DF208B17A3BE}"
EndProject
Project("{FAE04EC0-301F-11D3-BF4B-00C04F79EFBC}") = "AnimalType", "AnimalType\AnimalType.csproj", "{9763A2E6-69EC-41ED-AE19-837A4B80F67C}"
EndProject
Global
	GlobalSection(SolutionConfigurationPlatforms) = preSolution
		Debug|Any CPU = Debug|Any CPU
		Release|Any CPU = Release|Any CPU
	EndGlobalSection
	GlobalSection(ProjectConfigurationPlatforms) = postSolution
		{E2CFD83D-6AC1-4407-B647-4C55F7D3E927}.Debug|Any CPU.ActiveCfg = Debug|Any CPU
		{E2CFD83D-6AC1-4407-B647-4C55F7D3E927}.Debug|Any CPU.Build.0 = Debug|Any CPU
		{E2CFD83D-6AC1-4407-B647-4C55F7D3E927}.Release|Any CPU.ActiveCfg = Release|Any CPU
		{E2CFD83D-6AC1-4407-B647-4C55F7D3E927}.Release|Any CPU.Build.0 = Release|Any CPU
		{26193E78-D797-4E44-8EAF-DF208B17A3BE}.Debug|Any CPU.ActiveCfg = Debug|Any CPU
		{26193E78-D797-4E44-8EAF-DF208B17A3BE}.Debug|Any CPU.Build.0 = Debug|Any CPU
		{26193E78-D797-4E44-8EAF-DF208B17A3BE}.Release|Any CPU.ActiveCfg = Release|Any CPU
		{26193E78-D797-4E44-8EAF-DF208B17A3BE}.Release|Any CPU.Build.0 = Release|Any CPU
		{9763A2E6-69EC-41ED-AE19-837A4B80F67C}.Debug|Any CPU.ActiveCfg = Debug|Any CPU
		{9763A2E6-69EC-41ED-AE19-837A4B80F67C}.Debug|Any CPU.Build.0 = Debug|Any CPU
		{9763A2E6-69EC-41ED-AE19-837A4B80F67C}.Release|Any CPU.ActiveCfg = Release|Any CPU
		{9763A2E6-69EC-41ED-AE19-837A4B80F67C}.Release|Any CPU.Build.0 = Release|Any CPU
	EndGlobalSection
	GlobalSection(SolutionProperties) = preSolution
		HideSolutionNode = FALSE
	EndGlobalSection
	GlobalSection(ExtensibilityGlobals) = postSolution
		SolutionGuid = {0A844735-1705-4C50-B320-2472F51FF80F}
	EndGlobalSection
EndGlobal
