
Microsoft Visual Studio Solution File, Format Version 12.00
# Visual Studio Version 16
VisualStudioVersion = 16.0.30503.244
MinimumVisualStudioVersion = 10.0.40219.1
Project("{9A19103F-16F7-4668-BE54-9A1E7A4F7556}") = "DayOfWeek", "DayOfWeek\DayOfWeek.csproj", "{E2CFD83D-6AC1-4407-B647-4C55F7D3E927}"
EndProject
Project("{9A19103F-16F7-4668-BE54-9A1E7A4F7556}") = "WeekendOrWorkingDay", "WeekendOrWorkingDay\WeekendOrWorkingDay.csproj", "{26193E78-D797-4E44-8EAF-DF208B17A3BE}"
EndProject
Project("{9A19103F-16F7-4668-BE54-9A1E7A4F7556}") = "AnimalType", "AnimalType\AnimalType.csproj", "{9763A2E6-69EC-41ED-AE19-837A4B80F67C}"
EndProject
Project("{9A19103F-16F7-4668-BE54-9A1E7A4F7556}") = "PersonalTitles", "PersonalTitles\PersonalTitles.csproj", "{2FF507A2-8319-491B-B388-C22EE0B825D8}"
EndProject
Project("{9A19103F-16F7-4668-BE54-9A1E7A4F7556}") = "SmallShop", "SmallShop\SmallShop.csproj", "{D20490D0-7E78-4498-8844-C7085A20871C}"
EndProject
Project("{9A19103F-16F7-4668-BE54-9A1E7A4F7556}") = "NumberInRange", "NumberInRange\NumberInRange.csproj", "{1009C9F4-7454-418A-ABFF-B72574AD8460}"
EndProject
Project("{9A19103F-16F7-4668-BE54-9A1E7A4F7556}") = "WorkingHours", "WorkingHours\WorkingHours.csproj", "{A9898C85-DD1A-46EA-9E1C-F3A7029AE02A}"
EndProject
Project("{9A19103F-16F7-4668-BE54-9A1E7A4F7556}") = "CinemaTicket", "CinemaTicket\CinemaTicket.csproj", "{4239EEDF-4469-475F-855F-FF57A213A325}"
EndProject
Project("{9A19103F-16F7-4668-BE54-9A1E7A4F7556}") = "FruitOrVegetable", "FruitOrVegetable\FruitOrVegetable.csproj", "{2C5DDF58-4908-4A46-96B0-2D96C1D51441}"
EndProject
Project("{9A19103F-16F7-4668-BE54-9A1E7A4F7556}") = "InvalidNumber", "InvalidNumber\InvalidNumber.csproj", "{D9985F7B-D9D1-40E5-9C05-E462645F9CA5}"
EndProject
Project("{9A19103F-16F7-4668-BE54-9A1E7A4F7556}") = "FruitShop", "FruitShop\FruitShop.csproj", "{49EB6998-F7E4-44C1-A867-3E9313637258}"
EndProject
Project("{9A19103F-16F7-4668-BE54-9A1E7A4F7556}") = "TradeCommissions", "TradeCommissions\TradeCommissions.csproj", "{FE334150-EBF1-44B3-BA29-5115FCBEF780}"
EndProject
Project("{9A19103F-16F7-4668-BE54-9A1E7A4F7556}") = "Cinema", "Cinema\Cinema.csproj", "{9AE42296-ED1B-4231-A8D4-0B02AF14B18F}"
EndProject
Project("{9A19103F-16F7-4668-BE54-9A1E7A4F7556}") = "SummerOutfit", "SummerOutfit\SummerOutfit.csproj", "{C8283B15-628E-454A-9275-FEBC967BB0D0}"
EndProject
Project("{FAE04EC0-301F-11D3-BF4B-00C04F79EFBC}") = "NewHouse", "NewHouse\NewHouse.csproj", "{B05E6A76-E71D-4624-8439-FC3F05E58CA0}"
EndProject
Global
	GlobalSection(SolutionConfigurationPlatforms) = preSolution
		Debug|Any CPU = Debug|Any CPU
		Release|Any CPU = Release|Any CPU
	EndGlobalSection
	GlobalSection(ProjectConfigurationPlatforms) = postSolution
		{E2CFD83D-6AC1-4407-B647-4C55F7D3E927}.Debug|Any CPU.ActiveCfg = Debug|Any CPU
		{E2CFD83D-6AC1-4407-B647-4C55F7D3E927}.Debug|Any CPU.Build.0 = Debug|Any CPU
		{E2CFD83D-6AC1-4407-B647-4C55F7D3E927}.Release|Any CPU.ActiveCfg = Release|Any CPU
		{E2CFD83D-6AC1-4407-B647-4C55F7D3E927}.Release|Any CPU.Build.0 = Release|Any CPU
		{26193E78-D797-4E44-8EAF-DF208B17A3BE}.Debug|Any CPU.ActiveCfg = Debug|Any CPU
		{26193E78-D797-4E44-8EAF-DF208B17A3BE}.Debug|Any CPU.Build.0 = Debug|Any CPU
		{26193E78-D797-4E44-8EAF-DF208B17A3BE}.Release|Any CPU.ActiveCfg = Release|Any CPU
		{26193E78-D797-4E44-8EAF-DF208B17A3BE}.Release|Any CPU.Build.0 = Release|Any CPU
		{9763A2E6-69EC-41ED-AE19-837A4B80F67C}.Debug|Any CPU.ActiveCfg = Debug|Any CPU
		{9763A2E6-69EC-41ED-AE19-837A4B80F67C}.Debug|Any CPU.Build.0 = Debug|Any CPU
		{9763A2E6-69EC-41ED-AE19-837A4B80F67C}.Release|Any CPU.ActiveCfg = Release|Any CPU
		{9763A2E6-69EC-41ED-AE19-837A4B80F67C}.Release|Any CPU.Build.0 = Release|Any CPU
		{2FF507A2-8319-491B-B388-C22EE0B825D8}.Debug|Any CPU.ActiveCfg = Debug|Any CPU
		{2FF507A2-8319-491B-B388-C22EE0B825D8}.Debug|Any CPU.Build.0 = Debug|Any CPU
		{2FF507A2-8319-491B-B388-C22EE0B825D8}.Release|Any CPU.ActiveCfg = Release|Any CPU
		{2FF507A2-8319-491B-B388-C22EE0B825D8}.Release|Any CPU.Build.0 = Release|Any CPU
		{D20490D0-7E78-4498-8844-C7085A20871C}.Debug|Any CPU.ActiveCfg = Debug|Any CPU
		{D20490D0-7E78-4498-8844-C7085A20871C}.Debug|Any CPU.Build.0 = Debug|Any CPU
		{D20490D0-7E78-4498-8844-C7085A20871C}.Release|Any CPU.ActiveCfg = Release|Any CPU
		{D20490D0-7E78-4498-8844-C7085A20871C}.Release|Any CPU.Build.0 = Release|Any CPU
		{1009C9F4-7454-418A-ABFF-B72574AD8460}.Debug|Any CPU.ActiveCfg = Debug|Any CPU
		{1009C9F4-7454-418A-ABFF-B72574AD8460}.Debug|Any CPU.Build.0 = Debug|Any CPU
		{1009C9F4-7454-418A-ABFF-B72574AD8460}.Release|Any CPU.ActiveCfg = Release|Any CPU
		{1009C9F4-7454-418A-ABFF-B72574AD8460}.Release|Any CPU.Build.0 = Release|Any CPU
		{A9898C85-DD1A-46EA-9E1C-F3A7029AE02A}.Debug|Any CPU.ActiveCfg = Debug|Any CPU
		{A9898C85-DD1A-46EA-9E1C-F3A7029AE02A}.Debug|Any CPU.Build.0 = Debug|Any CPU
		{A9898C85-DD1A-46EA-9E1C-F3A7029AE02A}.Release|Any CPU.ActiveCfg = Release|Any CPU
		{A9898C85-DD1A-46EA-9E1C-F3A7029AE02A}.Release|Any CPU.Build.0 = Release|Any CPU
		{4239EEDF-4469-475F-855F-FF57A213A325}.Debug|Any CPU.ActiveCfg = Debug|Any CPU
		{4239EEDF-4469-475F-855F-FF57A213A325}.Debug|Any CPU.Build.0 = Debug|Any CPU
		{4239EEDF-4469-475F-855F-FF57A213A325}.Release|Any CPU.ActiveCfg = Release|Any CPU
		{4239EEDF-4469-475F-855F-FF57A213A325}.Release|Any CPU.Build.0 = Release|Any CPU
		{2C5DDF58-4908-4A46-96B0-2D96C1D51441}.Debug|Any CPU.ActiveCfg = Debug|Any CPU
		{2C5DDF58-4908-4A46-96B0-2D96C1D51441}.Debug|Any CPU.Build.0 = Debug|Any CPU
		{2C5DDF58-4908-4A46-96B0-2D96C1D51441}.Release|Any CPU.ActiveCfg = Release|Any CPU
		{2C5DDF58-4908-4A46-96B0-2D96C1D51441}.Release|Any CPU.Build.0 = Release|Any CPU
		{D9985F7B-D9D1-40E5-9C05-E462645F9CA5}.Debug|Any CPU.ActiveCfg = Debug|Any CPU
		{D9985F7B-D9D1-40E5-9C05-E462645F9CA5}.Debug|Any CPU.Build.0 = Debug|Any CPU
		{D9985F7B-D9D1-40E5-9C05-E462645F9CA5}.Release|Any CPU.ActiveCfg = Release|Any CPU
		{D9985F7B-D9D1-40E5-9C05-E462645F9CA5}.Release|Any CPU.Build.0 = Release|Any CPU
		{49EB6998-F7E4-44C1-A867-3E9313637258}.Debug|Any CPU.ActiveCfg = Debug|Any CPU
		{49EB6998-F7E4-44C1-A867-3E9313637258}.Debug|Any CPU.Build.0 = Debug|Any CPU
		{49EB6998-F7E4-44C1-A867-3E9313637258}.Release|Any CPU.ActiveCfg = Release|Any CPU
		{49EB6998-F7E4-44C1-A867-3E9313637258}.Release|Any CPU.Build.0 = Release|Any CPU
		{FE334150-EBF1-44B3-BA29-5115FCBEF780}.Debug|Any CPU.ActiveCfg = Debug|Any CPU
		{FE334150-EBF1-44B3-BA29-5115FCBEF780}.Debug|Any CPU.Build.0 = Debug|Any CPU
		{FE334150-EBF1-44B3-BA29-5115FCBEF780}.Release|Any CPU.ActiveCfg = Release|Any CPU
		{FE334150-EBF1-44B3-BA29-5115FCBEF780}.Release|Any CPU.Build.0 = Release|Any CPU
		{9AE42296-ED1B-4231-A8D4-0B02AF14B18F}.Debug|Any CPU.ActiveCfg = Debug|Any CPU
		{9AE42296-ED1B-4231-A8D4-0B02AF14B18F}.Debug|Any CPU.Build.0 = Debug|Any CPU
		{9AE42296-ED1B-4231-A8D4-0B02AF14B18F}.Release|Any CPU.ActiveCfg = Release|Any CPU
		{9AE42296-ED1B-4231-A8D4-0B02AF14B18F}.Release|Any CPU.Build.0 = Release|Any CPU
		{C8283B15-628E-454A-9275-FEBC967BB0D0}.Debug|Any CPU.ActiveCfg = Debug|Any CPU
		{C8283B15-628E-454A-9275-FEBC967BB0D0}.Debug|Any CPU.Build.0 = Debug|Any CPU
		{C8283B15-628E-454A-9275-FEBC967BB0D0}.Release|Any CPU.ActiveCfg = Release|Any CPU
		{C8283B15-628E-454A-9275-FEBC967BB0D0}.Release|Any CPU.Build.0 = Release|Any CPU
		{B05E6A76-E71D-4624-8439-FC3F05E58CA0}.Debug|Any CPU.ActiveCfg = Debug|Any CPU
		{B05E6A76-E71D-4624-8439-FC3F05E58CA0}.Debug|Any CPU.Build.0 = Debug|Any CPU
		{B05E6A76-E71D-4624-8439-FC3F05E58CA0}.Release|Any CPU.ActiveCfg = Release|Any CPU
		{B05E6A76-E71D-4624-8439-FC3F05E58CA0}.Release|Any CPU.Build.0 = Release|Any CPU
	EndGlobalSection
	GlobalSection(SolutionProperties) = preSolution
		HideSolutionNode = FALSE
	EndGlobalSection
	GlobalSection(ExtensibilityGlobals) = postSolution
		SolutionGuid = {0A844735-1705-4C50-B320-2472F51FF80F}
	EndGlobalSection
EndGlobal
