
Microsoft Visual Studio Solution File, Format Version 12.00
# Visual Studio Version 16
VisualStudioVersion = 16.0.30517.126
MinimumVisualStudioVersion = 10.0.40219.1
Project("{FAE04EC0-301F-11D3-BF4B-00C04F79EFBC}") = "01.CountSameValuesInArray", "01.CountSameValuesInArray\01.CountSameValuesInArray.csproj", "{3B6EA409-803A-43C3-BB7B-07B00955FBFB}"
EndProject
Project("{FAE04EC0-301F-11D3-BF4B-00C04F79EFBC}") = "02.AverageStudentGrades", "02.AverageStudentGrades\02.AverageStudentGrades.csproj", "{7E07BCBA-8C05-4E5F-A3C5-7680CC4002B9}"
EndProject
Global
	GlobalSection(SolutionConfigurationPlatforms) = preSolution
		Debug|Any CPU = Debug|Any CPU
		Release|Any CPU = Release|Any CPU
	EndGlobalSection
	GlobalSection(ProjectConfigurationPlatforms) = postSolution
		{3B6EA409-803A-43C3-BB7B-07B00955FBFB}.Debug|Any CPU.ActiveCfg = Debug|Any CPU
		{3B6EA409-803A-43C3-BB7B-07B00955FBFB}.Debug|Any CPU.Build.0 = Debug|Any CPU
		{3B6EA409-803A-43C3-BB7B-07B00955FBFB}.Release|Any CPU.ActiveCfg = Release|Any CPU
		{3B6EA409-803A-43C3-BB7B-07B00955FBFB}.Release|Any CPU.Build.0 = Release|Any CPU
		{7E07BCBA-8C05-4E5F-A3C5-7680CC4002B9}.Debug|Any CPU.ActiveCfg = Debug|Any CPU
		{7E07BCBA-8C05-4E5F-A3C5-7680CC4002B9}.Debug|Any CPU.Build.0 = Debug|Any CPU
		{7E07BCBA-8C05-4E5F-A3C5-7680CC4002B9}.Release|Any CPU.ActiveCfg = Release|Any CPU
		{7E07BCBA-8C05-4E5F-A3C5-7680CC4002B9}.Release|Any CPU.Build.0 = Release|Any CPU
	EndGlobalSection
	GlobalSection(SolutionProperties) = preSolution
		HideSolutionNode = FALSE
	EndGlobalSection
	GlobalSection(ExtensibilityGlobals) = postSolution
		SolutionGuid = {462D7330-2D9E-4153-BBF7-DEDABBBD7881}
	EndGlobalSection
EndGlobal
