
Microsoft Visual Studio Solution File, Format Version 12.00
# Visual Studio Version 16
VisualStudioVersion = 16.0.30517.126
MinimumVisualStudioVersion = 10.0.40219.1
Project("{9A19103F-16F7-4668-BE54-9A1E7A4F7556}") = "01.CountSameValuesInArray", "01.CountSameValuesInArray\01.CountSameValuesInArray.csproj", "{3B6EA409-803A-43C3-BB7B-07B00955FBFB}"
EndProject
Project("{9A19103F-16F7-4668-BE54-9A1E7A4F7556}") = "02.AverageStudentGrades", "02.AverageStudentGrades\02.AverageStudentGrades.csproj", "{7E07BCBA-8C05-4E5F-A3C5-7680CC4002B9}"
EndProject
Project("{9A19103F-16F7-4668-BE54-9A1E7A4F7556}") = "03.Largest3Numbers", "03.Largest3Numbers\03.Largest3Numbers.csproj", "{D48E3B03-DE5A-4A61-BF15-35665C3578B5}"
EndProject
Project("{9A19103F-16F7-4668-BE54-9A1E7A4F7556}") = "04.ProductShop", "04.ProductShop\04.ProductShop.csproj", "{3F96735D-B73B-445D-8BD3-50A71FE3EF40}"
EndProject
Project("{9A19103F-16F7-4668-BE54-9A1E7A4F7556}") = "05.CitiesByContinentAndCountry", "05.CitiesByContinentAndCountry\05.CitiesByContinentAndCountry.csproj", "{E64AC4A5-FE1B-40D2-94A7-3AC1FE2C8DE2}"
EndProject
Project("{9A19103F-16F7-4668-BE54-9A1E7A4F7556}") = "06.RecordUniqueNames", "06.RecordUniqueNames\06.RecordUniqueNames.csproj", "{25810C9E-48A5-4995-80C5-8849B12D7BD2}"
EndProject
Project("{9A19103F-16F7-4668-BE54-9A1E7A4F7556}") = "07.ParkingLot", "07.ParkingLot\07.ParkingLot.csproj", "{A3321379-1124-48EC-A81B-B2E2E7359DC9}"
EndProject
Project("{9A19103F-16F7-4668-BE54-9A1E7A4F7556}") = "08.SoftUniParty", "08.SoftUniParty\08.SoftUniParty.csproj", "{960ADB9F-2770-4C2B-8F28-536E18BE8012}"
EndProject
Project("{9A19103F-16F7-4668-BE54-9A1E7A4F7556}") = "09.UniqueUsernames", "09.UniqueUsernames\09.UniqueUsernames.csproj", "{44344F6B-F1FF-4861-95A0-AA7487BC1527}"
EndProject
Project("{9A19103F-16F7-4668-BE54-9A1E7A4F7556}") = "10.SetsOfElements", "10.SetsOfElements\10.SetsOfElements.csproj", "{FF946553-08DC-4FAA-AB30-73DB8BAADC53}"
EndProject
Project("{9A19103F-16F7-4668-BE54-9A1E7A4F7556}") = "11.PeriodicTable", "11.PeriodicTable\11.PeriodicTable.csproj", "{0940C171-D09C-41B3-A0B6-FED287EF72D5}"
EndProject
Project("{9A19103F-16F7-4668-BE54-9A1E7A4F7556}") = "12.EvenTimes", "12.EvenTimes\12.EvenTimes.csproj", "{C94E8D2F-8E06-48B5-B0DB-31E088473A9C}"
EndProject
Project("{9A19103F-16F7-4668-BE54-9A1E7A4F7556}") = "13.CountSymbols", "13.CountSymbols\13.CountSymbols.csproj", "{FC777518-A41C-4C48-A0A3-1012FB86329E}"
EndProject
Project("{9A19103F-16F7-4668-BE54-9A1E7A4F7556}") = "14.Wardrobe", "14.Wardrobe\14.Wardrobe.csproj", "{9720794A-9F6D-4664-9766-B12CC2E8D164}"
EndProject
Project("{9A19103F-16F7-4668-BE54-9A1E7A4F7556}") = "15.TheVLogger", "15.TheVLogger\15.TheVLogger.csproj", "{0924628C-2160-45FA-9BFC-D347733AEC33}"
EndProject
Project("{FAE04EC0-301F-11D3-BF4B-00C04F79EFBC}") = "16.Ranking", "16.Ranking\16.Ranking.csproj", "{B3E3525E-6D4C-449E-B150-3FA99E9E6302}"
EndProject
Project("{FAE04EC0-301F-11D3-BF4B-00C04F79EFBC}") = "17.SoftUniExamResults", "17.SoftUniExamResults\17.SoftUniExamResults.csproj", "{8FA448A0-036D-4F76-96E8-CDB1EDB2DB92}"
EndProject
Global
	GlobalSection(SolutionConfigurationPlatforms) = preSolution
		Debug|Any CPU = Debug|Any CPU
		Release|Any CPU = Release|Any CPU
	EndGlobalSection
	GlobalSection(ProjectConfigurationPlatforms) = postSolution
		{3B6EA409-803A-43C3-BB7B-07B00955FBFB}.Debug|Any CPU.ActiveCfg = Debug|Any CPU
		{3B6EA409-803A-43C3-BB7B-07B00955FBFB}.Debug|Any CPU.Build.0 = Debug|Any CPU
		{3B6EA409-803A-43C3-BB7B-07B00955FBFB}.Release|Any CPU.ActiveCfg = Release|Any CPU
		{3B6EA409-803A-43C3-BB7B-07B00955FBFB}.Release|Any CPU.Build.0 = Release|Any CPU
		{7E07BCBA-8C05-4E5F-A3C5-7680CC4002B9}.Debug|Any CPU.ActiveCfg = Debug|Any CPU
		{7E07BCBA-8C05-4E5F-A3C5-7680CC4002B9}.Debug|Any CPU.Build.0 = Debug|Any CPU
		{7E07BCBA-8C05-4E5F-A3C5-7680CC4002B9}.Release|Any CPU.ActiveCfg = Release|Any CPU
		{7E07BCBA-8C05-4E5F-A3C5-7680CC4002B9}.Release|Any CPU.Build.0 = Release|Any CPU
		{D48E3B03-DE5A-4A61-BF15-35665C3578B5}.Debug|Any CPU.ActiveCfg = Debug|Any CPU
		{D48E3B03-DE5A-4A61-BF15-35665C3578B5}.Debug|Any CPU.Build.0 = Debug|Any CPU
		{D48E3B03-DE5A-4A61-BF15-35665C3578B5}.Release|Any CPU.ActiveCfg = Release|Any CPU
		{D48E3B03-DE5A-4A61-BF15-35665C3578B5}.Release|Any CPU.Build.0 = Release|Any CPU
		{3F96735D-B73B-445D-8BD3-50A71FE3EF40}.Debug|Any CPU.ActiveCfg = Debug|Any CPU
		{3F96735D-B73B-445D-8BD3-50A71FE3EF40}.Debug|Any CPU.Build.0 = Debug|Any CPU
		{3F96735D-B73B-445D-8BD3-50A71FE3EF40}.Release|Any CPU.ActiveCfg = Release|Any CPU
		{3F96735D-B73B-445D-8BD3-50A71FE3EF40}.Release|Any CPU.Build.0 = Release|Any CPU
		{E64AC4A5-FE1B-40D2-94A7-3AC1FE2C8DE2}.Debug|Any CPU.ActiveCfg = Debug|Any CPU
		{E64AC4A5-FE1B-40D2-94A7-3AC1FE2C8DE2}.Debug|Any CPU.Build.0 = Debug|Any CPU
		{E64AC4A5-FE1B-40D2-94A7-3AC1FE2C8DE2}.Release|Any CPU.ActiveCfg = Release|Any CPU
		{E64AC4A5-FE1B-40D2-94A7-3AC1FE2C8DE2}.Release|Any CPU.Build.0 = Release|Any CPU
		{25810C9E-48A5-4995-80C5-8849B12D7BD2}.Debug|Any CPU.ActiveCfg = Debug|Any CPU
		{25810C9E-48A5-4995-80C5-8849B12D7BD2}.Debug|Any CPU.Build.0 = Debug|Any CPU
		{25810C9E-48A5-4995-80C5-8849B12D7BD2}.Release|Any CPU.ActiveCfg = Release|Any CPU
		{25810C9E-48A5-4995-80C5-8849B12D7BD2}.Release|Any CPU.Build.0 = Release|Any CPU
		{A3321379-1124-48EC-A81B-B2E2E7359DC9}.Debug|Any CPU.ActiveCfg = Debug|Any CPU
		{A3321379-1124-48EC-A81B-B2E2E7359DC9}.Debug|Any CPU.Build.0 = Debug|Any CPU
		{A3321379-1124-48EC-A81B-B2E2E7359DC9}.Release|Any CPU.ActiveCfg = Release|Any CPU
		{A3321379-1124-48EC-A81B-B2E2E7359DC9}.Release|Any CPU.Build.0 = Release|Any CPU
		{960ADB9F-2770-4C2B-8F28-536E18BE8012}.Debug|Any CPU.ActiveCfg = Debug|Any CPU
		{960ADB9F-2770-4C2B-8F28-536E18BE8012}.Debug|Any CPU.Build.0 = Debug|Any CPU
		{960ADB9F-2770-4C2B-8F28-536E18BE8012}.Release|Any CPU.ActiveCfg = Release|Any CPU
		{960ADB9F-2770-4C2B-8F28-536E18BE8012}.Release|Any CPU.Build.0 = Release|Any CPU
		{44344F6B-F1FF-4861-95A0-AA7487BC1527}.Debug|Any CPU.ActiveCfg = Debug|Any CPU
		{44344F6B-F1FF-4861-95A0-AA7487BC1527}.Debug|Any CPU.Build.0 = Debug|Any CPU
		{44344F6B-F1FF-4861-95A0-AA7487BC1527}.Release|Any CPU.ActiveCfg = Release|Any CPU
		{44344F6B-F1FF-4861-95A0-AA7487BC1527}.Release|Any CPU.Build.0 = Release|Any CPU
		{FF946553-08DC-4FAA-AB30-73DB8BAADC53}.Debug|Any CPU.ActiveCfg = Debug|Any CPU
		{FF946553-08DC-4FAA-AB30-73DB8BAADC53}.Debug|Any CPU.Build.0 = Debug|Any CPU
		{FF946553-08DC-4FAA-AB30-73DB8BAADC53}.Release|Any CPU.ActiveCfg = Release|Any CPU
		{FF946553-08DC-4FAA-AB30-73DB8BAADC53}.Release|Any CPU.Build.0 = Release|Any CPU
		{0940C171-D09C-41B3-A0B6-FED287EF72D5}.Debug|Any CPU.ActiveCfg = Debug|Any CPU
		{0940C171-D09C-41B3-A0B6-FED287EF72D5}.Debug|Any CPU.Build.0 = Debug|Any CPU
		{0940C171-D09C-41B3-A0B6-FED287EF72D5}.Release|Any CPU.ActiveCfg = Release|Any CPU
		{0940C171-D09C-41B3-A0B6-FED287EF72D5}.Release|Any CPU.Build.0 = Release|Any CPU
		{C94E8D2F-8E06-48B5-B0DB-31E088473A9C}.Debug|Any CPU.ActiveCfg = Debug|Any CPU
		{C94E8D2F-8E06-48B5-B0DB-31E088473A9C}.Debug|Any CPU.Build.0 = Debug|Any CPU
		{C94E8D2F-8E06-48B5-B0DB-31E088473A9C}.Release|Any CPU.ActiveCfg = Release|Any CPU
		{C94E8D2F-8E06-48B5-B0DB-31E088473A9C}.Release|Any CPU.Build.0 = Release|Any CPU
		{FC777518-A41C-4C48-A0A3-1012FB86329E}.Debug|Any CPU.ActiveCfg = Debug|Any CPU
		{FC777518-A41C-4C48-A0A3-1012FB86329E}.Debug|Any CPU.Build.0 = Debug|Any CPU
		{FC777518-A41C-4C48-A0A3-1012FB86329E}.Release|Any CPU.ActiveCfg = Release|Any CPU
		{FC777518-A41C-4C48-A0A3-1012FB86329E}.Release|Any CPU.Build.0 = Release|Any CPU
		{9720794A-9F6D-4664-9766-B12CC2E8D164}.Debug|Any CPU.ActiveCfg = Debug|Any CPU
		{9720794A-9F6D-4664-9766-B12CC2E8D164}.Debug|Any CPU.Build.0 = Debug|Any CPU
		{9720794A-9F6D-4664-9766-B12CC2E8D164}.Release|Any CPU.ActiveCfg = Release|Any CPU
		{9720794A-9F6D-4664-9766-B12CC2E8D164}.Release|Any CPU.Build.0 = Release|Any CPU
		{0924628C-2160-45FA-9BFC-D347733AEC33}.Debug|Any CPU.ActiveCfg = Debug|Any CPU
		{0924628C-2160-45FA-9BFC-D347733AEC33}.Debug|Any CPU.Build.0 = Debug|Any CPU
		{0924628C-2160-45FA-9BFC-D347733AEC33}.Release|Any CPU.ActiveCfg = Release|Any CPU
		{0924628C-2160-45FA-9BFC-D347733AEC33}.Release|Any CPU.Build.0 = Release|Any CPU
		{B3E3525E-6D4C-449E-B150-3FA99E9E6302}.Debug|Any CPU.ActiveCfg = Debug|Any CPU
		{B3E3525E-6D4C-449E-B150-3FA99E9E6302}.Debug|Any CPU.Build.0 = Debug|Any CPU
		{B3E3525E-6D4C-449E-B150-3FA99E9E6302}.Release|Any CPU.ActiveCfg = Release|Any CPU
		{B3E3525E-6D4C-449E-B150-3FA99E9E6302}.Release|Any CPU.Build.0 = Release|Any CPU
		{8FA448A0-036D-4F76-96E8-CDB1EDB2DB92}.Debug|Any CPU.ActiveCfg = Debug|Any CPU
		{8FA448A0-036D-4F76-96E8-CDB1EDB2DB92}.Debug|Any CPU.Build.0 = Debug|Any CPU
		{8FA448A0-036D-4F76-96E8-CDB1EDB2DB92}.Release|Any CPU.ActiveCfg = Release|Any CPU
		{8FA448A0-036D-4F76-96E8-CDB1EDB2DB92}.Release|Any CPU.Build.0 = Release|Any CPU
	EndGlobalSection
	GlobalSection(SolutionProperties) = preSolution
		HideSolutionNode = FALSE
	EndGlobalSection
	GlobalSection(ExtensibilityGlobals) = postSolution
		SolutionGuid = {462D7330-2D9E-4153-BBF7-DEDABBBD7881}
	EndGlobalSection
EndGlobal
