
Microsoft Visual Studio Solution File, Format Version 12.00
# Visual Studio Version 16
VisualStudioVersion = 16.0.30503.244
MinimumVisualStudioVersion = 10.0.40219.1
Project("{9A19103F-16F7-4668-BE54-9A1E7A4F7556}") = "DayOfWeek", "DayOfWeek\DayOfWeek.csproj", "{71094027-CE36-4FA0-BC97-DFDE007261FB}"
EndProject
Project("{9A19103F-16F7-4668-BE54-9A1E7A4F7556}") = "PrintNumbersInReverseOrder", "PrintNumbersInReverseOrder\PrintNumbersInReverseOrder.csproj", "{EB813EF1-0A49-417A-8334-855E551D3158}"
EndProject
Project("{9A19103F-16F7-4668-BE54-9A1E7A4F7556}") = "RoundingNumbers", "RoundingNumbers\RoundingNumbers.csproj", "{307432E8-BC53-4D30-9D90-03C7262819D6}"
EndProject
Project("{9A19103F-16F7-4668-BE54-9A1E7A4F7556}") = "ReverseArrayOfStrings", "ReverseArrayOfStrings\ReverseArrayOfStrings.csproj", "{8215A999-77B8-488E-B2D5-14A5A91111EA}"
EndProject
Project("{9A19103F-16F7-4668-BE54-9A1E7A4F7556}") = "SumEvenNumbers", "SumEvenNumbers\SumEvenNumbers.csproj", "{D5732C54-66C1-4497-B0CF-C44B8230F1AA}"
EndProject
Project("{9A19103F-16F7-4668-BE54-9A1E7A4F7556}") = "EvenAndOddSubtraction", "EvenAndOddSubtraction\EvenAndOddSubtraction.csproj", "{E4C5B6ED-DF13-44CE-9C07-5E855D04C97C}"
EndProject
Project("{9A19103F-16F7-4668-BE54-9A1E7A4F7556}") = "EqualArrays", "EqualArrays\EqualArrays.csproj", "{7FD96C67-86C6-49BE-BB13-2875C9DE96B0}"
EndProject
Project("{9A19103F-16F7-4668-BE54-9A1E7A4F7556}") = "CondenseArrayToNumber", "CondenseArrayToNumber\CondenseArrayToNumber.csproj", "{868BEBE2-BDB8-4F12-B08E-435C5A568131}"
EndProject
Project("{9A19103F-16F7-4668-BE54-9A1E7A4F7556}") = "Train", "Train\Train.csproj", "{A3315DEA-3A57-4E33-89B6-DBC5490A811D}"
EndProject
Project("{9A19103F-16F7-4668-BE54-9A1E7A4F7556}") = "CommonElements", "CommonElements\CommonElements.csproj", "{923EC121-9887-42D4-B432-D1E9E928249D}"
EndProject
Project("{9A19103F-16F7-4668-BE54-9A1E7A4F7556}") = "ZigZagArrays", "ZigZagArrays\ZigZagArrays.csproj", "{16852E55-32A4-4B36-A8E6-23418EBCC5ED}"
EndProject
Project("{FAE04EC0-301F-11D3-BF4B-00C04F79EFBC}") = "ArrayRotation", "ArrayRotation\ArrayRotation.csproj", "{9DB5B106-5EC4-4D47-A263-8B255C5643E4}"
EndProject
Global
	GlobalSection(SolutionConfigurationPlatforms) = preSolution
		Debug|Any CPU = Debug|Any CPU
		Release|Any CPU = Release|Any CPU
	EndGlobalSection
	GlobalSection(ProjectConfigurationPlatforms) = postSolution
		{71094027-CE36-4FA0-BC97-DFDE007261FB}.Debug|Any CPU.ActiveCfg = Debug|Any CPU
		{71094027-CE36-4FA0-BC97-DFDE007261FB}.Debug|Any CPU.Build.0 = Debug|Any CPU
		{71094027-CE36-4FA0-BC97-DFDE007261FB}.Release|Any CPU.ActiveCfg = Release|Any CPU
		{71094027-CE36-4FA0-BC97-DFDE007261FB}.Release|Any CPU.Build.0 = Release|Any CPU
		{EB813EF1-0A49-417A-8334-855E551D3158}.Debug|Any CPU.ActiveCfg = Debug|Any CPU
		{EB813EF1-0A49-417A-8334-855E551D3158}.Debug|Any CPU.Build.0 = Debug|Any CPU
		{EB813EF1-0A49-417A-8334-855E551D3158}.Release|Any CPU.ActiveCfg = Release|Any CPU
		{EB813EF1-0A49-417A-8334-855E551D3158}.Release|Any CPU.Build.0 = Release|Any CPU
		{307432E8-BC53-4D30-9D90-03C7262819D6}.Debug|Any CPU.ActiveCfg = Debug|Any CPU
		{307432E8-BC53-4D30-9D90-03C7262819D6}.Debug|Any CPU.Build.0 = Debug|Any CPU
		{307432E8-BC53-4D30-9D90-03C7262819D6}.Release|Any CPU.ActiveCfg = Release|Any CPU
		{307432E8-BC53-4D30-9D90-03C7262819D6}.Release|Any CPU.Build.0 = Release|Any CPU
		{8215A999-77B8-488E-B2D5-14A5A91111EA}.Debug|Any CPU.ActiveCfg = Debug|Any CPU
		{8215A999-77B8-488E-B2D5-14A5A91111EA}.Debug|Any CPU.Build.0 = Debug|Any CPU
		{8215A999-77B8-488E-B2D5-14A5A91111EA}.Release|Any CPU.ActiveCfg = Release|Any CPU
		{8215A999-77B8-488E-B2D5-14A5A91111EA}.Release|Any CPU.Build.0 = Release|Any CPU
		{D5732C54-66C1-4497-B0CF-C44B8230F1AA}.Debug|Any CPU.ActiveCfg = Debug|Any CPU
		{D5732C54-66C1-4497-B0CF-C44B8230F1AA}.Debug|Any CPU.Build.0 = Debug|Any CPU
		{D5732C54-66C1-4497-B0CF-C44B8230F1AA}.Release|Any CPU.ActiveCfg = Release|Any CPU
		{D5732C54-66C1-4497-B0CF-C44B8230F1AA}.Release|Any CPU.Build.0 = Release|Any CPU
		{E4C5B6ED-DF13-44CE-9C07-5E855D04C97C}.Debug|Any CPU.ActiveCfg = Debug|Any CPU
		{E4C5B6ED-DF13-44CE-9C07-5E855D04C97C}.Debug|Any CPU.Build.0 = Debug|Any CPU
		{E4C5B6ED-DF13-44CE-9C07-5E855D04C97C}.Release|Any CPU.ActiveCfg = Release|Any CPU
		{E4C5B6ED-DF13-44CE-9C07-5E855D04C97C}.Release|Any CPU.Build.0 = Release|Any CPU
		{7FD96C67-86C6-49BE-BB13-2875C9DE96B0}.Debug|Any CPU.ActiveCfg = Debug|Any CPU
		{7FD96C67-86C6-49BE-BB13-2875C9DE96B0}.Debug|Any CPU.Build.0 = Debug|Any CPU
		{7FD96C67-86C6-49BE-BB13-2875C9DE96B0}.Release|Any CPU.ActiveCfg = Release|Any CPU
		{7FD96C67-86C6-49BE-BB13-2875C9DE96B0}.Release|Any CPU.Build.0 = Release|Any CPU
		{868BEBE2-BDB8-4F12-B08E-435C5A568131}.Debug|Any CPU.ActiveCfg = Debug|Any CPU
		{868BEBE2-BDB8-4F12-B08E-435C5A568131}.Debug|Any CPU.Build.0 = Debug|Any CPU
		{868BEBE2-BDB8-4F12-B08E-435C5A568131}.Release|Any CPU.ActiveCfg = Release|Any CPU
		{868BEBE2-BDB8-4F12-B08E-435C5A568131}.Release|Any CPU.Build.0 = Release|Any CPU
		{A3315DEA-3A57-4E33-89B6-DBC5490A811D}.Debug|Any CPU.ActiveCfg = Debug|Any CPU
		{A3315DEA-3A57-4E33-89B6-DBC5490A811D}.Debug|Any CPU.Build.0 = Debug|Any CPU
		{A3315DEA-3A57-4E33-89B6-DBC5490A811D}.Release|Any CPU.ActiveCfg = Release|Any CPU
		{A3315DEA-3A57-4E33-89B6-DBC5490A811D}.Release|Any CPU.Build.0 = Release|Any CPU
		{923EC121-9887-42D4-B432-D1E9E928249D}.Debug|Any CPU.ActiveCfg = Debug|Any CPU
		{923EC121-9887-42D4-B432-D1E9E928249D}.Debug|Any CPU.Build.0 = Debug|Any CPU
		{923EC121-9887-42D4-B432-D1E9E928249D}.Release|Any CPU.ActiveCfg = Release|Any CPU
		{923EC121-9887-42D4-B432-D1E9E928249D}.Release|Any CPU.Build.0 = Release|Any CPU
		{16852E55-32A4-4B36-A8E6-23418EBCC5ED}.Debug|Any CPU.ActiveCfg = Debug|Any CPU
		{16852E55-32A4-4B36-A8E6-23418EBCC5ED}.Debug|Any CPU.Build.0 = Debug|Any CPU
		{16852E55-32A4-4B36-A8E6-23418EBCC5ED}.Release|Any CPU.ActiveCfg = Release|Any CPU
		{16852E55-32A4-4B36-A8E6-23418EBCC5ED}.Release|Any CPU.Build.0 = Release|Any CPU
		{9DB5B106-5EC4-4D47-A263-8B255C5643E4}.Debug|Any CPU.ActiveCfg = Debug|Any CPU
		{9DB5B106-5EC4-4D47-A263-8B255C5643E4}.Debug|Any CPU.Build.0 = Debug|Any CPU
		{9DB5B106-5EC4-4D47-A263-8B255C5643E4}.Release|Any CPU.ActiveCfg = Release|Any CPU
		{9DB5B106-5EC4-4D47-A263-8B255C5643E4}.Release|Any CPU.Build.0 = Release|Any CPU
	EndGlobalSection
	GlobalSection(SolutionProperties) = preSolution
		HideSolutionNode = FALSE
	EndGlobalSection
	GlobalSection(ExtensibilityGlobals) = postSolution
		SolutionGuid = {43D6C87B-7824-428F-BA8C-2B7057FFB467}
	EndGlobalSection
EndGlobal
