
Microsoft Visual Studio Solution File, Format Version 12.00
# Visual Studio Version 16
VisualStudioVersion = 16.0.30517.126
MinimumVisualStudioVersion = 10.0.40219.1
Project("{FAE04EC0-301F-11D3-BF4B-00C04F79EFBC}") = "01.Singleton", "01.Singleton\01.Singleton.csproj", "{8108056F-3ABE-4A25-A000-918C3BC54E2F}"
EndProject
Project("{FAE04EC0-301F-11D3-BF4B-00C04F79EFBC}") = "02.Facade", "02.Facade\02.Facade.csproj", "{2FE9FDA9-EEC4-4130-835C-CE2BDCB7B2D6}"
EndProject
Project("{FAE04EC0-301F-11D3-BF4B-00C04F79EFBC}") = "03.CommandPattern", "03.CommandPattern\03.CommandPattern.csproj", "{33F8F773-169B-4E61-9573-B81BED4BEFC6}"
EndProject
Project("{FAE04EC0-301F-11D3-BF4B-00C04F79EFBC}") = "04.Prototype", "04.Prototype\04.Prototype.csproj", "{BDBD49C9-CE43-41EA-B033-DE3E4365C8EA}"
EndProject
Project("{FAE04EC0-301F-11D3-BF4B-00C04F79EFBC}") = "05.Composite", "05.Composite\05.Composite.csproj", "{1C6BC9D4-A356-43E4-8BBF-82F810EA54F0}"
EndProject
Global
	GlobalSection(SolutionConfigurationPlatforms) = preSolution
		Debug|Any CPU = Debug|Any CPU
		Release|Any CPU = Release|Any CPU
	EndGlobalSection
	GlobalSection(ProjectConfigurationPlatforms) = postSolution
		{8108056F-3ABE-4A25-A000-918C3BC54E2F}.Debug|Any CPU.ActiveCfg = Debug|Any CPU
		{8108056F-3ABE-4A25-A000-918C3BC54E2F}.Debug|Any CPU.Build.0 = Debug|Any CPU
		{8108056F-3ABE-4A25-A000-918C3BC54E2F}.Release|Any CPU.ActiveCfg = Release|Any CPU
		{8108056F-3ABE-4A25-A000-918C3BC54E2F}.Release|Any CPU.Build.0 = Release|Any CPU
		{2FE9FDA9-EEC4-4130-835C-CE2BDCB7B2D6}.Debug|Any CPU.ActiveCfg = Debug|Any CPU
		{2FE9FDA9-EEC4-4130-835C-CE2BDCB7B2D6}.Debug|Any CPU.Build.0 = Debug|Any CPU
		{2FE9FDA9-EEC4-4130-835C-CE2BDCB7B2D6}.Release|Any CPU.ActiveCfg = Release|Any CPU
		{2FE9FDA9-EEC4-4130-835C-CE2BDCB7B2D6}.Release|Any CPU.Build.0 = Release|Any CPU
		{33F8F773-169B-4E61-9573-B81BED4BEFC6}.Debug|Any CPU.ActiveCfg = Debug|Any CPU
		{33F8F773-169B-4E61-9573-B81BED4BEFC6}.Debug|Any CPU.Build.0 = Debug|Any CPU
		{33F8F773-169B-4E61-9573-B81BED4BEFC6}.Release|Any CPU.ActiveCfg = Release|Any CPU
		{33F8F773-169B-4E61-9573-B81BED4BEFC6}.Release|Any CPU.Build.0 = Release|Any CPU
		{BDBD49C9-CE43-41EA-B033-DE3E4365C8EA}.Debug|Any CPU.ActiveCfg = Debug|Any CPU
		{BDBD49C9-CE43-41EA-B033-DE3E4365C8EA}.Debug|Any CPU.Build.0 = Debug|Any CPU
		{BDBD49C9-CE43-41EA-B033-DE3E4365C8EA}.Release|Any CPU.ActiveCfg = Release|Any CPU
		{BDBD49C9-CE43-41EA-B033-DE3E4365C8EA}.Release|Any CPU.Build.0 = Release|Any CPU
		{1C6BC9D4-A356-43E4-8BBF-82F810EA54F0}.Debug|Any CPU.ActiveCfg = Debug|Any CPU
		{1C6BC9D4-A356-43E4-8BBF-82F810EA54F0}.Debug|Any CPU.Build.0 = Debug|Any CPU
		{1C6BC9D4-A356-43E4-8BBF-82F810EA54F0}.Release|Any CPU.ActiveCfg = Release|Any CPU
		{1C6BC9D4-A356-43E4-8BBF-82F810EA54F0}.Release|Any CPU.Build.0 = Release|Any CPU
	EndGlobalSection
	GlobalSection(SolutionProperties) = preSolution
		HideSolutionNode = FALSE
	EndGlobalSection
	GlobalSection(ExtensibilityGlobals) = postSolution
		SolutionGuid = {EC35AFA9-ED23-4C4B-BCF7-9A5F55BD17C4}
	EndGlobalSection
EndGlobal
