
Microsoft Visual Studio Solution File, Format Version 12.00
# Visual Studio Version 16
VisualStudioVersion = 16.0.30517.126
MinimumVisualStudioVersion = 10.0.40219.1
Project("{FAE04EC0-301F-11D3-BF4B-00C04F79EFBC}") = "1.ReverseStrings", "1.ReverseStrings\1.ReverseStrings.csproj", "{FD67699E-3A4E-4E79-97E5-6115D9E70FF4}"
EndProject
Project("{FAE04EC0-301F-11D3-BF4B-00C04F79EFBC}") = "2.StackSum", "2.StackSum\2.StackSum.csproj", "{B625942E-D2D1-4103-8D6D-8CE2384FEE34}"
EndProject
Project("{FAE04EC0-301F-11D3-BF4B-00C04F79EFBC}") = "3.SimpleCalculator", "3.SimpleCalculator\3.SimpleCalculator.csproj", "{B0C41000-738B-49B1-A592-7D12C6B3C8C1}"
EndProject
Project("{FAE04EC0-301F-11D3-BF4B-00C04F79EFBC}") = "4.MatchingBrackets", "4.MatchingBrackets\4.MatchingBrackets.csproj", "{966E2640-E474-4DD4-9A4B-AA9DBEB59AB6}"
EndProject
Project("{FAE04EC0-301F-11D3-BF4B-00C04F79EFBC}") = "5.PrintEvenNumbers", "5.PrintEvenNumbers\5.PrintEvenNumbers.csproj", "{EED1E064-1631-41F1-8B64-CF3B0162A056}"
EndProject
Project("{FAE04EC0-301F-11D3-BF4B-00C04F79EFBC}") = "6.Supermarket", "6.Supermarket\6.Supermarket.csproj", "{4D475BD4-0D91-42CC-8CFB-D6450C23D81A}"
EndProject
Global
	GlobalSection(SolutionConfigurationPlatforms) = preSolution
		Debug|Any CPU = Debug|Any CPU
		Release|Any CPU = Release|Any CPU
	EndGlobalSection
	GlobalSection(ProjectConfigurationPlatforms) = postSolution
		{FD67699E-3A4E-4E79-97E5-6115D9E70FF4}.Debug|Any CPU.ActiveCfg = Debug|Any CPU
		{FD67699E-3A4E-4E79-97E5-6115D9E70FF4}.Debug|Any CPU.Build.0 = Debug|Any CPU
		{FD67699E-3A4E-4E79-97E5-6115D9E70FF4}.Release|Any CPU.ActiveCfg = Release|Any CPU
		{FD67699E-3A4E-4E79-97E5-6115D9E70FF4}.Release|Any CPU.Build.0 = Release|Any CPU
		{B625942E-D2D1-4103-8D6D-8CE2384FEE34}.Debug|Any CPU.ActiveCfg = Debug|Any CPU
		{B625942E-D2D1-4103-8D6D-8CE2384FEE34}.Debug|Any CPU.Build.0 = Debug|Any CPU
		{B625942E-D2D1-4103-8D6D-8CE2384FEE34}.Release|Any CPU.ActiveCfg = Release|Any CPU
		{B625942E-D2D1-4103-8D6D-8CE2384FEE34}.Release|Any CPU.Build.0 = Release|Any CPU
		{B0C41000-738B-49B1-A592-7D12C6B3C8C1}.Debug|Any CPU.ActiveCfg = Debug|Any CPU
		{B0C41000-738B-49B1-A592-7D12C6B3C8C1}.Debug|Any CPU.Build.0 = Debug|Any CPU
		{B0C41000-738B-49B1-A592-7D12C6B3C8C1}.Release|Any CPU.ActiveCfg = Release|Any CPU
		{B0C41000-738B-49B1-A592-7D12C6B3C8C1}.Release|Any CPU.Build.0 = Release|Any CPU
		{966E2640-E474-4DD4-9A4B-AA9DBEB59AB6}.Debug|Any CPU.ActiveCfg = Debug|Any CPU
		{966E2640-E474-4DD4-9A4B-AA9DBEB59AB6}.Debug|Any CPU.Build.0 = Debug|Any CPU
		{966E2640-E474-4DD4-9A4B-AA9DBEB59AB6}.Release|Any CPU.ActiveCfg = Release|Any CPU
		{966E2640-E474-4DD4-9A4B-AA9DBEB59AB6}.Release|Any CPU.Build.0 = Release|Any CPU
		{EED1E064-1631-41F1-8B64-CF3B0162A056}.Debug|Any CPU.ActiveCfg = Debug|Any CPU
		{EED1E064-1631-41F1-8B64-CF3B0162A056}.Debug|Any CPU.Build.0 = Debug|Any CPU
		{EED1E064-1631-41F1-8B64-CF3B0162A056}.Release|Any CPU.ActiveCfg = Release|Any CPU
		{EED1E064-1631-41F1-8B64-CF3B0162A056}.Release|Any CPU.Build.0 = Release|Any CPU
		{4D475BD4-0D91-42CC-8CFB-D6450C23D81A}.Debug|Any CPU.ActiveCfg = Debug|Any CPU
		{4D475BD4-0D91-42CC-8CFB-D6450C23D81A}.Debug|Any CPU.Build.0 = Debug|Any CPU
		{4D475BD4-0D91-42CC-8CFB-D6450C23D81A}.Release|Any CPU.ActiveCfg = Release|Any CPU
		{4D475BD4-0D91-42CC-8CFB-D6450C23D81A}.Release|Any CPU.Build.0 = Release|Any CPU
	EndGlobalSection
	GlobalSection(SolutionProperties) = preSolution
		HideSolutionNode = FALSE
	EndGlobalSection
	GlobalSection(ExtensibilityGlobals) = postSolution
		SolutionGuid = {33CDB5A8-F0AB-4C94-8192-084EB6C2D8F8}
	EndGlobalSection
EndGlobal
