
Microsoft Visual Studio Solution File, Format Version 12.00
# Visual Studio Version 16
VisualStudioVersion = 16.0.30517.126
MinimumVisualStudioVersion = 10.0.40219.1
Project("{9A19103F-16F7-4668-BE54-9A1E7A4F7556}") = "01.ReverseStrings", "1.ReverseStrings\01.ReverseStrings.csproj", "{FD67699E-3A4E-4E79-97E5-6115D9E70FF4}"
EndProject
Project("{9A19103F-16F7-4668-BE54-9A1E7A4F7556}") = "02.StackSum", "2.StackSum\02.StackSum.csproj", "{B625942E-D2D1-4103-8D6D-8CE2384FEE34}"
EndProject
Project("{9A19103F-16F7-4668-BE54-9A1E7A4F7556}") = "03.SimpleCalculator", "3.SimpleCalculator\03.SimpleCalculator.csproj", "{B0C41000-738B-49B1-A592-7D12C6B3C8C1}"
EndProject
Project("{9A19103F-16F7-4668-BE54-9A1E7A4F7556}") = "04.MatchingBrackets", "4.MatchingBrackets\04.MatchingBrackets.csproj", "{966E2640-E474-4DD4-9A4B-AA9DBEB59AB6}"
EndProject
Project("{9A19103F-16F7-4668-BE54-9A1E7A4F7556}") = "05.PrintEvenNumbers", "5.PrintEvenNumbers\05.PrintEvenNumbers.csproj", "{EED1E064-1631-41F1-8B64-CF3B0162A056}"
EndProject
Project("{9A19103F-16F7-4668-BE54-9A1E7A4F7556}") = "06.Supermarket", "6.Supermarket\06.Supermarket.csproj", "{4D475BD4-0D91-42CC-8CFB-D6450C23D81A}"
EndProject
Project("{9A19103F-16F7-4668-BE54-9A1E7A4F7556}") = "07.HotPotato", "7.HotPotato\07.HotPotato.csproj", "{B0FD5711-1A05-47FE-8C21-89179C706F51}"
EndProject
Project("{9A19103F-16F7-4668-BE54-9A1E7A4F7556}") = "08.TrafficJam", "8.TrafficJam\08.TrafficJam.csproj", "{63F802DD-4B10-40BF-8A1B-33FAF786D4D0}"
EndProject
Project("{9A19103F-16F7-4668-BE54-9A1E7A4F7556}") = "09.BasicStackOperations", "9.BasicStackOperations\09.BasicStackOperations.csproj", "{37E2DF02-0D24-42C1-A4CA-C56BDA54722E}"
EndProject
Project("{9A19103F-16F7-4668-BE54-9A1E7A4F7556}") = "10.BasicQueueOperations", "10.BasicQueueOperations\10.BasicQueueOperations.csproj", "{C9144561-A889-48D0-89D7-C17BBC1365AC}"
EndProject
Project("{FAE04EC0-301F-11D3-BF4B-00C04F79EFBC}") = "11.MaximumAndMinimumElement", "11.MaximumAndMinimumElement\11.MaximumAndMinimumElement.csproj", "{B1FBFAC3-0D10-4178-83C4-75C0C666F3BB}"
EndProject
Project("{FAE04EC0-301F-11D3-BF4B-00C04F79EFBC}") = "12.FastFood", "12.FastFood\12.FastFood.csproj", "{5CB01DC4-98E8-4E51-B8F8-BD4041A82948}"
EndProject
Project("{FAE04EC0-301F-11D3-BF4B-00C04F79EFBC}") = "13.FashionBoutique", "13.FashionBoutique\13.FashionBoutique.csproj", "{58E9CCB5-6D7C-46C4-9164-2E452A910842}"
EndProject
Project("{FAE04EC0-301F-11D3-BF4B-00C04F79EFBC}") = "14.SongsQueue", "14.SongsQueue\14.SongsQueue.csproj", "{7440115C-E977-4B8B-A932-913B1FAB8228}"
EndProject
Project("{FAE04EC0-301F-11D3-BF4B-00C04F79EFBC}") = "15.TruckTour", "15.TruckTour\15.TruckTour.csproj", "{C56E28A8-FB55-4309-BB77-CD464E0A5F91}"
EndProject
Project("{FAE04EC0-301F-11D3-BF4B-00C04F79EFBC}") = "16.BalancedParenthesis", "16.BalancedParenthesis\16.BalancedParenthesis.csproj", "{B68A8877-2A35-49F0-85E8-74D2B70D9F5A}"
EndProject
Project("{FAE04EC0-301F-11D3-BF4B-00C04F79EFBC}") = "17.SimpleTextEditor", "17.SimpleTextEditor\17.SimpleTextEditor.csproj", "{D7C9DA3A-E669-4F11-8096-E6AFAB190242}"
EndProject
Project("{FAE04EC0-301F-11D3-BF4B-00C04F79EFBC}") = "18.Crossroads", "18.Crossroads\18.Crossroads.csproj", "{36C08057-55CC-4976-B064-FBD5EDAE9796}"
EndProject
Project("{FAE04EC0-301F-11D3-BF4B-00C04F79EFBC}") = "19.KeyRevolver", "19.KeyRevolver\19.KeyRevolver.csproj", "{7AE03E84-0F0D-41EC-9909-60F10B2E8950}"
EndProject
Project("{FAE04EC0-301F-11D3-BF4B-00C04F79EFBC}") = "20.CupsAndBottles", "20.CupsAndBottles\20.CupsAndBottles.csproj", "{AC1A0689-08BC-496D-BD1C-C0CF7FAC682D}"
EndProject
Global
	GlobalSection(SolutionConfigurationPlatforms) = preSolution
		Debug|Any CPU = Debug|Any CPU
		Release|Any CPU = Release|Any CPU
	EndGlobalSection
	GlobalSection(ProjectConfigurationPlatforms) = postSolution
		{FD67699E-3A4E-4E79-97E5-6115D9E70FF4}.Debug|Any CPU.ActiveCfg = Debug|Any CPU
		{FD67699E-3A4E-4E79-97E5-6115D9E70FF4}.Debug|Any CPU.Build.0 = Debug|Any CPU
		{FD67699E-3A4E-4E79-97E5-6115D9E70FF4}.Release|Any CPU.ActiveCfg = Release|Any CPU
		{FD67699E-3A4E-4E79-97E5-6115D9E70FF4}.Release|Any CPU.Build.0 = Release|Any CPU
		{B625942E-D2D1-4103-8D6D-8CE2384FEE34}.Debug|Any CPU.ActiveCfg = Debug|Any CPU
		{B625942E-D2D1-4103-8D6D-8CE2384FEE34}.Debug|Any CPU.Build.0 = Debug|Any CPU
		{B625942E-D2D1-4103-8D6D-8CE2384FEE34}.Release|Any CPU.ActiveCfg = Release|Any CPU
		{B625942E-D2D1-4103-8D6D-8CE2384FEE34}.Release|Any CPU.Build.0 = Release|Any CPU
		{B0C41000-738B-49B1-A592-7D12C6B3C8C1}.Debug|Any CPU.ActiveCfg = Debug|Any CPU
		{B0C41000-738B-49B1-A592-7D12C6B3C8C1}.Debug|Any CPU.Build.0 = Debug|Any CPU
		{B0C41000-738B-49B1-A592-7D12C6B3C8C1}.Release|Any CPU.ActiveCfg = Release|Any CPU
		{B0C41000-738B-49B1-A592-7D12C6B3C8C1}.Release|Any CPU.Build.0 = Release|Any CPU
		{966E2640-E474-4DD4-9A4B-AA9DBEB59AB6}.Debug|Any CPU.ActiveCfg = Debug|Any CPU
		{966E2640-E474-4DD4-9A4B-AA9DBEB59AB6}.Debug|Any CPU.Build.0 = Debug|Any CPU
		{966E2640-E474-4DD4-9A4B-AA9DBEB59AB6}.Release|Any CPU.ActiveCfg = Release|Any CPU
		{966E2640-E474-4DD4-9A4B-AA9DBEB59AB6}.Release|Any CPU.Build.0 = Release|Any CPU
		{EED1E064-1631-41F1-8B64-CF3B0162A056}.Debug|Any CPU.ActiveCfg = Debug|Any CPU
		{EED1E064-1631-41F1-8B64-CF3B0162A056}.Debug|Any CPU.Build.0 = Debug|Any CPU
		{EED1E064-1631-41F1-8B64-CF3B0162A056}.Release|Any CPU.ActiveCfg = Release|Any CPU
		{EED1E064-1631-41F1-8B64-CF3B0162A056}.Release|Any CPU.Build.0 = Release|Any CPU
		{4D475BD4-0D91-42CC-8CFB-D6450C23D81A}.Debug|Any CPU.ActiveCfg = Debug|Any CPU
		{4D475BD4-0D91-42CC-8CFB-D6450C23D81A}.Debug|Any CPU.Build.0 = Debug|Any CPU
		{4D475BD4-0D91-42CC-8CFB-D6450C23D81A}.Release|Any CPU.ActiveCfg = Release|Any CPU
		{4D475BD4-0D91-42CC-8CFB-D6450C23D81A}.Release|Any CPU.Build.0 = Release|Any CPU
		{B0FD5711-1A05-47FE-8C21-89179C706F51}.Debug|Any CPU.ActiveCfg = Debug|Any CPU
		{B0FD5711-1A05-47FE-8C21-89179C706F51}.Debug|Any CPU.Build.0 = Debug|Any CPU
		{B0FD5711-1A05-47FE-8C21-89179C706F51}.Release|Any CPU.ActiveCfg = Release|Any CPU
		{B0FD5711-1A05-47FE-8C21-89179C706F51}.Release|Any CPU.Build.0 = Release|Any CPU
		{63F802DD-4B10-40BF-8A1B-33FAF786D4D0}.Debug|Any CPU.ActiveCfg = Debug|Any CPU
		{63F802DD-4B10-40BF-8A1B-33FAF786D4D0}.Debug|Any CPU.Build.0 = Debug|Any CPU
		{63F802DD-4B10-40BF-8A1B-33FAF786D4D0}.Release|Any CPU.ActiveCfg = Release|Any CPU
		{63F802DD-4B10-40BF-8A1B-33FAF786D4D0}.Release|Any CPU.Build.0 = Release|Any CPU
		{37E2DF02-0D24-42C1-A4CA-C56BDA54722E}.Debug|Any CPU.ActiveCfg = Debug|Any CPU
		{37E2DF02-0D24-42C1-A4CA-C56BDA54722E}.Debug|Any CPU.Build.0 = Debug|Any CPU
		{37E2DF02-0D24-42C1-A4CA-C56BDA54722E}.Release|Any CPU.ActiveCfg = Release|Any CPU
		{37E2DF02-0D24-42C1-A4CA-C56BDA54722E}.Release|Any CPU.Build.0 = Release|Any CPU
		{C9144561-A889-48D0-89D7-C17BBC1365AC}.Debug|Any CPU.ActiveCfg = Debug|Any CPU
		{C9144561-A889-48D0-89D7-C17BBC1365AC}.Debug|Any CPU.Build.0 = Debug|Any CPU
		{C9144561-A889-48D0-89D7-C17BBC1365AC}.Release|Any CPU.ActiveCfg = Release|Any CPU
		{C9144561-A889-48D0-89D7-C17BBC1365AC}.Release|Any CPU.Build.0 = Release|Any CPU
		{B1FBFAC3-0D10-4178-83C4-75C0C666F3BB}.Debug|Any CPU.ActiveCfg = Debug|Any CPU
		{B1FBFAC3-0D10-4178-83C4-75C0C666F3BB}.Debug|Any CPU.Build.0 = Debug|Any CPU
		{B1FBFAC3-0D10-4178-83C4-75C0C666F3BB}.Release|Any CPU.ActiveCfg = Release|Any CPU
		{B1FBFAC3-0D10-4178-83C4-75C0C666F3BB}.Release|Any CPU.Build.0 = Release|Any CPU
		{5CB01DC4-98E8-4E51-B8F8-BD4041A82948}.Debug|Any CPU.ActiveCfg = Debug|Any CPU
		{5CB01DC4-98E8-4E51-B8F8-BD4041A82948}.Debug|Any CPU.Build.0 = Debug|Any CPU
		{5CB01DC4-98E8-4E51-B8F8-BD4041A82948}.Release|Any CPU.ActiveCfg = Release|Any CPU
		{5CB01DC4-98E8-4E51-B8F8-BD4041A82948}.Release|Any CPU.Build.0 = Release|Any CPU
		{58E9CCB5-6D7C-46C4-9164-2E452A910842}.Debug|Any CPU.ActiveCfg = Debug|Any CPU
		{58E9CCB5-6D7C-46C4-9164-2E452A910842}.Debug|Any CPU.Build.0 = Debug|Any CPU
		{58E9CCB5-6D7C-46C4-9164-2E452A910842}.Release|Any CPU.ActiveCfg = Release|Any CPU
		{58E9CCB5-6D7C-46C4-9164-2E452A910842}.Release|Any CPU.Build.0 = Release|Any CPU
		{7440115C-E977-4B8B-A932-913B1FAB8228}.Debug|Any CPU.ActiveCfg = Debug|Any CPU
		{7440115C-E977-4B8B-A932-913B1FAB8228}.Debug|Any CPU.Build.0 = Debug|Any CPU
		{7440115C-E977-4B8B-A932-913B1FAB8228}.Release|Any CPU.ActiveCfg = Release|Any CPU
		{7440115C-E977-4B8B-A932-913B1FAB8228}.Release|Any CPU.Build.0 = Release|Any CPU
		{C56E28A8-FB55-4309-BB77-CD464E0A5F91}.Debug|Any CPU.ActiveCfg = Debug|Any CPU
		{C56E28A8-FB55-4309-BB77-CD464E0A5F91}.Debug|Any CPU.Build.0 = Debug|Any CPU
		{C56E28A8-FB55-4309-BB77-CD464E0A5F91}.Release|Any CPU.ActiveCfg = Release|Any CPU
		{C56E28A8-FB55-4309-BB77-CD464E0A5F91}.Release|Any CPU.Build.0 = Release|Any CPU
		{B68A8877-2A35-49F0-85E8-74D2B70D9F5A}.Debug|Any CPU.ActiveCfg = Debug|Any CPU
		{B68A8877-2A35-49F0-85E8-74D2B70D9F5A}.Debug|Any CPU.Build.0 = Debug|Any CPU
		{B68A8877-2A35-49F0-85E8-74D2B70D9F5A}.Release|Any CPU.ActiveCfg = Release|Any CPU
		{B68A8877-2A35-49F0-85E8-74D2B70D9F5A}.Release|Any CPU.Build.0 = Release|Any CPU
		{D7C9DA3A-E669-4F11-8096-E6AFAB190242}.Debug|Any CPU.ActiveCfg = Debug|Any CPU
		{D7C9DA3A-E669-4F11-8096-E6AFAB190242}.Debug|Any CPU.Build.0 = Debug|Any CPU
		{D7C9DA3A-E669-4F11-8096-E6AFAB190242}.Release|Any CPU.ActiveCfg = Release|Any CPU
		{D7C9DA3A-E669-4F11-8096-E6AFAB190242}.Release|Any CPU.Build.0 = Release|Any CPU
		{36C08057-55CC-4976-B064-FBD5EDAE9796}.Debug|Any CPU.ActiveCfg = Debug|Any CPU
		{36C08057-55CC-4976-B064-FBD5EDAE9796}.Debug|Any CPU.Build.0 = Debug|Any CPU
		{36C08057-55CC-4976-B064-FBD5EDAE9796}.Release|Any CPU.ActiveCfg = Release|Any CPU
		{36C08057-55CC-4976-B064-FBD5EDAE9796}.Release|Any CPU.Build.0 = Release|Any CPU
		{7AE03E84-0F0D-41EC-9909-60F10B2E8950}.Debug|Any CPU.ActiveCfg = Debug|Any CPU
		{7AE03E84-0F0D-41EC-9909-60F10B2E8950}.Debug|Any CPU.Build.0 = Debug|Any CPU
		{7AE03E84-0F0D-41EC-9909-60F10B2E8950}.Release|Any CPU.ActiveCfg = Release|Any CPU
		{7AE03E84-0F0D-41EC-9909-60F10B2E8950}.Release|Any CPU.Build.0 = Release|Any CPU
		{AC1A0689-08BC-496D-BD1C-C0CF7FAC682D}.Debug|Any CPU.ActiveCfg = Debug|Any CPU
		{AC1A0689-08BC-496D-BD1C-C0CF7FAC682D}.Debug|Any CPU.Build.0 = Debug|Any CPU
		{AC1A0689-08BC-496D-BD1C-C0CF7FAC682D}.Release|Any CPU.ActiveCfg = Release|Any CPU
		{AC1A0689-08BC-496D-BD1C-C0CF7FAC682D}.Release|Any CPU.Build.0 = Release|Any CPU
	EndGlobalSection
	GlobalSection(SolutionProperties) = preSolution
		HideSolutionNode = FALSE
	EndGlobalSection
	GlobalSection(ExtensibilityGlobals) = postSolution
		SolutionGuid = {33CDB5A8-F0AB-4C94-8192-084EB6C2D8F8}
	EndGlobalSection
EndGlobal
