
Microsoft Visual Studio Solution File, Format Version 12.00
# Visual Studio Version 16
VisualStudioVersion = 16.0.30517.126
MinimumVisualStudioVersion = 10.0.40219.1
Project("{FAE04EC0-301F-11D3-BF4B-00C04F79EFBC}") = "1.ReverseStrings", "1.ReverseStrings\1.ReverseStrings.csproj", "{FD67699E-3A4E-4E79-97E5-6115D9E70FF4}"
EndProject
Project("{FAE04EC0-301F-11D3-BF4B-00C04F79EFBC}") = "2.StackSum", "2.StackSum\2.StackSum.csproj", "{B625942E-D2D1-4103-8D6D-8CE2384FEE34}"
EndProject
Project("{FAE04EC0-301F-11D3-BF4B-00C04F79EFBC}") = "3.SimpleCalculator", "3.SimpleCalculator\3.SimpleCalculator.csproj", "{B0C41000-738B-49B1-A592-7D12C6B3C8C1}"
EndProject
Global
	GlobalSection(SolutionConfigurationPlatforms) = preSolution
		Debug|Any CPU = Debug|Any CPU
		Release|Any CPU = Release|Any CPU
	EndGlobalSection
	GlobalSection(ProjectConfigurationPlatforms) = postSolution
		{FD67699E-3A4E-4E79-97E5-6115D9E70FF4}.Debug|Any CPU.ActiveCfg = Debug|Any CPU
		{FD67699E-3A4E-4E79-97E5-6115D9E70FF4}.Debug|Any CPU.Build.0 = Debug|Any CPU
		{FD67699E-3A4E-4E79-97E5-6115D9E70FF4}.Release|Any CPU.ActiveCfg = Release|Any CPU
		{FD67699E-3A4E-4E79-97E5-6115D9E70FF4}.Release|Any CPU.Build.0 = Release|Any CPU
		{B625942E-D2D1-4103-8D6D-8CE2384FEE34}.Debug|Any CPU.ActiveCfg = Debug|Any CPU
		{B625942E-D2D1-4103-8D6D-8CE2384FEE34}.Debug|Any CPU.Build.0 = Debug|Any CPU
		{B625942E-D2D1-4103-8D6D-8CE2384FEE34}.Release|Any CPU.ActiveCfg = Release|Any CPU
		{B625942E-D2D1-4103-8D6D-8CE2384FEE34}.Release|Any CPU.Build.0 = Release|Any CPU
		{B0C41000-738B-49B1-A592-7D12C6B3C8C1}.Debug|Any CPU.ActiveCfg = Debug|Any CPU
		{B0C41000-738B-49B1-A592-7D12C6B3C8C1}.Debug|Any CPU.Build.0 = Debug|Any CPU
		{B0C41000-738B-49B1-A592-7D12C6B3C8C1}.Release|Any CPU.ActiveCfg = Release|Any CPU
		{B0C41000-738B-49B1-A592-7D12C6B3C8C1}.Release|Any CPU.Build.0 = Release|Any CPU
	EndGlobalSection
	GlobalSection(SolutionProperties) = preSolution
		HideSolutionNode = FALSE
	EndGlobalSection
	GlobalSection(ExtensibilityGlobals) = postSolution
		SolutionGuid = {33CDB5A8-F0AB-4C94-8192-084EB6C2D8F8}
	EndGlobalSection
EndGlobal
