
Microsoft Visual Studio Solution File, Format Version 12.00
# Visual Studio Version 16
VisualStudioVersion = 16.0.30517.126
MinimumVisualStudioVersion = 10.0.40219.1
Project("{9A19103F-16F7-4668-BE54-9A1E7A4F7556}") = "01.SortEvenNumbers", "01.SortEvenNumbers\01.SortEvenNumbers.csproj", "{03A2C170-CC3D-4B25-90F5-68E378742E3E}"
EndProject
Project("{9A19103F-16F7-4668-BE54-9A1E7A4F7556}") = "02.SumNumbers", "02.SumNumbers\02.SumNumbers.csproj", "{CFFCA8BD-1AC2-49B5-A0B5-12ADBF7BB75B}"
EndProject
Project("{9A19103F-16F7-4668-BE54-9A1E7A4F7556}") = "03.CountUppercaseWords", "03.CountUppercaseWords\03.CountUppercaseWords.csproj", "{C7A16483-766C-4934-AAB3-07DA3F9531D4}"
EndProject
Project("{9A19103F-16F7-4668-BE54-9A1E7A4F7556}") = "04.AddVAT", "04.AddVAT\04.AddVAT.csproj", "{1340E293-A667-4214-A498-BF5FAC6F59B2}"
EndProject
Project("{9A19103F-16F7-4668-BE54-9A1E7A4F7556}") = "05.FilterByAge", "05.FilterByAge\05.FilterByAge.csproj", "{9FE537F6-873C-47F1-91DB-983B4D54CE44}"
EndProject
Project("{9A19103F-16F7-4668-BE54-9A1E7A4F7556}") = "06.ActionPoint", "06.ActionPoint\06.ActionPoint.csproj", "{204BD065-6AD9-40E2-8066-3C0427A3C989}"
EndProject
Project("{9A19103F-16F7-4668-BE54-9A1E7A4F7556}") = "07.KnightsOfHonor", "07.KnightsOfHonor\07.KnightsOfHonor.csproj", "{B7B8AFD3-DA18-4A34-BC32-4B8595CE5891}"
EndProject
Project("{9A19103F-16F7-4668-BE54-9A1E7A4F7556}") = "08.CustomMinFunction", "08.CustomMinFunction\08.CustomMinFunction.csproj", "{4CCD11BF-3350-4DBA-AB28-B6E906703A7D}"
EndProject
Project("{9A19103F-16F7-4668-BE54-9A1E7A4F7556}") = "09.FindEvensOrOdds", "09.FindEvensOrOdds\09.FindEvensOrOdds.csproj", "{36B4A62E-D370-416D-A87D-A1B49EA55226}"
EndProject
Project("{9A19103F-16F7-4668-BE54-9A1E7A4F7556}") = "10.AppliedArithmetics", "10.AppliedArithmetics\10.AppliedArithmetics.csproj", "{4EF3057D-2AD9-46EF-8CFB-0A18D12264F3}"
EndProject
Project("{9A19103F-16F7-4668-BE54-9A1E7A4F7556}") = "11.ReverseAndExclude", "11.ReverseAndExclude\11.ReverseAndExclude.csproj", "{F94A2B3B-8A3A-46EC-8B47-B9117B084668}"
EndProject
Project("{FAE04EC0-301F-11D3-BF4B-00C04F79EFBC}") = "12.PredicateForNames", "12.PredicateForNames\12.PredicateForNames.csproj", "{D1C983DB-D75F-4FFA-A934-1EE9C0A80454}"
EndProject
Project("{FAE04EC0-301F-11D3-BF4B-00C04F79EFBC}") = "13.ListOfPredicates", "13.ListOfPredicates\13.ListOfPredicates.csproj", "{E77705AF-C573-45CB-BCCF-C3AA04A5E2E8}"
EndProject
Project("{FAE04EC0-301F-11D3-BF4B-00C04F79EFBC}") = "14.PredicateParty", "14.PredicateParty\14.PredicateParty.csproj", "{92249C3F-2A53-482A-B198-2B18C17FD575}"
EndProject
Project("{FAE04EC0-301F-11D3-BF4B-00C04F79EFBC}") = "15.PartyReservationFilterModule", "15.PartyReservationFilterModule\15.PartyReservationFilterModule.csproj", "{88908BE5-3EBE-43CA-A728-598FC02F6A2D}"
EndProject
Project("{FAE04EC0-301F-11D3-BF4B-00C04F79EFBC}") = "16.TriFunction", "16.TriFunction\16.TriFunction.csproj", "{41379D06-7774-4998-97D1-FB57081D73EC}"
EndProject
Global
	GlobalSection(SolutionConfigurationPlatforms) = preSolution
		Debug|Any CPU = Debug|Any CPU
		Release|Any CPU = Release|Any CPU
	EndGlobalSection
	GlobalSection(ProjectConfigurationPlatforms) = postSolution
		{03A2C170-CC3D-4B25-90F5-68E378742E3E}.Debug|Any CPU.ActiveCfg = Debug|Any CPU
		{03A2C170-CC3D-4B25-90F5-68E378742E3E}.Debug|Any CPU.Build.0 = Debug|Any CPU
		{03A2C170-CC3D-4B25-90F5-68E378742E3E}.Release|Any CPU.ActiveCfg = Release|Any CPU
		{03A2C170-CC3D-4B25-90F5-68E378742E3E}.Release|Any CPU.Build.0 = Release|Any CPU
		{CFFCA8BD-1AC2-49B5-A0B5-12ADBF7BB75B}.Debug|Any CPU.ActiveCfg = Debug|Any CPU
		{CFFCA8BD-1AC2-49B5-A0B5-12ADBF7BB75B}.Debug|Any CPU.Build.0 = Debug|Any CPU
		{CFFCA8BD-1AC2-49B5-A0B5-12ADBF7BB75B}.Release|Any CPU.ActiveCfg = Release|Any CPU
		{CFFCA8BD-1AC2-49B5-A0B5-12ADBF7BB75B}.Release|Any CPU.Build.0 = Release|Any CPU
		{C7A16483-766C-4934-AAB3-07DA3F9531D4}.Debug|Any CPU.ActiveCfg = Debug|Any CPU
		{C7A16483-766C-4934-AAB3-07DA3F9531D4}.Debug|Any CPU.Build.0 = Debug|Any CPU
		{C7A16483-766C-4934-AAB3-07DA3F9531D4}.Release|Any CPU.ActiveCfg = Release|Any CPU
		{C7A16483-766C-4934-AAB3-07DA3F9531D4}.Release|Any CPU.Build.0 = Release|Any CPU
		{1340E293-A667-4214-A498-BF5FAC6F59B2}.Debug|Any CPU.ActiveCfg = Debug|Any CPU
		{1340E293-A667-4214-A498-BF5FAC6F59B2}.Debug|Any CPU.Build.0 = Debug|Any CPU
		{1340E293-A667-4214-A498-BF5FAC6F59B2}.Release|Any CPU.ActiveCfg = Release|Any CPU
		{1340E293-A667-4214-A498-BF5FAC6F59B2}.Release|Any CPU.Build.0 = Release|Any CPU
		{9FE537F6-873C-47F1-91DB-983B4D54CE44}.Debug|Any CPU.ActiveCfg = Debug|Any CPU
		{9FE537F6-873C-47F1-91DB-983B4D54CE44}.Debug|Any CPU.Build.0 = Debug|Any CPU
		{9FE537F6-873C-47F1-91DB-983B4D54CE44}.Release|Any CPU.ActiveCfg = Release|Any CPU
		{9FE537F6-873C-47F1-91DB-983B4D54CE44}.Release|Any CPU.Build.0 = Release|Any CPU
		{204BD065-6AD9-40E2-8066-3C0427A3C989}.Debug|Any CPU.ActiveCfg = Debug|Any CPU
		{204BD065-6AD9-40E2-8066-3C0427A3C989}.Debug|Any CPU.Build.0 = Debug|Any CPU
		{204BD065-6AD9-40E2-8066-3C0427A3C989}.Release|Any CPU.ActiveCfg = Release|Any CPU
		{204BD065-6AD9-40E2-8066-3C0427A3C989}.Release|Any CPU.Build.0 = Release|Any CPU
		{B7B8AFD3-DA18-4A34-BC32-4B8595CE5891}.Debug|Any CPU.ActiveCfg = Debug|Any CPU
		{B7B8AFD3-DA18-4A34-BC32-4B8595CE5891}.Debug|Any CPU.Build.0 = Debug|Any CPU
		{B7B8AFD3-DA18-4A34-BC32-4B8595CE5891}.Release|Any CPU.ActiveCfg = Release|Any CPU
		{B7B8AFD3-DA18-4A34-BC32-4B8595CE5891}.Release|Any CPU.Build.0 = Release|Any CPU
		{4CCD11BF-3350-4DBA-AB28-B6E906703A7D}.Debug|Any CPU.ActiveCfg = Debug|Any CPU
		{4CCD11BF-3350-4DBA-AB28-B6E906703A7D}.Debug|Any CPU.Build.0 = Debug|Any CPU
		{4CCD11BF-3350-4DBA-AB28-B6E906703A7D}.Release|Any CPU.ActiveCfg = Release|Any CPU
		{4CCD11BF-3350-4DBA-AB28-B6E906703A7D}.Release|Any CPU.Build.0 = Release|Any CPU
		{36B4A62E-D370-416D-A87D-A1B49EA55226}.Debug|Any CPU.ActiveCfg = Debug|Any CPU
		{36B4A62E-D370-416D-A87D-A1B49EA55226}.Debug|Any CPU.Build.0 = Debug|Any CPU
		{36B4A62E-D370-416D-A87D-A1B49EA55226}.Release|Any CPU.ActiveCfg = Release|Any CPU
		{36B4A62E-D370-416D-A87D-A1B49EA55226}.Release|Any CPU.Build.0 = Release|Any CPU
		{4EF3057D-2AD9-46EF-8CFB-0A18D12264F3}.Debug|Any CPU.ActiveCfg = Debug|Any CPU
		{4EF3057D-2AD9-46EF-8CFB-0A18D12264F3}.Debug|Any CPU.Build.0 = Debug|Any CPU
		{4EF3057D-2AD9-46EF-8CFB-0A18D12264F3}.Release|Any CPU.ActiveCfg = Release|Any CPU
		{4EF3057D-2AD9-46EF-8CFB-0A18D12264F3}.Release|Any CPU.Build.0 = Release|Any CPU
		{F94A2B3B-8A3A-46EC-8B47-B9117B084668}.Debug|Any CPU.ActiveCfg = Debug|Any CPU
		{F94A2B3B-8A3A-46EC-8B47-B9117B084668}.Debug|Any CPU.Build.0 = Debug|Any CPU
		{F94A2B3B-8A3A-46EC-8B47-B9117B084668}.Release|Any CPU.ActiveCfg = Release|Any CPU
		{F94A2B3B-8A3A-46EC-8B47-B9117B084668}.Release|Any CPU.Build.0 = Release|Any CPU
		{D1C983DB-D75F-4FFA-A934-1EE9C0A80454}.Debug|Any CPU.ActiveCfg = Debug|Any CPU
		{D1C983DB-D75F-4FFA-A934-1EE9C0A80454}.Debug|Any CPU.Build.0 = Debug|Any CPU
		{D1C983DB-D75F-4FFA-A934-1EE9C0A80454}.Release|Any CPU.ActiveCfg = Release|Any CPU
		{D1C983DB-D75F-4FFA-A934-1EE9C0A80454}.Release|Any CPU.Build.0 = Release|Any CPU
		{E77705AF-C573-45CB-BCCF-C3AA04A5E2E8}.Debug|Any CPU.ActiveCfg = Debug|Any CPU
		{E77705AF-C573-45CB-BCCF-C3AA04A5E2E8}.Debug|Any CPU.Build.0 = Debug|Any CPU
		{E77705AF-C573-45CB-BCCF-C3AA04A5E2E8}.Release|Any CPU.ActiveCfg = Release|Any CPU
		{E77705AF-C573-45CB-BCCF-C3AA04A5E2E8}.Release|Any CPU.Build.0 = Release|Any CPU
		{92249C3F-2A53-482A-B198-2B18C17FD575}.Debug|Any CPU.ActiveCfg = Debug|Any CPU
		{92249C3F-2A53-482A-B198-2B18C17FD575}.Debug|Any CPU.Build.0 = Debug|Any CPU
		{92249C3F-2A53-482A-B198-2B18C17FD575}.Release|Any CPU.ActiveCfg = Release|Any CPU
		{92249C3F-2A53-482A-B198-2B18C17FD575}.Release|Any CPU.Build.0 = Release|Any CPU
		{88908BE5-3EBE-43CA-A728-598FC02F6A2D}.Debug|Any CPU.ActiveCfg = Debug|Any CPU
		{88908BE5-3EBE-43CA-A728-598FC02F6A2D}.Debug|Any CPU.Build.0 = Debug|Any CPU
		{88908BE5-3EBE-43CA-A728-598FC02F6A2D}.Release|Any CPU.ActiveCfg = Release|Any CPU
		{88908BE5-3EBE-43CA-A728-598FC02F6A2D}.Release|Any CPU.Build.0 = Release|Any CPU
		{41379D06-7774-4998-97D1-FB57081D73EC}.Debug|Any CPU.ActiveCfg = Debug|Any CPU
		{41379D06-7774-4998-97D1-FB57081D73EC}.Debug|Any CPU.Build.0 = Debug|Any CPU
		{41379D06-7774-4998-97D1-FB57081D73EC}.Release|Any CPU.ActiveCfg = Release|Any CPU
		{41379D06-7774-4998-97D1-FB57081D73EC}.Release|Any CPU.Build.0 = Release|Any CPU
	EndGlobalSection
	GlobalSection(SolutionProperties) = preSolution
		HideSolutionNode = FALSE
	EndGlobalSection
	GlobalSection(ExtensibilityGlobals) = postSolution
		SolutionGuid = {CDD981F9-D51C-4807-8C9C-A873A14D9799}
	EndGlobalSection
EndGlobal
