
Microsoft Visual Studio Solution File, Format Version 12.00
# Visual Studio Version 16
VisualStudioVersion = 16.0.30517.126
MinimumVisualStudioVersion = 10.0.40219.1
Project("{FAE04EC0-301F-11D3-BF4B-00C04F79EFBC}") = "01.Box", "01.Box\01.Box.csproj", "{A90504D8-F698-43C8-BD85-6538E6D7F21E}"
EndProject
Project("{FAE04EC0-301F-11D3-BF4B-00C04F79EFBC}") = "02.ArrayCreator", "02.GenericArrayCreator\02.ArrayCreator.csproj", "{0E35688E-B8C9-4CC0-B1F7-7F8D74121F5E}"
EndProject
Project("{FAE04EC0-301F-11D3-BF4B-00C04F79EFBC}") = "03.GenericScale", "03.GenericScale\03.GenericScale.csproj", "{1AFC9046-9655-417F-9C38-21C601EBBE62}"
EndProject
Project("{FAE04EC0-301F-11D3-BF4B-00C04F79EFBC}") = "04.GenericBoxOfString", "04.GenericBoxOfString\04.GenericBoxOfString.csproj", "{343DF016-9579-4D9B-A8DA-4796F5446DCC}"
EndProject
Project("{FAE04EC0-301F-11D3-BF4B-00C04F79EFBC}") = "05.GenericBoxOfInteger", "05.GenericBoxOfInteger\05.GenericBoxOfInteger.csproj", "{0F8CCC59-13F6-4A8E-AAA4-A481896E8E44}"
EndProject
Global
	GlobalSection(SolutionConfigurationPlatforms) = preSolution
		Debug|Any CPU = Debug|Any CPU
		Release|Any CPU = Release|Any CPU
	EndGlobalSection
	GlobalSection(ProjectConfigurationPlatforms) = postSolution
		{A90504D8-F698-43C8-BD85-6538E6D7F21E}.Debug|Any CPU.ActiveCfg = Debug|Any CPU
		{A90504D8-F698-43C8-BD85-6538E6D7F21E}.Debug|Any CPU.Build.0 = Debug|Any CPU
		{A90504D8-F698-43C8-BD85-6538E6D7F21E}.Release|Any CPU.ActiveCfg = Release|Any CPU
		{A90504D8-F698-43C8-BD85-6538E6D7F21E}.Release|Any CPU.Build.0 = Release|Any CPU
		{0E35688E-B8C9-4CC0-B1F7-7F8D74121F5E}.Debug|Any CPU.ActiveCfg = Debug|Any CPU
		{0E35688E-B8C9-4CC0-B1F7-7F8D74121F5E}.Debug|Any CPU.Build.0 = Debug|Any CPU
		{0E35688E-B8C9-4CC0-B1F7-7F8D74121F5E}.Release|Any CPU.ActiveCfg = Release|Any CPU
		{0E35688E-B8C9-4CC0-B1F7-7F8D74121F5E}.Release|Any CPU.Build.0 = Release|Any CPU
		{1AFC9046-9655-417F-9C38-21C601EBBE62}.Debug|Any CPU.ActiveCfg = Debug|Any CPU
		{1AFC9046-9655-417F-9C38-21C601EBBE62}.Debug|Any CPU.Build.0 = Debug|Any CPU
		{1AFC9046-9655-417F-9C38-21C601EBBE62}.Release|Any CPU.ActiveCfg = Release|Any CPU
		{1AFC9046-9655-417F-9C38-21C601EBBE62}.Release|Any CPU.Build.0 = Release|Any CPU
		{343DF016-9579-4D9B-A8DA-4796F5446DCC}.Debug|Any CPU.ActiveCfg = Debug|Any CPU
		{343DF016-9579-4D9B-A8DA-4796F5446DCC}.Debug|Any CPU.Build.0 = Debug|Any CPU
		{343DF016-9579-4D9B-A8DA-4796F5446DCC}.Release|Any CPU.ActiveCfg = Release|Any CPU
		{343DF016-9579-4D9B-A8DA-4796F5446DCC}.Release|Any CPU.Build.0 = Release|Any CPU
		{0F8CCC59-13F6-4A8E-AAA4-A481896E8E44}.Debug|Any CPU.ActiveCfg = Debug|Any CPU
		{0F8CCC59-13F6-4A8E-AAA4-A481896E8E44}.Debug|Any CPU.Build.0 = Debug|Any CPU
		{0F8CCC59-13F6-4A8E-AAA4-A481896E8E44}.Release|Any CPU.ActiveCfg = Release|Any CPU
		{0F8CCC59-13F6-4A8E-AAA4-A481896E8E44}.Release|Any CPU.Build.0 = Release|Any CPU
	EndGlobalSection
	GlobalSection(SolutionProperties) = preSolution
		HideSolutionNode = FALSE
	EndGlobalSection
	GlobalSection(ExtensibilityGlobals) = postSolution
		SolutionGuid = {A07FB885-9996-44E5-B1CE-7F4155E6F8D2}
	EndGlobalSection
EndGlobal
