
Microsoft Visual Studio Solution File, Format Version 12.00
# Visual Studio Version 16
VisualStudioVersion = 16.0.30517.126
MinimumVisualStudioVersion = 10.0.40219.1
Project("{9A19103F-16F7-4668-BE54-9A1E7A4F7556}") = "01.Box", "01.Box\01.Box.csproj", "{A90504D8-F698-43C8-BD85-6538E6D7F21E}"
EndProject
Project("{9A19103F-16F7-4668-BE54-9A1E7A4F7556}") = "02.ArrayCreator", "02.GenericArrayCreator\02.ArrayCreator.csproj", "{0E35688E-B8C9-4CC0-B1F7-7F8D74121F5E}"
EndProject
Project("{9A19103F-16F7-4668-BE54-9A1E7A4F7556}") = "03.GenericScale", "03.GenericScale\03.GenericScale.csproj", "{1AFC9046-9655-417F-9C38-21C601EBBE62}"
EndProject
Project("{9A19103F-16F7-4668-BE54-9A1E7A4F7556}") = "04.GenericBoxOfString", "04.GenericBoxOfString\04.GenericBoxOfString.csproj", "{343DF016-9579-4D9B-A8DA-4796F5446DCC}"
EndProject
Project("{9A19103F-16F7-4668-BE54-9A1E7A4F7556}") = "05.GenericBoxOfInteger", "05.GenericBoxOfInteger\05.GenericBoxOfInteger.csproj", "{0F8CCC59-13F6-4A8E-AAA4-A481896E8E44}"
EndProject
Project("{FAE04EC0-301F-11D3-BF4B-00C04F79EFBC}") = "06.GenericCountMethodString", "06.GenericSwapMethodString\06.GenericCountMethodString.csproj", "{EEE0A459-76F5-4F53-9EED-E3BDBD5FA65D}"
EndProject
Project("{FAE04EC0-301F-11D3-BF4B-00C04F79EFBC}") = "07.GenericSwapMethodString", "07.GenericSwapMethodString\07.GenericSwapMethodString.csproj", "{9477E152-CD95-4C7B-9393-CC25205D3D7F}"
EndProject
Project("{FAE04EC0-301F-11D3-BF4B-00C04F79EFBC}") = "08.GenericSwapMethodInteger", "08.GenericSwapMethodInteger\08.GenericSwapMethodInteger.csproj", "{C2C249A4-CA5D-4AF3-B99E-844ED2DC48AA}"
EndProject
Project("{FAE04EC0-301F-11D3-BF4B-00C04F79EFBC}") = "09.GenericCountMethodDouble", "09.GenericCountMethodDouble\09.GenericCountMethodDouble.csproj", "{104431E3-B17C-4529-81BA-65EC04717F48}"
EndProject
Project("{FAE04EC0-301F-11D3-BF4B-00C04F79EFBC}") = "10.Tuple", "10.Tuple\10.Tuple.csproj", "{E636B983-342E-44E7-9292-E68AF96BEB99}"
EndProject
Project("{FAE04EC0-301F-11D3-BF4B-00C04F79EFBC}") = "11.Threeuple", "11.Threeuple\11.Threeuple.csproj", "{46CFF9CB-FAFD-4470-9033-D922D3111413}"
EndProject
Project("{FAE04EC0-301F-11D3-BF4B-00C04F79EFBC}") = "12.CustomLinkedList", "12.CustomLinkedList\12.CustomLinkedList.csproj", "{4ED24D97-C141-4639-BD1D-CD05F2924DBF}"
EndProject
Global
	GlobalSection(SolutionConfigurationPlatforms) = preSolution
		Debug|Any CPU = Debug|Any CPU
		Release|Any CPU = Release|Any CPU
	EndGlobalSection
	GlobalSection(ProjectConfigurationPlatforms) = postSolution
		{A90504D8-F698-43C8-BD85-6538E6D7F21E}.Debug|Any CPU.ActiveCfg = Debug|Any CPU
		{A90504D8-F698-43C8-BD85-6538E6D7F21E}.Debug|Any CPU.Build.0 = Debug|Any CPU
		{A90504D8-F698-43C8-BD85-6538E6D7F21E}.Release|Any CPU.ActiveCfg = Release|Any CPU
		{A90504D8-F698-43C8-BD85-6538E6D7F21E}.Release|Any CPU.Build.0 = Release|Any CPU
		{0E35688E-B8C9-4CC0-B1F7-7F8D74121F5E}.Debug|Any CPU.ActiveCfg = Debug|Any CPU
		{0E35688E-B8C9-4CC0-B1F7-7F8D74121F5E}.Debug|Any CPU.Build.0 = Debug|Any CPU
		{0E35688E-B8C9-4CC0-B1F7-7F8D74121F5E}.Release|Any CPU.ActiveCfg = Release|Any CPU
		{0E35688E-B8C9-4CC0-B1F7-7F8D74121F5E}.Release|Any CPU.Build.0 = Release|Any CPU
		{1AFC9046-9655-417F-9C38-21C601EBBE62}.Debug|Any CPU.ActiveCfg = Debug|Any CPU
		{1AFC9046-9655-417F-9C38-21C601EBBE62}.Debug|Any CPU.Build.0 = Debug|Any CPU
		{1AFC9046-9655-417F-9C38-21C601EBBE62}.Release|Any CPU.ActiveCfg = Release|Any CPU
		{1AFC9046-9655-417F-9C38-21C601EBBE62}.Release|Any CPU.Build.0 = Release|Any CPU
		{343DF016-9579-4D9B-A8DA-4796F5446DCC}.Debug|Any CPU.ActiveCfg = Debug|Any CPU
		{343DF016-9579-4D9B-A8DA-4796F5446DCC}.Debug|Any CPU.Build.0 = Debug|Any CPU
		{343DF016-9579-4D9B-A8DA-4796F5446DCC}.Release|Any CPU.ActiveCfg = Release|Any CPU
		{343DF016-9579-4D9B-A8DA-4796F5446DCC}.Release|Any CPU.Build.0 = Release|Any CPU
		{0F8CCC59-13F6-4A8E-AAA4-A481896E8E44}.Debug|Any CPU.ActiveCfg = Debug|Any CPU
		{0F8CCC59-13F6-4A8E-AAA4-A481896E8E44}.Debug|Any CPU.Build.0 = Debug|Any CPU
		{0F8CCC59-13F6-4A8E-AAA4-A481896E8E44}.Release|Any CPU.ActiveCfg = Release|Any CPU
		{0F8CCC59-13F6-4A8E-AAA4-A481896E8E44}.Release|Any CPU.Build.0 = Release|Any CPU
		{EEE0A459-76F5-4F53-9EED-E3BDBD5FA65D}.Debug|Any CPU.ActiveCfg = Debug|Any CPU
		{EEE0A459-76F5-4F53-9EED-E3BDBD5FA65D}.Debug|Any CPU.Build.0 = Debug|Any CPU
		{EEE0A459-76F5-4F53-9EED-E3BDBD5FA65D}.Release|Any CPU.ActiveCfg = Release|Any CPU
		{EEE0A459-76F5-4F53-9EED-E3BDBD5FA65D}.Release|Any CPU.Build.0 = Release|Any CPU
		{9477E152-CD95-4C7B-9393-CC25205D3D7F}.Debug|Any CPU.ActiveCfg = Debug|Any CPU
		{9477E152-CD95-4C7B-9393-CC25205D3D7F}.Debug|Any CPU.Build.0 = Debug|Any CPU
		{9477E152-CD95-4C7B-9393-CC25205D3D7F}.Release|Any CPU.ActiveCfg = Release|Any CPU
		{9477E152-CD95-4C7B-9393-CC25205D3D7F}.Release|Any CPU.Build.0 = Release|Any CPU
		{C2C249A4-CA5D-4AF3-B99E-844ED2DC48AA}.Debug|Any CPU.ActiveCfg = Debug|Any CPU
		{C2C249A4-CA5D-4AF3-B99E-844ED2DC48AA}.Debug|Any CPU.Build.0 = Debug|Any CPU
		{C2C249A4-CA5D-4AF3-B99E-844ED2DC48AA}.Release|Any CPU.ActiveCfg = Release|Any CPU
		{C2C249A4-CA5D-4AF3-B99E-844ED2DC48AA}.Release|Any CPU.Build.0 = Release|Any CPU
		{104431E3-B17C-4529-81BA-65EC04717F48}.Debug|Any CPU.ActiveCfg = Debug|Any CPU
		{104431E3-B17C-4529-81BA-65EC04717F48}.Debug|Any CPU.Build.0 = Debug|Any CPU
		{104431E3-B17C-4529-81BA-65EC04717F48}.Release|Any CPU.ActiveCfg = Release|Any CPU
		{104431E3-B17C-4529-81BA-65EC04717F48}.Release|Any CPU.Build.0 = Release|Any CPU
		{E636B983-342E-44E7-9292-E68AF96BEB99}.Debug|Any CPU.ActiveCfg = Debug|Any CPU
		{E636B983-342E-44E7-9292-E68AF96BEB99}.Debug|Any CPU.Build.0 = Debug|Any CPU
		{E636B983-342E-44E7-9292-E68AF96BEB99}.Release|Any CPU.ActiveCfg = Release|Any CPU
		{E636B983-342E-44E7-9292-E68AF96BEB99}.Release|Any CPU.Build.0 = Release|Any CPU
		{46CFF9CB-FAFD-4470-9033-D922D3111413}.Debug|Any CPU.ActiveCfg = Debug|Any CPU
		{46CFF9CB-FAFD-4470-9033-D922D3111413}.Debug|Any CPU.Build.0 = Debug|Any CPU
		{46CFF9CB-FAFD-4470-9033-D922D3111413}.Release|Any CPU.ActiveCfg = Release|Any CPU
		{46CFF9CB-FAFD-4470-9033-D922D3111413}.Release|Any CPU.Build.0 = Release|Any CPU
		{4ED24D97-C141-4639-BD1D-CD05F2924DBF}.Debug|Any CPU.ActiveCfg = Debug|Any CPU
		{4ED24D97-C141-4639-BD1D-CD05F2924DBF}.Debug|Any CPU.Build.0 = Debug|Any CPU
		{4ED24D97-C141-4639-BD1D-CD05F2924DBF}.Release|Any CPU.ActiveCfg = Release|Any CPU
		{4ED24D97-C141-4639-BD1D-CD05F2924DBF}.Release|Any CPU.Build.0 = Release|Any CPU
	EndGlobalSection
	GlobalSection(SolutionProperties) = preSolution
		HideSolutionNode = FALSE
	EndGlobalSection
	GlobalSection(ExtensibilityGlobals) = postSolution
		SolutionGuid = {A07FB885-9996-44E5-B1CE-7F4155E6F8D2}
	EndGlobalSection
EndGlobal
