
Microsoft Visual Studio Solution File, Format Version 12.00
# Visual Studio Version 16
VisualStudioVersion = 16.0.30517.126
MinimumVisualStudioVersion = 10.0.40219.1
Project("{9A19103F-16F7-4668-BE54-9A1E7A4F7556}") = "01.SumMatrixElements", "01.SumMatrixElements\01.SumMatrixElements.csproj", "{D012103F-8896-4BCA-8240-BC975E67C999}"
EndProject
Project("{9A19103F-16F7-4668-BE54-9A1E7A4F7556}") = "03.PrimaryDiagonal", "03.PrimaryDiagonal\03.PrimaryDiagonal.csproj", "{2D291B6E-33D3-4824-82C5-2398BBFF27AF}"
EndProject
Project("{9A19103F-16F7-4668-BE54-9A1E7A4F7556}") = "04.SymbolInMatrix", "04.SymbolInMatrix\04.SymbolInMatrix.csproj", "{CA6F665C-7B91-4D2E-8868-0BFEFEC6B144}"
EndProject
Project("{9A19103F-16F7-4668-BE54-9A1E7A4F7556}") = "05.SquareWithMaximumSum", "05.SquareWithMaximumSum\05.SquareWithMaximumSum.csproj", "{BDB7F0E5-649A-437B-811C-85CF8126F716}"
EndProject
Project("{9A19103F-16F7-4668-BE54-9A1E7A4F7556}") = "06.JaggedArrayModification", "06.JaggedArrayModification\06.JaggedArrayModification.csproj", "{50DAACDA-98D2-457A-9C33-AEECF48AC9EF}"
EndProject
Project("{9A19103F-16F7-4668-BE54-9A1E7A4F7556}") = "07.PascalTriangle", "07.PascalTriangle\07.PascalTriangle.csproj", "{B9BC0277-65C4-4D23-BF95-E42A74654E3F}"
EndProject
Project("{9A19103F-16F7-4668-BE54-9A1E7A4F7556}") = "02.SumMatrixColumns", "02.SumMatrixColumns\02.SumMatrixColumns.csproj", "{667824E3-F920-4ECA-9772-1B499BC51A7D}"
EndProject
Project("{FAE04EC0-301F-11D3-BF4B-00C04F79EFBC}") = "08.DiagonalDifference", "08.DiagonalDifference\08.DiagonalDifference.csproj", "{52430FFF-662D-47AD-B714-1A872ACE1371}"
EndProject
Project("{FAE04EC0-301F-11D3-BF4B-00C04F79EFBC}") = "09.SquaresInMatrix", "09.SquaresInMatrix\09.SquaresInMatrix.csproj", "{DCD2EDCB-620D-4933-9D0E-3B8CAB05C22D}"
EndProject
Project("{FAE04EC0-301F-11D3-BF4B-00C04F79EFBC}") = "10.MaximalSum", "10.MaximalSum\10.MaximalSum.csproj", "{19E07F59-0B18-46DC-8D18-D52D69D606F6}"
EndProject
Project("{FAE04EC0-301F-11D3-BF4B-00C04F79EFBC}") = "11.MatrixShuffling", "11.MatrixShuffling\11.MatrixShuffling.csproj", "{A8B2BCF1-5277-4AB6-81A4-C8CE37A048A5}"
EndProject
Project("{FAE04EC0-301F-11D3-BF4B-00C04F79EFBC}") = "12.SnakeMoves", "12.SnakeMoves\12.SnakeMoves.csproj", "{55D11D3D-1155-440E-BB54-08F34DDB412A}"
EndProject
Global
	GlobalSection(SolutionConfigurationPlatforms) = preSolution
		Debug|Any CPU = Debug|Any CPU
		Release|Any CPU = Release|Any CPU
	EndGlobalSection
	GlobalSection(ProjectConfigurationPlatforms) = postSolution
		{D012103F-8896-4BCA-8240-BC975E67C999}.Debug|Any CPU.ActiveCfg = Debug|Any CPU
		{D012103F-8896-4BCA-8240-BC975E67C999}.Debug|Any CPU.Build.0 = Debug|Any CPU
		{D012103F-8896-4BCA-8240-BC975E67C999}.Release|Any CPU.ActiveCfg = Release|Any CPU
		{D012103F-8896-4BCA-8240-BC975E67C999}.Release|Any CPU.Build.0 = Release|Any CPU
		{2D291B6E-33D3-4824-82C5-2398BBFF27AF}.Debug|Any CPU.ActiveCfg = Debug|Any CPU
		{2D291B6E-33D3-4824-82C5-2398BBFF27AF}.Debug|Any CPU.Build.0 = Debug|Any CPU
		{2D291B6E-33D3-4824-82C5-2398BBFF27AF}.Release|Any CPU.ActiveCfg = Release|Any CPU
		{2D291B6E-33D3-4824-82C5-2398BBFF27AF}.Release|Any CPU.Build.0 = Release|Any CPU
		{CA6F665C-7B91-4D2E-8868-0BFEFEC6B144}.Debug|Any CPU.ActiveCfg = Debug|Any CPU
		{CA6F665C-7B91-4D2E-8868-0BFEFEC6B144}.Debug|Any CPU.Build.0 = Debug|Any CPU
		{CA6F665C-7B91-4D2E-8868-0BFEFEC6B144}.Release|Any CPU.ActiveCfg = Release|Any CPU
		{CA6F665C-7B91-4D2E-8868-0BFEFEC6B144}.Release|Any CPU.Build.0 = Release|Any CPU
		{BDB7F0E5-649A-437B-811C-85CF8126F716}.Debug|Any CPU.ActiveCfg = Debug|Any CPU
		{BDB7F0E5-649A-437B-811C-85CF8126F716}.Debug|Any CPU.Build.0 = Debug|Any CPU
		{BDB7F0E5-649A-437B-811C-85CF8126F716}.Release|Any CPU.ActiveCfg = Release|Any CPU
		{BDB7F0E5-649A-437B-811C-85CF8126F716}.Release|Any CPU.Build.0 = Release|Any CPU
		{50DAACDA-98D2-457A-9C33-AEECF48AC9EF}.Debug|Any CPU.ActiveCfg = Debug|Any CPU
		{50DAACDA-98D2-457A-9C33-AEECF48AC9EF}.Debug|Any CPU.Build.0 = Debug|Any CPU
		{50DAACDA-98D2-457A-9C33-AEECF48AC9EF}.Release|Any CPU.ActiveCfg = Release|Any CPU
		{50DAACDA-98D2-457A-9C33-AEECF48AC9EF}.Release|Any CPU.Build.0 = Release|Any CPU
		{B9BC0277-65C4-4D23-BF95-E42A74654E3F}.Debug|Any CPU.ActiveCfg = Debug|Any CPU
		{B9BC0277-65C4-4D23-BF95-E42A74654E3F}.Debug|Any CPU.Build.0 = Debug|Any CPU
		{B9BC0277-65C4-4D23-BF95-E42A74654E3F}.Release|Any CPU.ActiveCfg = Release|Any CPU
		{B9BC0277-65C4-4D23-BF95-E42A74654E3F}.Release|Any CPU.Build.0 = Release|Any CPU
		{667824E3-F920-4ECA-9772-1B499BC51A7D}.Debug|Any CPU.ActiveCfg = Debug|Any CPU
		{667824E3-F920-4ECA-9772-1B499BC51A7D}.Debug|Any CPU.Build.0 = Debug|Any CPU
		{667824E3-F920-4ECA-9772-1B499BC51A7D}.Release|Any CPU.ActiveCfg = Release|Any CPU
		{667824E3-F920-4ECA-9772-1B499BC51A7D}.Release|Any CPU.Build.0 = Release|Any CPU
		{52430FFF-662D-47AD-B714-1A872ACE1371}.Debug|Any CPU.ActiveCfg = Debug|Any CPU
		{52430FFF-662D-47AD-B714-1A872ACE1371}.Debug|Any CPU.Build.0 = Debug|Any CPU
		{52430FFF-662D-47AD-B714-1A872ACE1371}.Release|Any CPU.ActiveCfg = Release|Any CPU
		{52430FFF-662D-47AD-B714-1A872ACE1371}.Release|Any CPU.Build.0 = Release|Any CPU
		{DCD2EDCB-620D-4933-9D0E-3B8CAB05C22D}.Debug|Any CPU.ActiveCfg = Debug|Any CPU
		{DCD2EDCB-620D-4933-9D0E-3B8CAB05C22D}.Debug|Any CPU.Build.0 = Debug|Any CPU
		{DCD2EDCB-620D-4933-9D0E-3B8CAB05C22D}.Release|Any CPU.ActiveCfg = Release|Any CPU
		{DCD2EDCB-620D-4933-9D0E-3B8CAB05C22D}.Release|Any CPU.Build.0 = Release|Any CPU
		{19E07F59-0B18-46DC-8D18-D52D69D606F6}.Debug|Any CPU.ActiveCfg = Debug|Any CPU
		{19E07F59-0B18-46DC-8D18-D52D69D606F6}.Debug|Any CPU.Build.0 = Debug|Any CPU
		{19E07F59-0B18-46DC-8D18-D52D69D606F6}.Release|Any CPU.ActiveCfg = Release|Any CPU
		{19E07F59-0B18-46DC-8D18-D52D69D606F6}.Release|Any CPU.Build.0 = Release|Any CPU
		{A8B2BCF1-5277-4AB6-81A4-C8CE37A048A5}.Debug|Any CPU.ActiveCfg = Debug|Any CPU
		{A8B2BCF1-5277-4AB6-81A4-C8CE37A048A5}.Debug|Any CPU.Build.0 = Debug|Any CPU
		{A8B2BCF1-5277-4AB6-81A4-C8CE37A048A5}.Release|Any CPU.ActiveCfg = Release|Any CPU
		{A8B2BCF1-5277-4AB6-81A4-C8CE37A048A5}.Release|Any CPU.Build.0 = Release|Any CPU
		{55D11D3D-1155-440E-BB54-08F34DDB412A}.Debug|Any CPU.ActiveCfg = Debug|Any CPU
		{55D11D3D-1155-440E-BB54-08F34DDB412A}.Debug|Any CPU.Build.0 = Debug|Any CPU
		{55D11D3D-1155-440E-BB54-08F34DDB412A}.Release|Any CPU.ActiveCfg = Release|Any CPU
		{55D11D3D-1155-440E-BB54-08F34DDB412A}.Release|Any CPU.Build.0 = Release|Any CPU
	EndGlobalSection
	GlobalSection(SolutionProperties) = preSolution
		HideSolutionNode = FALSE
	EndGlobalSection
	GlobalSection(ExtensibilityGlobals) = postSolution
		SolutionGuid = {6174102C-4D28-4E37-A1A1-342B21F1F330}
	EndGlobalSection
EndGlobal
