
Microsoft Visual Studio Solution File, Format Version 12.00
# Visual Studio Version 16
VisualStudioVersion = 16.0.30517.126
MinimumVisualStudioVersion = 10.0.40219.1
Project("{9A19103F-16F7-4668-BE54-9A1E7A4F7556}") = "SignOfIntegerNumbers", "SignOfIntegerNumbers\SignOfIntegerNumbers.csproj", "{D286DE88-4732-4C14-9B16-1E9BD336028F}"
EndProject
Project("{9A19103F-16F7-4668-BE54-9A1E7A4F7556}") = "Grades", "Grades\Grades.csproj", "{1E7200F8-5576-41FF-A4A3-AE8DFB36A3CB}"
EndProject
Project("{9A19103F-16F7-4668-BE54-9A1E7A4F7556}") = "Calculations", "Calculations\Calculations.csproj", "{6FC245F0-E5C8-45EA-A94C-7F0871291FFF}"
EndProject
Project("{9A19103F-16F7-4668-BE54-9A1E7A4F7556}") = "PrintingTriangle", "PrintingTriangle\PrintingTriangle.csproj", "{6D171761-C749-4C60-B20E-5AC6AA0D9369}"
EndProject
Project("{FAE04EC0-301F-11D3-BF4B-00C04F79EFBC}") = "Orders", "Orders\Orders.csproj", "{1C387623-229F-4BB2-98D5-2177A8AF8B04}"
EndProject
Project("{FAE04EC0-301F-11D3-BF4B-00C04F79EFBC}") = "CalculateRectangleArea", "CalculateRectangleArea\CalculateRectangleArea.csproj", "{797C06CC-9F23-4078-9D9B-43D9117A4213}"
EndProject
Project("{FAE04EC0-301F-11D3-BF4B-00C04F79EFBC}") = "RepeatString", "RepeatString\RepeatString.csproj", "{D4F0C314-BC85-49B2-A718-53B392A7ADE1}"
EndProject
Project("{FAE04EC0-301F-11D3-BF4B-00C04F79EFBC}") = "MathPower", "MathPower\MathPower.csproj", "{63BC0649-5661-4C1B-8E0B-D292493CBE16}"
EndProject
Project("{FAE04EC0-301F-11D3-BF4B-00C04F79EFBC}") = "GreaterOfTwoValues", "GreaterOfTwoValues\GreaterOfTwoValues.csproj", "{6A501AD9-AB2E-4AC0-A42D-4D82726FAB46}"
EndProject
Project("{FAE04EC0-301F-11D3-BF4B-00C04F79EFBC}") = "MultiplyEvensbyOdds", "MultiplyEvensbyOdds\MultiplyEvensbyOdds.csproj", "{EA28DEE6-1540-49BA-8325-8443518044AC}"
EndProject
Project("{FAE04EC0-301F-11D3-BF4B-00C04F79EFBC}") = "MathOperations", "MathOperations\MathOperations.csproj", "{0331D84C-13DE-4D70-8885-FE43CB35D6CD}"
EndProject
Project("{FAE04EC0-301F-11D3-BF4B-00C04F79EFBC}") = "SmallestОfThreeNumbers", "SmallestОfThreeNumbers\SmallestОfThreeNumbers.csproj", "{F6238F63-48C3-45F4-A25C-B72B902DA7D8}"
EndProject
Project("{FAE04EC0-301F-11D3-BF4B-00C04F79EFBC}") = "VowelsCount", "VowelsCount\VowelsCount.csproj", "{7A1D76A3-2D00-4AA7-A1D9-8ED58B0B434F}"
EndProject
Project("{FAE04EC0-301F-11D3-BF4B-00C04F79EFBC}") = "CharactersInRange", "CharactersInRange\CharactersInRange.csproj", "{00AE24E7-1270-487A-B3F1-7FB54AA3DAF0}"
EndProject
Project("{FAE04EC0-301F-11D3-BF4B-00C04F79EFBC}") = "PasswordValidator", "PasswordValidator\PasswordValidator.csproj", "{71026FA2-B868-4173-A8C1-8434F75490FD}"
EndProject
Project("{FAE04EC0-301F-11D3-BF4B-00C04F79EFBC}") = "AddAndSubtract", "AddAndSubtract\AddAndSubtract.csproj", "{F551017F-8F46-47A0-8136-66DEC8FC9D44}"
EndProject
Project("{FAE04EC0-301F-11D3-BF4B-00C04F79EFBC}") = "MiddleCharacters", "MiddleCharacters\MiddleCharacters.csproj", "{CD563C22-01FC-47C7-B0E4-5BF625EC1803}"
EndProject
Project("{FAE04EC0-301F-11D3-BF4B-00C04F79EFBC}") = "NxNMatrix", "NxNMatrix\NxNMatrix.csproj", "{AADBF858-5B09-47D9-BF56-2362FF9F0C0C}"
EndProject
Project("{FAE04EC0-301F-11D3-BF4B-00C04F79EFBC}") = "FactorialDivision", "FactorialDivision\FactorialDivision.csproj", "{2392B1BC-11A4-4712-9327-87C058FE61BC}"
EndProject
Project("{FAE04EC0-301F-11D3-BF4B-00C04F79EFBC}") = "PalindromeIntegers", "PalindromeIntegers\PalindromeIntegers.csproj", "{6AA62BB8-239E-4A46-A36B-4A70C40B8A9A}"
EndProject
Project("{FAE04EC0-301F-11D3-BF4B-00C04F79EFBC}") = "TopNumber", "TopNumber\TopNumber.csproj", "{68C2B09E-0205-43F4-83ED-7EF7E55ADE1F}"
EndProject
Project("{FAE04EC0-301F-11D3-BF4B-00C04F79EFBC}") = "ArrayManipulator", "ArrayManipulator\ArrayManipulator.csproj", "{1B997177-1F7D-47E3-B287-5F01A5A722A2}"
EndProject
Project("{FAE04EC0-301F-11D3-BF4B-00C04F79EFBC}") = "DataTypes", "DataTypes\DataTypes.csproj", "{41E71690-90FF-4F94-9051-F9C26E7613E7}"
EndProject
Global
	GlobalSection(SolutionConfigurationPlatforms) = preSolution
		Debug|Any CPU = Debug|Any CPU
		Release|Any CPU = Release|Any CPU
	EndGlobalSection
	GlobalSection(ProjectConfigurationPlatforms) = postSolution
		{D286DE88-4732-4C14-9B16-1E9BD336028F}.Debug|Any CPU.ActiveCfg = Debug|Any CPU
		{D286DE88-4732-4C14-9B16-1E9BD336028F}.Debug|Any CPU.Build.0 = Debug|Any CPU
		{D286DE88-4732-4C14-9B16-1E9BD336028F}.Release|Any CPU.ActiveCfg = Release|Any CPU
		{D286DE88-4732-4C14-9B16-1E9BD336028F}.Release|Any CPU.Build.0 = Release|Any CPU
		{1E7200F8-5576-41FF-A4A3-AE8DFB36A3CB}.Debug|Any CPU.ActiveCfg = Debug|Any CPU
		{1E7200F8-5576-41FF-A4A3-AE8DFB36A3CB}.Debug|Any CPU.Build.0 = Debug|Any CPU
		{1E7200F8-5576-41FF-A4A3-AE8DFB36A3CB}.Release|Any CPU.ActiveCfg = Release|Any CPU
		{1E7200F8-5576-41FF-A4A3-AE8DFB36A3CB}.Release|Any CPU.Build.0 = Release|Any CPU
		{6FC245F0-E5C8-45EA-A94C-7F0871291FFF}.Debug|Any CPU.ActiveCfg = Debug|Any CPU
		{6FC245F0-E5C8-45EA-A94C-7F0871291FFF}.Debug|Any CPU.Build.0 = Debug|Any CPU
		{6FC245F0-E5C8-45EA-A94C-7F0871291FFF}.Release|Any CPU.ActiveCfg = Release|Any CPU
		{6FC245F0-E5C8-45EA-A94C-7F0871291FFF}.Release|Any CPU.Build.0 = Release|Any CPU
		{6D171761-C749-4C60-B20E-5AC6AA0D9369}.Debug|Any CPU.ActiveCfg = Debug|Any CPU
		{6D171761-C749-4C60-B20E-5AC6AA0D9369}.Debug|Any CPU.Build.0 = Debug|Any CPU
		{6D171761-C749-4C60-B20E-5AC6AA0D9369}.Release|Any CPU.ActiveCfg = Release|Any CPU
		{6D171761-C749-4C60-B20E-5AC6AA0D9369}.Release|Any CPU.Build.0 = Release|Any CPU
		{1C387623-229F-4BB2-98D5-2177A8AF8B04}.Debug|Any CPU.ActiveCfg = Debug|Any CPU
		{1C387623-229F-4BB2-98D5-2177A8AF8B04}.Debug|Any CPU.Build.0 = Debug|Any CPU
		{1C387623-229F-4BB2-98D5-2177A8AF8B04}.Release|Any CPU.ActiveCfg = Release|Any CPU
		{1C387623-229F-4BB2-98D5-2177A8AF8B04}.Release|Any CPU.Build.0 = Release|Any CPU
		{797C06CC-9F23-4078-9D9B-43D9117A4213}.Debug|Any CPU.ActiveCfg = Debug|Any CPU
		{797C06CC-9F23-4078-9D9B-43D9117A4213}.Debug|Any CPU.Build.0 = Debug|Any CPU
		{797C06CC-9F23-4078-9D9B-43D9117A4213}.Release|Any CPU.ActiveCfg = Release|Any CPU
		{797C06CC-9F23-4078-9D9B-43D9117A4213}.Release|Any CPU.Build.0 = Release|Any CPU
		{D4F0C314-BC85-49B2-A718-53B392A7ADE1}.Debug|Any CPU.ActiveCfg = Debug|Any CPU
		{D4F0C314-BC85-49B2-A718-53B392A7ADE1}.Debug|Any CPU.Build.0 = Debug|Any CPU
		{D4F0C314-BC85-49B2-A718-53B392A7ADE1}.Release|Any CPU.ActiveCfg = Release|Any CPU
		{D4F0C314-BC85-49B2-A718-53B392A7ADE1}.Release|Any CPU.Build.0 = Release|Any CPU
		{63BC0649-5661-4C1B-8E0B-D292493CBE16}.Debug|Any CPU.ActiveCfg = Debug|Any CPU
		{63BC0649-5661-4C1B-8E0B-D292493CBE16}.Debug|Any CPU.Build.0 = Debug|Any CPU
		{63BC0649-5661-4C1B-8E0B-D292493CBE16}.Release|Any CPU.ActiveCfg = Release|Any CPU
		{63BC0649-5661-4C1B-8E0B-D292493CBE16}.Release|Any CPU.Build.0 = Release|Any CPU
		{6A501AD9-AB2E-4AC0-A42D-4D82726FAB46}.Debug|Any CPU.ActiveCfg = Debug|Any CPU
		{6A501AD9-AB2E-4AC0-A42D-4D82726FAB46}.Debug|Any CPU.Build.0 = Debug|Any CPU
		{6A501AD9-AB2E-4AC0-A42D-4D82726FAB46}.Release|Any CPU.ActiveCfg = Release|Any CPU
		{6A501AD9-AB2E-4AC0-A42D-4D82726FAB46}.Release|Any CPU.Build.0 = Release|Any CPU
		{EA28DEE6-1540-49BA-8325-8443518044AC}.Debug|Any CPU.ActiveCfg = Debug|Any CPU
		{EA28DEE6-1540-49BA-8325-8443518044AC}.Debug|Any CPU.Build.0 = Debug|Any CPU
		{EA28DEE6-1540-49BA-8325-8443518044AC}.Release|Any CPU.ActiveCfg = Release|Any CPU
		{EA28DEE6-1540-49BA-8325-8443518044AC}.Release|Any CPU.Build.0 = Release|Any CPU
		{0331D84C-13DE-4D70-8885-FE43CB35D6CD}.Debug|Any CPU.ActiveCfg = Debug|Any CPU
		{0331D84C-13DE-4D70-8885-FE43CB35D6CD}.Debug|Any CPU.Build.0 = Debug|Any CPU
		{0331D84C-13DE-4D70-8885-FE43CB35D6CD}.Release|Any CPU.ActiveCfg = Release|Any CPU
		{0331D84C-13DE-4D70-8885-FE43CB35D6CD}.Release|Any CPU.Build.0 = Release|Any CPU
		{F6238F63-48C3-45F4-A25C-B72B902DA7D8}.Debug|Any CPU.ActiveCfg = Debug|Any CPU
		{F6238F63-48C3-45F4-A25C-B72B902DA7D8}.Debug|Any CPU.Build.0 = Debug|Any CPU
		{F6238F63-48C3-45F4-A25C-B72B902DA7D8}.Release|Any CPU.ActiveCfg = Release|Any CPU
		{F6238F63-48C3-45F4-A25C-B72B902DA7D8}.Release|Any CPU.Build.0 = Release|Any CPU
		{7A1D76A3-2D00-4AA7-A1D9-8ED58B0B434F}.Debug|Any CPU.ActiveCfg = Debug|Any CPU
		{7A1D76A3-2D00-4AA7-A1D9-8ED58B0B434F}.Debug|Any CPU.Build.0 = Debug|Any CPU
		{7A1D76A3-2D00-4AA7-A1D9-8ED58B0B434F}.Release|Any CPU.ActiveCfg = Release|Any CPU
		{7A1D76A3-2D00-4AA7-A1D9-8ED58B0B434F}.Release|Any CPU.Build.0 = Release|Any CPU
		{00AE24E7-1270-487A-B3F1-7FB54AA3DAF0}.Debug|Any CPU.ActiveCfg = Debug|Any CPU
		{00AE24E7-1270-487A-B3F1-7FB54AA3DAF0}.Debug|Any CPU.Build.0 = Debug|Any CPU
		{00AE24E7-1270-487A-B3F1-7FB54AA3DAF0}.Release|Any CPU.ActiveCfg = Release|Any CPU
		{00AE24E7-1270-487A-B3F1-7FB54AA3DAF0}.Release|Any CPU.Build.0 = Release|Any CPU
		{71026FA2-B868-4173-A8C1-8434F75490FD}.Debug|Any CPU.ActiveCfg = Debug|Any CPU
		{71026FA2-B868-4173-A8C1-8434F75490FD}.Debug|Any CPU.Build.0 = Debug|Any CPU
		{71026FA2-B868-4173-A8C1-8434F75490FD}.Release|Any CPU.ActiveCfg = Release|Any CPU
		{71026FA2-B868-4173-A8C1-8434F75490FD}.Release|Any CPU.Build.0 = Release|Any CPU
		{F551017F-8F46-47A0-8136-66DEC8FC9D44}.Debug|Any CPU.ActiveCfg = Debug|Any CPU
		{F551017F-8F46-47A0-8136-66DEC8FC9D44}.Debug|Any CPU.Build.0 = Debug|Any CPU
		{F551017F-8F46-47A0-8136-66DEC8FC9D44}.Release|Any CPU.ActiveCfg = Release|Any CPU
		{F551017F-8F46-47A0-8136-66DEC8FC9D44}.Release|Any CPU.Build.0 = Release|Any CPU
		{CD563C22-01FC-47C7-B0E4-5BF625EC1803}.Debug|Any CPU.ActiveCfg = Debug|Any CPU
		{CD563C22-01FC-47C7-B0E4-5BF625EC1803}.Debug|Any CPU.Build.0 = Debug|Any CPU
		{CD563C22-01FC-47C7-B0E4-5BF625EC1803}.Release|Any CPU.ActiveCfg = Release|Any CPU
		{CD563C22-01FC-47C7-B0E4-5BF625EC1803}.Release|Any CPU.Build.0 = Release|Any CPU
		{AADBF858-5B09-47D9-BF56-2362FF9F0C0C}.Debug|Any CPU.ActiveCfg = Debug|Any CPU
		{AADBF858-5B09-47D9-BF56-2362FF9F0C0C}.Debug|Any CPU.Build.0 = Debug|Any CPU
		{AADBF858-5B09-47D9-BF56-2362FF9F0C0C}.Release|Any CPU.ActiveCfg = Release|Any CPU
		{AADBF858-5B09-47D9-BF56-2362FF9F0C0C}.Release|Any CPU.Build.0 = Release|Any CPU
		{2392B1BC-11A4-4712-9327-87C058FE61BC}.Debug|Any CPU.ActiveCfg = Debug|Any CPU
		{2392B1BC-11A4-4712-9327-87C058FE61BC}.Debug|Any CPU.Build.0 = Debug|Any CPU
		{2392B1BC-11A4-4712-9327-87C058FE61BC}.Release|Any CPU.ActiveCfg = Release|Any CPU
		{2392B1BC-11A4-4712-9327-87C058FE61BC}.Release|Any CPU.Build.0 = Release|Any CPU
		{6AA62BB8-239E-4A46-A36B-4A70C40B8A9A}.Debug|Any CPU.ActiveCfg = Debug|Any CPU
		{6AA62BB8-239E-4A46-A36B-4A70C40B8A9A}.Debug|Any CPU.Build.0 = Debug|Any CPU
		{6AA62BB8-239E-4A46-A36B-4A70C40B8A9A}.Release|Any CPU.ActiveCfg = Release|Any CPU
		{6AA62BB8-239E-4A46-A36B-4A70C40B8A9A}.Release|Any CPU.Build.0 = Release|Any CPU
		{68C2B09E-0205-43F4-83ED-7EF7E55ADE1F}.Debug|Any CPU.ActiveCfg = Debug|Any CPU
		{68C2B09E-0205-43F4-83ED-7EF7E55ADE1F}.Debug|Any CPU.Build.0 = Debug|Any CPU
		{68C2B09E-0205-43F4-83ED-7EF7E55ADE1F}.Release|Any CPU.ActiveCfg = Release|Any CPU
		{68C2B09E-0205-43F4-83ED-7EF7E55ADE1F}.Release|Any CPU.Build.0 = Release|Any CPU
		{1B997177-1F7D-47E3-B287-5F01A5A722A2}.Debug|Any CPU.ActiveCfg = Debug|Any CPU
		{1B997177-1F7D-47E3-B287-5F01A5A722A2}.Debug|Any CPU.Build.0 = Debug|Any CPU
		{1B997177-1F7D-47E3-B287-5F01A5A722A2}.Release|Any CPU.ActiveCfg = Release|Any CPU
		{1B997177-1F7D-47E3-B287-5F01A5A722A2}.Release|Any CPU.Build.0 = Release|Any CPU
		{41E71690-90FF-4F94-9051-F9C26E7613E7}.Debug|Any CPU.ActiveCfg = Debug|Any CPU
		{41E71690-90FF-4F94-9051-F9C26E7613E7}.Debug|Any CPU.Build.0 = Debug|Any CPU
		{41E71690-90FF-4F94-9051-F9C26E7613E7}.Release|Any CPU.ActiveCfg = Release|Any CPU
		{41E71690-90FF-4F94-9051-F9C26E7613E7}.Release|Any CPU.Build.0 = Release|Any CPU
	EndGlobalSection
	GlobalSection(SolutionProperties) = preSolution
		HideSolutionNode = FALSE
	EndGlobalSection
	GlobalSection(ExtensibilityGlobals) = postSolution
		SolutionGuid = {C557149E-9DF6-4824-983F-DD8C444FE1CA}
	EndGlobalSection
EndGlobal
