
Microsoft Visual Studio Solution File, Format Version 12.00
# Visual Studio Version 16
VisualStudioVersion = 16.0.30517.126
MinimumVisualStudioVersion = 10.0.40219.1
Project("{9A19103F-16F7-4668-BE54-9A1E7A4F7556}") = "SumAdjacentEqualNumbers", "SumAdjacentEqualNumbers\SumAdjacentEqualNumbers.csproj", "{C38D0FDF-66B7-426B-9DE1-0F4B30300264}"
EndProject
Project("{9A19103F-16F7-4668-BE54-9A1E7A4F7556}") = "GaussTrick", "GaussTrick\GaussTrick.csproj", "{4D203CF4-A77C-452E-BB18-6BEF186384A2}"
EndProject
Project("{9A19103F-16F7-4668-BE54-9A1E7A4F7556}") = "MergingLists", "MergingLists\MergingLists.csproj", "{EE3B836B-B91F-411E-B159-2A70CEFE95DD}"
EndProject
Project("{9A19103F-16F7-4668-BE54-9A1E7A4F7556}") = "ListOfProducts", "ListOfProducts\ListOfProducts.csproj", "{80348188-D6D3-4831-937C-29EE562981B7}"
EndProject
Project("{9A19103F-16F7-4668-BE54-9A1E7A4F7556}") = "RemoveNegativesAndReverse", "RemoveNegativesAndReverse\RemoveNegativesAndReverse.csproj", "{207F892D-E4E1-43DC-B817-5F6197F97EED}"
EndProject
Project("{9A19103F-16F7-4668-BE54-9A1E7A4F7556}") = "ListManipulationBasics", "ListManipulationBasics\ListManipulationBasics.csproj", "{5D119FE9-C437-431F-8243-CB41B974DBB5}"
EndProject
Project("{9A19103F-16F7-4668-BE54-9A1E7A4F7556}") = "ListManipulationAdvanced", "ListManipulationAdvanced\ListManipulationAdvanced.csproj", "{2C88C06C-DFEA-420B-A90A-9C908A826E36}"
EndProject
Project("{9A19103F-16F7-4668-BE54-9A1E7A4F7556}") = "Train", "Train\Train.csproj", "{42BCEB90-4584-48C6-B20A-7E6C14451852}"
EndProject
Project("{9A19103F-16F7-4668-BE54-9A1E7A4F7556}") = "ChangeList", "ChangeList\ChangeList.csproj", "{50FA3A04-8A2B-4C20-BBDB-289ABA0DC3CD}"
EndProject
Project("{9A19103F-16F7-4668-BE54-9A1E7A4F7556}") = "HouseParty", "HouseParty\HouseParty.csproj", "{EE0FCA22-8D11-43C4-A3C3-F9732AFEEE89}"
EndProject
Project("{9A19103F-16F7-4668-BE54-9A1E7A4F7556}") = "ListOperations", "ListOperations\ListOperations.csproj", "{6D3C6AB9-AAE1-42D0-B292-060861859916}"
EndProject
Project("{9A19103F-16F7-4668-BE54-9A1E7A4F7556}") = "BombNumbers", "BombNumbers\BombNumbers.csproj", "{DCFB1EC9-0B06-4AFC-966E-C02BBAEBC632}"
EndProject
Project("{9A19103F-16F7-4668-BE54-9A1E7A4F7556}") = "CardsGame", "CardsGame\CardsGame.csproj", "{0449897D-2879-4071-AB08-04A504333C8D}"
EndProject
Project("{9A19103F-16F7-4668-BE54-9A1E7A4F7556}") = "AppendArrays", "AppendArrays\AppendArrays.csproj", "{F6574EE1-E45F-412E-94A7-52DF72102361}"
EndProject
Project("{9A19103F-16F7-4668-BE54-9A1E7A4F7556}") = "AnonymousThreat", "AnonymousThreat\AnonymousThreat.csproj", "{496CBE1A-E9F9-4BFA-8757-E80464F67535}"
EndProject
Project("{9A19103F-16F7-4668-BE54-9A1E7A4F7556}") = "PokemonDontGo", "PokemonDontGo\PokemonDontGo.csproj", "{C20061D3-94F6-480B-9D9F-21A6F6236862}"
EndProject
Project("{9A19103F-16F7-4668-BE54-9A1E7A4F7556}") = "SoftUniCoursePlanning", "SoftUniCoursePlanning\SoftUniCoursePlanning.csproj", "{B917C5A4-ED44-43E2-9C54-A3FDF4457B9E}"
EndProject
Project("{FAE04EC0-301F-11D3-BF4B-00C04F79EFBC}") = "Messaging", "Messaging\Messaging.csproj", "{84BB04B1-4DF4-41E8-B18D-64ED7F19BEB5}"
EndProject
Project("{FAE04EC0-301F-11D3-BF4B-00C04F79EFBC}") = "CarRace", "CarRace\CarRace.csproj", "{F8D3CCAF-6C4B-4350-B30D-CC936070796B}"
EndProject
Project("{FAE04EC0-301F-11D3-BF4B-00C04F79EFBC}") = "TakeOrSkipRope", "TakeOrSkipRope\TakeOrSkipRope.csproj", "{E9002B77-66D8-4B81-9E3C-BB6858DE9768}"
EndProject
Global
	GlobalSection(SolutionConfigurationPlatforms) = preSolution
		Debug|Any CPU = Debug|Any CPU
		Release|Any CPU = Release|Any CPU
	EndGlobalSection
	GlobalSection(ProjectConfigurationPlatforms) = postSolution
		{C38D0FDF-66B7-426B-9DE1-0F4B30300264}.Debug|Any CPU.ActiveCfg = Debug|Any CPU
		{C38D0FDF-66B7-426B-9DE1-0F4B30300264}.Debug|Any CPU.Build.0 = Debug|Any CPU
		{C38D0FDF-66B7-426B-9DE1-0F4B30300264}.Release|Any CPU.ActiveCfg = Release|Any CPU
		{C38D0FDF-66B7-426B-9DE1-0F4B30300264}.Release|Any CPU.Build.0 = Release|Any CPU
		{4D203CF4-A77C-452E-BB18-6BEF186384A2}.Debug|Any CPU.ActiveCfg = Debug|Any CPU
		{4D203CF4-A77C-452E-BB18-6BEF186384A2}.Debug|Any CPU.Build.0 = Debug|Any CPU
		{4D203CF4-A77C-452E-BB18-6BEF186384A2}.Release|Any CPU.ActiveCfg = Release|Any CPU
		{4D203CF4-A77C-452E-BB18-6BEF186384A2}.Release|Any CPU.Build.0 = Release|Any CPU
		{EE3B836B-B91F-411E-B159-2A70CEFE95DD}.Debug|Any CPU.ActiveCfg = Debug|Any CPU
		{EE3B836B-B91F-411E-B159-2A70CEFE95DD}.Debug|Any CPU.Build.0 = Debug|Any CPU
		{EE3B836B-B91F-411E-B159-2A70CEFE95DD}.Release|Any CPU.ActiveCfg = Release|Any CPU
		{EE3B836B-B91F-411E-B159-2A70CEFE95DD}.Release|Any CPU.Build.0 = Release|Any CPU
		{80348188-D6D3-4831-937C-29EE562981B7}.Debug|Any CPU.ActiveCfg = Debug|Any CPU
		{80348188-D6D3-4831-937C-29EE562981B7}.Debug|Any CPU.Build.0 = Debug|Any CPU
		{80348188-D6D3-4831-937C-29EE562981B7}.Release|Any CPU.ActiveCfg = Release|Any CPU
		{80348188-D6D3-4831-937C-29EE562981B7}.Release|Any CPU.Build.0 = Release|Any CPU
		{207F892D-E4E1-43DC-B817-5F6197F97EED}.Debug|Any CPU.ActiveCfg = Debug|Any CPU
		{207F892D-E4E1-43DC-B817-5F6197F97EED}.Debug|Any CPU.Build.0 = Debug|Any CPU
		{207F892D-E4E1-43DC-B817-5F6197F97EED}.Release|Any CPU.ActiveCfg = Release|Any CPU
		{207F892D-E4E1-43DC-B817-5F6197F97EED}.Release|Any CPU.Build.0 = Release|Any CPU
		{5D119FE9-C437-431F-8243-CB41B974DBB5}.Debug|Any CPU.ActiveCfg = Debug|Any CPU
		{5D119FE9-C437-431F-8243-CB41B974DBB5}.Debug|Any CPU.Build.0 = Debug|Any CPU
		{5D119FE9-C437-431F-8243-CB41B974DBB5}.Release|Any CPU.ActiveCfg = Release|Any CPU
		{5D119FE9-C437-431F-8243-CB41B974DBB5}.Release|Any CPU.Build.0 = Release|Any CPU
		{2C88C06C-DFEA-420B-A90A-9C908A826E36}.Debug|Any CPU.ActiveCfg = Debug|Any CPU
		{2C88C06C-DFEA-420B-A90A-9C908A826E36}.Debug|Any CPU.Build.0 = Debug|Any CPU
		{2C88C06C-DFEA-420B-A90A-9C908A826E36}.Release|Any CPU.ActiveCfg = Release|Any CPU
		{2C88C06C-DFEA-420B-A90A-9C908A826E36}.Release|Any CPU.Build.0 = Release|Any CPU
		{42BCEB90-4584-48C6-B20A-7E6C14451852}.Debug|Any CPU.ActiveCfg = Debug|Any CPU
		{42BCEB90-4584-48C6-B20A-7E6C14451852}.Debug|Any CPU.Build.0 = Debug|Any CPU
		{42BCEB90-4584-48C6-B20A-7E6C14451852}.Release|Any CPU.ActiveCfg = Release|Any CPU
		{42BCEB90-4584-48C6-B20A-7E6C14451852}.Release|Any CPU.Build.0 = Release|Any CPU
		{50FA3A04-8A2B-4C20-BBDB-289ABA0DC3CD}.Debug|Any CPU.ActiveCfg = Debug|Any CPU
		{50FA3A04-8A2B-4C20-BBDB-289ABA0DC3CD}.Debug|Any CPU.Build.0 = Debug|Any CPU
		{50FA3A04-8A2B-4C20-BBDB-289ABA0DC3CD}.Release|Any CPU.ActiveCfg = Release|Any CPU
		{50FA3A04-8A2B-4C20-BBDB-289ABA0DC3CD}.Release|Any CPU.Build.0 = Release|Any CPU
		{EE0FCA22-8D11-43C4-A3C3-F9732AFEEE89}.Debug|Any CPU.ActiveCfg = Debug|Any CPU
		{EE0FCA22-8D11-43C4-A3C3-F9732AFEEE89}.Debug|Any CPU.Build.0 = Debug|Any CPU
		{EE0FCA22-8D11-43C4-A3C3-F9732AFEEE89}.Release|Any CPU.ActiveCfg = Release|Any CPU
		{EE0FCA22-8D11-43C4-A3C3-F9732AFEEE89}.Release|Any CPU.Build.0 = Release|Any CPU
		{6D3C6AB9-AAE1-42D0-B292-060861859916}.Debug|Any CPU.ActiveCfg = Debug|Any CPU
		{6D3C6AB9-AAE1-42D0-B292-060861859916}.Debug|Any CPU.Build.0 = Debug|Any CPU
		{6D3C6AB9-AAE1-42D0-B292-060861859916}.Release|Any CPU.ActiveCfg = Release|Any CPU
		{6D3C6AB9-AAE1-42D0-B292-060861859916}.Release|Any CPU.Build.0 = Release|Any CPU
		{DCFB1EC9-0B06-4AFC-966E-C02BBAEBC632}.Debug|Any CPU.ActiveCfg = Debug|Any CPU
		{DCFB1EC9-0B06-4AFC-966E-C02BBAEBC632}.Debug|Any CPU.Build.0 = Debug|Any CPU
		{DCFB1EC9-0B06-4AFC-966E-C02BBAEBC632}.Release|Any CPU.ActiveCfg = Release|Any CPU
		{DCFB1EC9-0B06-4AFC-966E-C02BBAEBC632}.Release|Any CPU.Build.0 = Release|Any CPU
		{0449897D-2879-4071-AB08-04A504333C8D}.Debug|Any CPU.ActiveCfg = Debug|Any CPU
		{0449897D-2879-4071-AB08-04A504333C8D}.Debug|Any CPU.Build.0 = Debug|Any CPU
		{0449897D-2879-4071-AB08-04A504333C8D}.Release|Any CPU.ActiveCfg = Release|Any CPU
		{0449897D-2879-4071-AB08-04A504333C8D}.Release|Any CPU.Build.0 = Release|Any CPU
		{F6574EE1-E45F-412E-94A7-52DF72102361}.Debug|Any CPU.ActiveCfg = Debug|Any CPU
		{F6574EE1-E45F-412E-94A7-52DF72102361}.Debug|Any CPU.Build.0 = Debug|Any CPU
		{F6574EE1-E45F-412E-94A7-52DF72102361}.Release|Any CPU.ActiveCfg = Release|Any CPU
		{F6574EE1-E45F-412E-94A7-52DF72102361}.Release|Any CPU.Build.0 = Release|Any CPU
		{496CBE1A-E9F9-4BFA-8757-E80464F67535}.Debug|Any CPU.ActiveCfg = Debug|Any CPU
		{496CBE1A-E9F9-4BFA-8757-E80464F67535}.Debug|Any CPU.Build.0 = Debug|Any CPU
		{496CBE1A-E9F9-4BFA-8757-E80464F67535}.Release|Any CPU.ActiveCfg = Release|Any CPU
		{496CBE1A-E9F9-4BFA-8757-E80464F67535}.Release|Any CPU.Build.0 = Release|Any CPU
		{C20061D3-94F6-480B-9D9F-21A6F6236862}.Debug|Any CPU.ActiveCfg = Debug|Any CPU
		{C20061D3-94F6-480B-9D9F-21A6F6236862}.Debug|Any CPU.Build.0 = Debug|Any CPU
		{C20061D3-94F6-480B-9D9F-21A6F6236862}.Release|Any CPU.ActiveCfg = Release|Any CPU
		{C20061D3-94F6-480B-9D9F-21A6F6236862}.Release|Any CPU.Build.0 = Release|Any CPU
		{B917C5A4-ED44-43E2-9C54-A3FDF4457B9E}.Debug|Any CPU.ActiveCfg = Debug|Any CPU
		{B917C5A4-ED44-43E2-9C54-A3FDF4457B9E}.Debug|Any CPU.Build.0 = Debug|Any CPU
		{B917C5A4-ED44-43E2-9C54-A3FDF4457B9E}.Release|Any CPU.ActiveCfg = Release|Any CPU
		{B917C5A4-ED44-43E2-9C54-A3FDF4457B9E}.Release|Any CPU.Build.0 = Release|Any CPU
		{84BB04B1-4DF4-41E8-B18D-64ED7F19BEB5}.Debug|Any CPU.ActiveCfg = Debug|Any CPU
		{84BB04B1-4DF4-41E8-B18D-64ED7F19BEB5}.Debug|Any CPU.Build.0 = Debug|Any CPU
		{84BB04B1-4DF4-41E8-B18D-64ED7F19BEB5}.Release|Any CPU.ActiveCfg = Release|Any CPU
		{84BB04B1-4DF4-41E8-B18D-64ED7F19BEB5}.Release|Any CPU.Build.0 = Release|Any CPU
		{F8D3CCAF-6C4B-4350-B30D-CC936070796B}.Debug|Any CPU.ActiveCfg = Debug|Any CPU
		{F8D3CCAF-6C4B-4350-B30D-CC936070796B}.Debug|Any CPU.Build.0 = Debug|Any CPU
		{F8D3CCAF-6C4B-4350-B30D-CC936070796B}.Release|Any CPU.ActiveCfg = Release|Any CPU
		{F8D3CCAF-6C4B-4350-B30D-CC936070796B}.Release|Any CPU.Build.0 = Release|Any CPU
		{E9002B77-66D8-4B81-9E3C-BB6858DE9768}.Debug|Any CPU.ActiveCfg = Debug|Any CPU
		{E9002B77-66D8-4B81-9E3C-BB6858DE9768}.Debug|Any CPU.Build.0 = Debug|Any CPU
		{E9002B77-66D8-4B81-9E3C-BB6858DE9768}.Release|Any CPU.ActiveCfg = Release|Any CPU
		{E9002B77-66D8-4B81-9E3C-BB6858DE9768}.Release|Any CPU.Build.0 = Release|Any CPU
	EndGlobalSection
	GlobalSection(SolutionProperties) = preSolution
		HideSolutionNode = FALSE
	EndGlobalSection
	GlobalSection(ExtensibilityGlobals) = postSolution
		SolutionGuid = {4FC61EA8-D31D-471C-939A-C6E8B1C54457}
	EndGlobalSection
EndGlobal
