
Microsoft Visual Studio Solution File, Format Version 12.00
# Visual Studio Version 16
VisualStudioVersion = 16.0.30517.126
MinimumVisualStudioVersion = 10.0.40219.1
Project("{FAE04EC0-301F-11D3-BF4B-00C04F79EFBC}") = "SumAdjacentEqualNumbers", "SumAdjacentEqualNumbers\SumAdjacentEqualNumbers.csproj", "{C38D0FDF-66B7-426B-9DE1-0F4B30300264}"
EndProject
Project("{FAE04EC0-301F-11D3-BF4B-00C04F79EFBC}") = "GaussTrick", "GaussTrick\GaussTrick.csproj", "{4D203CF4-A77C-452E-BB18-6BEF186384A2}"
EndProject
Project("{FAE04EC0-301F-11D3-BF4B-00C04F79EFBC}") = "MergingLists", "MergingLists\MergingLists.csproj", "{EE3B836B-B91F-411E-B159-2A70CEFE95DD}"
EndProject
Project("{FAE04EC0-301F-11D3-BF4B-00C04F79EFBC}") = "ListOfProducts", "ListOfProducts\ListOfProducts.csproj", "{80348188-D6D3-4831-937C-29EE562981B7}"
EndProject
Project("{FAE04EC0-301F-11D3-BF4B-00C04F79EFBC}") = "RemoveNegativesAndReverse", "RemoveNegativesAndReverse\RemoveNegativesAndReverse.csproj", "{207F892D-E4E1-43DC-B817-5F6197F97EED}"
EndProject
Project("{FAE04EC0-301F-11D3-BF4B-00C04F79EFBC}") = "ListManipulationBasics", "ListManipulationBasics\ListManipulationBasics.csproj", "{5D119FE9-C437-431F-8243-CB41B974DBB5}"
EndProject
Project("{FAE04EC0-301F-11D3-BF4B-00C04F79EFBC}") = "ListManipulationAdvanced", "ListManipulationAdvanced\ListManipulationAdvanced.csproj", "{2C88C06C-DFEA-420B-A90A-9C908A826E36}"
EndProject
Project("{FAE04EC0-301F-11D3-BF4B-00C04F79EFBC}") = "Train", "Train\Train.csproj", "{42BCEB90-4584-48C6-B20A-7E6C14451852}"
EndProject
Project("{FAE04EC0-301F-11D3-BF4B-00C04F79EFBC}") = "ChangeList", "ChangeList\ChangeList.csproj", "{50FA3A04-8A2B-4C20-BBDB-289ABA0DC3CD}"
EndProject
Global
	GlobalSection(SolutionConfigurationPlatforms) = preSolution
		Debug|Any CPU = Debug|Any CPU
		Release|Any CPU = Release|Any CPU
	EndGlobalSection
	GlobalSection(ProjectConfigurationPlatforms) = postSolution
		{C38D0FDF-66B7-426B-9DE1-0F4B30300264}.Debug|Any CPU.ActiveCfg = Debug|Any CPU
		{C38D0FDF-66B7-426B-9DE1-0F4B30300264}.Debug|Any CPU.Build.0 = Debug|Any CPU
		{C38D0FDF-66B7-426B-9DE1-0F4B30300264}.Release|Any CPU.ActiveCfg = Release|Any CPU
		{C38D0FDF-66B7-426B-9DE1-0F4B30300264}.Release|Any CPU.Build.0 = Release|Any CPU
		{4D203CF4-A77C-452E-BB18-6BEF186384A2}.Debug|Any CPU.ActiveCfg = Debug|Any CPU
		{4D203CF4-A77C-452E-BB18-6BEF186384A2}.Debug|Any CPU.Build.0 = Debug|Any CPU
		{4D203CF4-A77C-452E-BB18-6BEF186384A2}.Release|Any CPU.ActiveCfg = Release|Any CPU
		{4D203CF4-A77C-452E-BB18-6BEF186384A2}.Release|Any CPU.Build.0 = Release|Any CPU
		{EE3B836B-B91F-411E-B159-2A70CEFE95DD}.Debug|Any CPU.ActiveCfg = Debug|Any CPU
		{EE3B836B-B91F-411E-B159-2A70CEFE95DD}.Debug|Any CPU.Build.0 = Debug|Any CPU
		{EE3B836B-B91F-411E-B159-2A70CEFE95DD}.Release|Any CPU.ActiveCfg = Release|Any CPU
		{EE3B836B-B91F-411E-B159-2A70CEFE95DD}.Release|Any CPU.Build.0 = Release|Any CPU
		{80348188-D6D3-4831-937C-29EE562981B7}.Debug|Any CPU.ActiveCfg = Debug|Any CPU
		{80348188-D6D3-4831-937C-29EE562981B7}.Debug|Any CPU.Build.0 = Debug|Any CPU
		{80348188-D6D3-4831-937C-29EE562981B7}.Release|Any CPU.ActiveCfg = Release|Any CPU
		{80348188-D6D3-4831-937C-29EE562981B7}.Release|Any CPU.Build.0 = Release|Any CPU
		{207F892D-E4E1-43DC-B817-5F6197F97EED}.Debug|Any CPU.ActiveCfg = Debug|Any CPU
		{207F892D-E4E1-43DC-B817-5F6197F97EED}.Debug|Any CPU.Build.0 = Debug|Any CPU
		{207F892D-E4E1-43DC-B817-5F6197F97EED}.Release|Any CPU.ActiveCfg = Release|Any CPU
		{207F892D-E4E1-43DC-B817-5F6197F97EED}.Release|Any CPU.Build.0 = Release|Any CPU
		{5D119FE9-C437-431F-8243-CB41B974DBB5}.Debug|Any CPU.ActiveCfg = Debug|Any CPU
		{5D119FE9-C437-431F-8243-CB41B974DBB5}.Debug|Any CPU.Build.0 = Debug|Any CPU
		{5D119FE9-C437-431F-8243-CB41B974DBB5}.Release|Any CPU.ActiveCfg = Release|Any CPU
		{5D119FE9-C437-431F-8243-CB41B974DBB5}.Release|Any CPU.Build.0 = Release|Any CPU
		{2C88C06C-DFEA-420B-A90A-9C908A826E36}.Debug|Any CPU.ActiveCfg = Debug|Any CPU
		{2C88C06C-DFEA-420B-A90A-9C908A826E36}.Debug|Any CPU.Build.0 = Debug|Any CPU
		{2C88C06C-DFEA-420B-A90A-9C908A826E36}.Release|Any CPU.ActiveCfg = Release|Any CPU
		{2C88C06C-DFEA-420B-A90A-9C908A826E36}.Release|Any CPU.Build.0 = Release|Any CPU
		{42BCEB90-4584-48C6-B20A-7E6C14451852}.Debug|Any CPU.ActiveCfg = Debug|Any CPU
		{42BCEB90-4584-48C6-B20A-7E6C14451852}.Debug|Any CPU.Build.0 = Debug|Any CPU
		{42BCEB90-4584-48C6-B20A-7E6C14451852}.Release|Any CPU.ActiveCfg = Release|Any CPU
		{42BCEB90-4584-48C6-B20A-7E6C14451852}.Release|Any CPU.Build.0 = Release|Any CPU
		{50FA3A04-8A2B-4C20-BBDB-289ABA0DC3CD}.Debug|Any CPU.ActiveCfg = Debug|Any CPU
		{50FA3A04-8A2B-4C20-BBDB-289ABA0DC3CD}.Debug|Any CPU.Build.0 = Debug|Any CPU
		{50FA3A04-8A2B-4C20-BBDB-289ABA0DC3CD}.Release|Any CPU.ActiveCfg = Release|Any CPU
		{50FA3A04-8A2B-4C20-BBDB-289ABA0DC3CD}.Release|Any CPU.Build.0 = Release|Any CPU
	EndGlobalSection
	GlobalSection(SolutionProperties) = preSolution
		HideSolutionNode = FALSE
	EndGlobalSection
	GlobalSection(ExtensibilityGlobals) = postSolution
		SolutionGuid = {4FC61EA8-D31D-471C-939A-C6E8B1C54457}
	EndGlobalSection
EndGlobal
