
Microsoft Visual Studio Solution File, Format Version 12.00
# Visual Studio Version 17
VisualStudioVersion = 17.6.33829.357
MinimumVisualStudioVersion = 10.0.40219.1
Project("{FAE04EC0-301F-11D3-BF4B-00C04F79EFBC}") = "MVCIntroDemo", "MVCIntroDemo\MVCIntroDemo.csproj", "{8CD4C71F-4E38-49BB-9BBA-A3D982D8DE8B}"
EndProject
Global
	GlobalSection(SolutionConfigurationPlatforms) = preSolution
		Debug|Any CPU = Debug|Any CPU
		Release|Any CPU = Release|Any CPU
	EndGlobalSection
	GlobalSection(ProjectConfigurationPlatforms) = postSolution
		{8CD4C71F-4E38-49BB-9BBA-A3D982D8DE8B}.Debug|Any CPU.ActiveCfg = Debug|Any CPU
		{8CD4C71F-4E38-49BB-9BBA-A3D982D8DE8B}.Debug|Any CPU.Build.0 = Debug|Any CPU
		{8CD4C71F-4E38-49BB-9BBA-A3D982D8DE8B}.Release|Any CPU.ActiveCfg = Release|Any CPU
		{8CD4C71F-4E38-49BB-9BBA-A3D982D8DE8B}.Release|Any CPU.Build.0 = Release|Any CPU
	EndGlobalSection
	GlobalSection(SolutionProperties) = preSolution
		HideSolutionNode = FALSE
	EndGlobalSection
	GlobalSection(ExtensibilityGlobals) = postSolution
		SolutionGuid = {933B336B-959B-4399-A727-41B8FAF17409}
	EndGlobalSection
EndGlobal
