
Microsoft Visual Studio Solution File, Format Version 12.00
# Visual Studio Version 16
VisualStudioVersion = 16.0.30517.126
MinimumVisualStudioVersion = 10.0.40219.1
Project("{FAE04EC0-301F-11D3-BF4B-00C04F79EFBC}") = "01.RandomizeWords", "01.RandomizeWords\01.RandomizeWords.csproj", "{0F799509-6DFA-4FEE-8E44-2568D19045E3}"
EndProject
Project("{FAE04EC0-301F-11D3-BF4B-00C04F79EFBC}") = "02.BigFactorial", "02.BigFactorial\02.BigFactorial.csproj", "{E8140118-6119-4E00-8EE8-E649D97FB045}"
EndProject
Project("{FAE04EC0-301F-11D3-BF4B-00C04F79EFBC}") = "03.Songs", "03.Songs\03.Songs.csproj", "{F315D680-3DA1-4B8D-B759-3BAAEF8773C4}"
EndProject
Project("{FAE04EC0-301F-11D3-BF4B-00C04F79EFBC}") = "04.Students", "04.Students\04.Students.csproj", "{75E47476-5B67-4F58-A84C-EDB3D0336B8A}"
EndProject
Global
	GlobalSection(SolutionConfigurationPlatforms) = preSolution
		Debug|Any CPU = Debug|Any CPU
		Release|Any CPU = Release|Any CPU
	EndGlobalSection
	GlobalSection(ProjectConfigurationPlatforms) = postSolution
		{0F799509-6DFA-4FEE-8E44-2568D19045E3}.Debug|Any CPU.ActiveCfg = Debug|Any CPU
		{0F799509-6DFA-4FEE-8E44-2568D19045E3}.Debug|Any CPU.Build.0 = Debug|Any CPU
		{0F799509-6DFA-4FEE-8E44-2568D19045E3}.Release|Any CPU.ActiveCfg = Release|Any CPU
		{0F799509-6DFA-4FEE-8E44-2568D19045E3}.Release|Any CPU.Build.0 = Release|Any CPU
		{E8140118-6119-4E00-8EE8-E649D97FB045}.Debug|Any CPU.ActiveCfg = Debug|Any CPU
		{E8140118-6119-4E00-8EE8-E649D97FB045}.Debug|Any CPU.Build.0 = Debug|Any CPU
		{E8140118-6119-4E00-8EE8-E649D97FB045}.Release|Any CPU.ActiveCfg = Release|Any CPU
		{E8140118-6119-4E00-8EE8-E649D97FB045}.Release|Any CPU.Build.0 = Release|Any CPU
		{F315D680-3DA1-4B8D-B759-3BAAEF8773C4}.Debug|Any CPU.ActiveCfg = Debug|Any CPU
		{F315D680-3DA1-4B8D-B759-3BAAEF8773C4}.Debug|Any CPU.Build.0 = Debug|Any CPU
		{F315D680-3DA1-4B8D-B759-3BAAEF8773C4}.Release|Any CPU.ActiveCfg = Release|Any CPU
		{F315D680-3DA1-4B8D-B759-3BAAEF8773C4}.Release|Any CPU.Build.0 = Release|Any CPU
		{75E47476-5B67-4F58-A84C-EDB3D0336B8A}.Debug|Any CPU.ActiveCfg = Debug|Any CPU
		{75E47476-5B67-4F58-A84C-EDB3D0336B8A}.Debug|Any CPU.Build.0 = Debug|Any CPU
		{75E47476-5B67-4F58-A84C-EDB3D0336B8A}.Release|Any CPU.ActiveCfg = Release|Any CPU
		{75E47476-5B67-4F58-A84C-EDB3D0336B8A}.Release|Any CPU.Build.0 = Release|Any CPU
	EndGlobalSection
	GlobalSection(SolutionProperties) = preSolution
		HideSolutionNode = FALSE
	EndGlobalSection
	GlobalSection(ExtensibilityGlobals) = postSolution
		SolutionGuid = {38A642A8-4414-45A5-8D84-5A58EDFBBFAC}
	EndGlobalSection
EndGlobal
