
Microsoft Visual Studio Solution File, Format Version 12.00
# Visual Studio Version 16
VisualStudioVersion = 16.0.30517.126
MinimumVisualStudioVersion = 10.0.40219.1
Project("{9A19103F-16F7-4668-BE54-9A1E7A4F7556}") = "01.RandomizeWords", "01.RandomizeWords\01.RandomizeWords.csproj", "{0F799509-6DFA-4FEE-8E44-2568D19045E3}"
EndProject
Project("{9A19103F-16F7-4668-BE54-9A1E7A4F7556}") = "02.BigFactorial", "02.BigFactorial\02.BigFactorial.csproj", "{E8140118-6119-4E00-8EE8-E649D97FB045}"
EndProject
Project("{9A19103F-16F7-4668-BE54-9A1E7A4F7556}") = "03.Songs", "03.Songs\03.Songs.csproj", "{F315D680-3DA1-4B8D-B759-3BAAEF8773C4}"
EndProject
Project("{9A19103F-16F7-4668-BE54-9A1E7A4F7556}") = "04.Students", "04.Students\04.Students.csproj", "{75E47476-5B67-4F58-A84C-EDB3D0336B8A}"
EndProject
Project("{9A19103F-16F7-4668-BE54-9A1E7A4F7556}") = "05.Students2.0", "05.Students2.0\05.Students2.0.csproj", "{AA449B4E-CF2E-452F-9B31-66D7A2ED0486}"
EndProject
Project("{9A19103F-16F7-4668-BE54-9A1E7A4F7556}") = "06.StoreBoxes", "06.StoreBoxes\06.StoreBoxes.csproj", "{036360F6-45D1-4B17-B401-D3339EE3B839}"
EndProject
Project("{9A19103F-16F7-4668-BE54-9A1E7A4F7556}") = "07.VehicleCatalogue", "07.VehicleCatalogue\07.VehicleCatalogue.csproj", "{7691F984-1061-46E3-BDE6-802AB83A7C9A}"
EndProject
Project("{FAE04EC0-301F-11D3-BF4B-00C04F79EFBC}") = "08.AdvertisementMessage", "08.AdvertisementMessage\08.AdvertisementMessage.csproj", "{17CFC400-E052-4A34-B2DF-19675A50A74B}"
EndProject
Project("{FAE04EC0-301F-11D3-BF4B-00C04F79EFBC}") = "09.Articles", "09.Articles\09.Articles.csproj", "{FF0E1EDF-AE1B-4997-9E40-1EF59C724160}"
EndProject
Project("{FAE04EC0-301F-11D3-BF4B-00C04F79EFBC}") = "10.Articles2.0", "10.Articles2.0\10.Articles2.0.csproj", "{28BF737F-572D-47E8-9275-096804143FE2}"
EndProject
Project("{FAE04EC0-301F-11D3-BF4B-00C04F79EFBC}") = "11.Students", "11.Students\11.Students.csproj", "{529F6E78-8D9F-407C-BEB6-F109DFF48BE2}"
EndProject
Global
	GlobalSection(SolutionConfigurationPlatforms) = preSolution
		Debug|Any CPU = Debug|Any CPU
		Release|Any CPU = Release|Any CPU
	EndGlobalSection
	GlobalSection(ProjectConfigurationPlatforms) = postSolution
		{0F799509-6DFA-4FEE-8E44-2568D19045E3}.Debug|Any CPU.ActiveCfg = Debug|Any CPU
		{0F799509-6DFA-4FEE-8E44-2568D19045E3}.Debug|Any CPU.Build.0 = Debug|Any CPU
		{0F799509-6DFA-4FEE-8E44-2568D19045E3}.Release|Any CPU.ActiveCfg = Release|Any CPU
		{0F799509-6DFA-4FEE-8E44-2568D19045E3}.Release|Any CPU.Build.0 = Release|Any CPU
		{E8140118-6119-4E00-8EE8-E649D97FB045}.Debug|Any CPU.ActiveCfg = Debug|Any CPU
		{E8140118-6119-4E00-8EE8-E649D97FB045}.Debug|Any CPU.Build.0 = Debug|Any CPU
		{E8140118-6119-4E00-8EE8-E649D97FB045}.Release|Any CPU.ActiveCfg = Release|Any CPU
		{E8140118-6119-4E00-8EE8-E649D97FB045}.Release|Any CPU.Build.0 = Release|Any CPU
		{F315D680-3DA1-4B8D-B759-3BAAEF8773C4}.Debug|Any CPU.ActiveCfg = Debug|Any CPU
		{F315D680-3DA1-4B8D-B759-3BAAEF8773C4}.Debug|Any CPU.Build.0 = Debug|Any CPU
		{F315D680-3DA1-4B8D-B759-3BAAEF8773C4}.Release|Any CPU.ActiveCfg = Release|Any CPU
		{F315D680-3DA1-4B8D-B759-3BAAEF8773C4}.Release|Any CPU.Build.0 = Release|Any CPU
		{75E47476-5B67-4F58-A84C-EDB3D0336B8A}.Debug|Any CPU.ActiveCfg = Debug|Any CPU
		{75E47476-5B67-4F58-A84C-EDB3D0336B8A}.Debug|Any CPU.Build.0 = Debug|Any CPU
		{75E47476-5B67-4F58-A84C-EDB3D0336B8A}.Release|Any CPU.ActiveCfg = Release|Any CPU
		{75E47476-5B67-4F58-A84C-EDB3D0336B8A}.Release|Any CPU.Build.0 = Release|Any CPU
		{AA449B4E-CF2E-452F-9B31-66D7A2ED0486}.Debug|Any CPU.ActiveCfg = Debug|Any CPU
		{AA449B4E-CF2E-452F-9B31-66D7A2ED0486}.Debug|Any CPU.Build.0 = Debug|Any CPU
		{AA449B4E-CF2E-452F-9B31-66D7A2ED0486}.Release|Any CPU.ActiveCfg = Release|Any CPU
		{AA449B4E-CF2E-452F-9B31-66D7A2ED0486}.Release|Any CPU.Build.0 = Release|Any CPU
		{036360F6-45D1-4B17-B401-D3339EE3B839}.Debug|Any CPU.ActiveCfg = Debug|Any CPU
		{036360F6-45D1-4B17-B401-D3339EE3B839}.Debug|Any CPU.Build.0 = Debug|Any CPU
		{036360F6-45D1-4B17-B401-D3339EE3B839}.Release|Any CPU.ActiveCfg = Release|Any CPU
		{036360F6-45D1-4B17-B401-D3339EE3B839}.Release|Any CPU.Build.0 = Release|Any CPU
		{7691F984-1061-46E3-BDE6-802AB83A7C9A}.Debug|Any CPU.ActiveCfg = Debug|Any CPU
		{7691F984-1061-46E3-BDE6-802AB83A7C9A}.Debug|Any CPU.Build.0 = Debug|Any CPU
		{7691F984-1061-46E3-BDE6-802AB83A7C9A}.Release|Any CPU.ActiveCfg = Release|Any CPU
		{7691F984-1061-46E3-BDE6-802AB83A7C9A}.Release|Any CPU.Build.0 = Release|Any CPU
		{17CFC400-E052-4A34-B2DF-19675A50A74B}.Debug|Any CPU.ActiveCfg = Debug|Any CPU
		{17CFC400-E052-4A34-B2DF-19675A50A74B}.Debug|Any CPU.Build.0 = Debug|Any CPU
		{17CFC400-E052-4A34-B2DF-19675A50A74B}.Release|Any CPU.ActiveCfg = Release|Any CPU
		{17CFC400-E052-4A34-B2DF-19675A50A74B}.Release|Any CPU.Build.0 = Release|Any CPU
		{FF0E1EDF-AE1B-4997-9E40-1EF59C724160}.Debug|Any CPU.ActiveCfg = Debug|Any CPU
		{FF0E1EDF-AE1B-4997-9E40-1EF59C724160}.Debug|Any CPU.Build.0 = Debug|Any CPU
		{FF0E1EDF-AE1B-4997-9E40-1EF59C724160}.Release|Any CPU.ActiveCfg = Release|Any CPU
		{FF0E1EDF-AE1B-4997-9E40-1EF59C724160}.Release|Any CPU.Build.0 = Release|Any CPU
		{28BF737F-572D-47E8-9275-096804143FE2}.Debug|Any CPU.ActiveCfg = Debug|Any CPU
		{28BF737F-572D-47E8-9275-096804143FE2}.Debug|Any CPU.Build.0 = Debug|Any CPU
		{28BF737F-572D-47E8-9275-096804143FE2}.Release|Any CPU.ActiveCfg = Release|Any CPU
		{28BF737F-572D-47E8-9275-096804143FE2}.Release|Any CPU.Build.0 = Release|Any CPU
		{529F6E78-8D9F-407C-BEB6-F109DFF48BE2}.Debug|Any CPU.ActiveCfg = Debug|Any CPU
		{529F6E78-8D9F-407C-BEB6-F109DFF48BE2}.Debug|Any CPU.Build.0 = Debug|Any CPU
		{529F6E78-8D9F-407C-BEB6-F109DFF48BE2}.Release|Any CPU.ActiveCfg = Release|Any CPU
		{529F6E78-8D9F-407C-BEB6-F109DFF48BE2}.Release|Any CPU.Build.0 = Release|Any CPU
	EndGlobalSection
	GlobalSection(SolutionProperties) = preSolution
		HideSolutionNode = FALSE
	EndGlobalSection
	GlobalSection(ExtensibilityGlobals) = postSolution
		SolutionGuid = {38A642A8-4414-45A5-8D84-5A58EDFBBFAC}
	EndGlobalSection
EndGlobal
