
Microsoft Visual Studio Solution File, Format Version 12.00
# Visual Studio Version 17
VisualStudioVersion = 17.6.33829.357
MinimumVisualStudioVersion = 10.0.40219.1
Project("{FAE04EC0-301F-11D3-BF4B-00C04F79EFBC}") = "Person", "Person\Person.csproj", "{20B97717-CC80-4111-B315-22AFF8ECE755}"
EndProject
Project("{FAE04EC0-301F-11D3-BF4B-00C04F79EFBC}") = "Zoo", "Zoo\Zoo.csproj", "{321298A0-0067-4DE9-86CA-99D7F015BBD7}"
EndProject
Project("{FAE04EC0-301F-11D3-BF4B-00C04F79EFBC}") = "CustomArray", "CustomArray\CustomArray.csproj", "{42C3452A-2CE7-415F-A3D9-B16F1D91A615}"
EndProject
Global
	GlobalSection(SolutionConfigurationPlatforms) = preSolution
		Debug|Any CPU = Debug|Any CPU
		Release|Any CPU = Release|Any CPU
	EndGlobalSection
	GlobalSection(ProjectConfigurationPlatforms) = postSolution
		{20B97717-CC80-4111-B315-22AFF8ECE755}.Debug|Any CPU.ActiveCfg = Debug|Any CPU
		{20B97717-CC80-4111-B315-22AFF8ECE755}.Debug|Any CPU.Build.0 = Debug|Any CPU
		{20B97717-CC80-4111-B315-22AFF8ECE755}.Release|Any CPU.ActiveCfg = Release|Any CPU
		{20B97717-CC80-4111-B315-22AFF8ECE755}.Release|Any CPU.Build.0 = Release|Any CPU
		{321298A0-0067-4DE9-86CA-99D7F015BBD7}.Debug|Any CPU.ActiveCfg = Debug|Any CPU
		{321298A0-0067-4DE9-86CA-99D7F015BBD7}.Debug|Any CPU.Build.0 = Debug|Any CPU
		{321298A0-0067-4DE9-86CA-99D7F015BBD7}.Release|Any CPU.ActiveCfg = Release|Any CPU
		{321298A0-0067-4DE9-86CA-99D7F015BBD7}.Release|Any CPU.Build.0 = Release|Any CPU
		{42C3452A-2CE7-415F-A3D9-B16F1D91A615}.Debug|Any CPU.ActiveCfg = Debug|Any CPU
		{42C3452A-2CE7-415F-A3D9-B16F1D91A615}.Debug|Any CPU.Build.0 = Debug|Any CPU
		{42C3452A-2CE7-415F-A3D9-B16F1D91A615}.Release|Any CPU.ActiveCfg = Release|Any CPU
		{42C3452A-2CE7-415F-A3D9-B16F1D91A615}.Release|Any CPU.Build.0 = Release|Any CPU
	EndGlobalSection
	GlobalSection(SolutionProperties) = preSolution
		HideSolutionNode = FALSE
	EndGlobalSection
	GlobalSection(ExtensibilityGlobals) = postSolution
		SolutionGuid = {7E35A2B2-361C-43FE-B8A7-00C9F12D1193}
	EndGlobalSection
EndGlobal
