
Microsoft Visual Studio Solution File, Format Version 12.00
# Visual Studio Version 16
VisualStudioVersion = 16.0.30517.126
MinimumVisualStudioVersion = 10.0.40219.1
Project("{9A19103F-16F7-4668-BE54-9A1E7A4F7556}") = "01.BinaryDigitsCount", "01.BinaryDigitsCount\01.BinaryDigitsCount.csproj", "{C72DD2F8-84C5-4FB0-A7CC-90E8B0AAAA6C}"
EndProject
Project("{FAE04EC0-301F-11D3-BF4B-00C04F79EFBC}") = "02.FirstBit", "02.FirstBit\02.FirstBit.csproj", "{76467362-1808-48CE-913B-0AAF674793C7}"
EndProject
Project("{FAE04EC0-301F-11D3-BF4B-00C04F79EFBC}") = "03.PthBit", "03.PthBit\03.PthBit.csproj", "{5B8650AE-B275-4E3C-976B-711E54C17CA3}"
EndProject
Project("{FAE04EC0-301F-11D3-BF4B-00C04F79EFBC}") = "04.BitDestroyer", "04.BitDestroyer\04.BitDestroyer.csproj", "{FA0BD1FC-49A3-488B-A217-6854F8F41401}"
EndProject
Global
	GlobalSection(SolutionConfigurationPlatforms) = preSolution
		Debug|Any CPU = Debug|Any CPU
		Release|Any CPU = Release|Any CPU
	EndGlobalSection
	GlobalSection(ProjectConfigurationPlatforms) = postSolution
		{C72DD2F8-84C5-4FB0-A7CC-90E8B0AAAA6C}.Debug|Any CPU.ActiveCfg = Debug|Any CPU
		{C72DD2F8-84C5-4FB0-A7CC-90E8B0AAAA6C}.Debug|Any CPU.Build.0 = Debug|Any CPU
		{C72DD2F8-84C5-4FB0-A7CC-90E8B0AAAA6C}.Release|Any CPU.ActiveCfg = Release|Any CPU
		{C72DD2F8-84C5-4FB0-A7CC-90E8B0AAAA6C}.Release|Any CPU.Build.0 = Release|Any CPU
		{76467362-1808-48CE-913B-0AAF674793C7}.Debug|Any CPU.ActiveCfg = Debug|Any CPU
		{76467362-1808-48CE-913B-0AAF674793C7}.Debug|Any CPU.Build.0 = Debug|Any CPU
		{76467362-1808-48CE-913B-0AAF674793C7}.Release|Any CPU.ActiveCfg = Release|Any CPU
		{76467362-1808-48CE-913B-0AAF674793C7}.Release|Any CPU.Build.0 = Release|Any CPU
		{5B8650AE-B275-4E3C-976B-711E54C17CA3}.Debug|Any CPU.ActiveCfg = Debug|Any CPU
		{5B8650AE-B275-4E3C-976B-711E54C17CA3}.Debug|Any CPU.Build.0 = Debug|Any CPU
		{5B8650AE-B275-4E3C-976B-711E54C17CA3}.Release|Any CPU.ActiveCfg = Release|Any CPU
		{5B8650AE-B275-4E3C-976B-711E54C17CA3}.Release|Any CPU.Build.0 = Release|Any CPU
		{FA0BD1FC-49A3-488B-A217-6854F8F41401}.Debug|Any CPU.ActiveCfg = Debug|Any CPU
		{FA0BD1FC-49A3-488B-A217-6854F8F41401}.Debug|Any CPU.Build.0 = Debug|Any CPU
		{FA0BD1FC-49A3-488B-A217-6854F8F41401}.Release|Any CPU.ActiveCfg = Release|Any CPU
		{FA0BD1FC-49A3-488B-A217-6854F8F41401}.Release|Any CPU.Build.0 = Release|Any CPU
	EndGlobalSection
	GlobalSection(SolutionProperties) = preSolution
		HideSolutionNode = FALSE
	EndGlobalSection
	GlobalSection(ExtensibilityGlobals) = postSolution
		SolutionGuid = {D1392B08-5117-4DD2-A88D-B370E04DD667}
	EndGlobalSection
EndGlobal
