
Microsoft Visual Studio Solution File, Format Version 12.00
# Visual Studio Version 17
VisualStudioVersion = 17.6.33829.357
MinimumVisualStudioVersion = 10.0.40219.1
Project("{FAE04EC0-301F-11D3-BF4B-00C04F79EFBC}") = "ChatApp", "ChatApp\ChatApp.csproj", "{378F4505-1A5F-4FD2-A6A3-D278FA772B25}"
EndProject
Global
	GlobalSection(SolutionConfigurationPlatforms) = preSolution
		Debug|Any CPU = Debug|Any CPU
		Release|Any CPU = Release|Any CPU
	EndGlobalSection
	GlobalSection(ProjectConfigurationPlatforms) = postSolution
		{378F4505-1A5F-4FD2-A6A3-D278FA772B25}.Debug|Any CPU.ActiveCfg = Debug|Any CPU
		{378F4505-1A5F-4FD2-A6A3-D278FA772B25}.Debug|Any CPU.Build.0 = Debug|Any CPU
		{378F4505-1A5F-4FD2-A6A3-D278FA772B25}.Release|Any CPU.ActiveCfg = Release|Any CPU
		{378F4505-1A5F-4FD2-A6A3-D278FA772B25}.Release|Any CPU.Build.0 = Release|Any CPU
	EndGlobalSection
	GlobalSection(SolutionProperties) = preSolution
		HideSolutionNode = FALSE
	EndGlobalSection
	GlobalSection(ExtensibilityGlobals) = postSolution
		SolutionGuid = {78F90C5B-C31E-494A-ABC0-FEF19ED5C593}
	EndGlobalSection
EndGlobal
