
Microsoft Visual Studio Solution File, Format Version 12.00
# Visual Studio Version 16
VisualStudioVersion = 16.0.30503.244
MinimumVisualStudioVersion = 10.0.40219.1
Project("{9A19103F-16F7-4668-BE54-9A1E7A4F7556}") = "ConvertMetersToKilometers", "ConvertMetersToKilometers\ConvertMetersToKilometers.csproj", "{B9A6E2ED-56AD-4177-BB5E-B6F5C7564707}"
EndProject
Project("{9A19103F-16F7-4668-BE54-9A1E7A4F7556}") = "PoundsToDollars", "PoundsToDollars\PoundsToDollars.csproj", "{CF24BA05-4152-4DB0-8E34-FBC42985C116}"
EndProject
Project("{9A19103F-16F7-4668-BE54-9A1E7A4F7556}") = "ExactSumOfRealNumbers", "ExactSumOfRealNumbers\ExactSumOfRealNumbers.csproj", "{90A3035E-F589-4D9E-ACF4-4BD51EF09980}"
EndProject
Project("{9A19103F-16F7-4668-BE54-9A1E7A4F7556}") = "CenturiesToMinutes", "CenturiesToMinutes\CenturiesToMinutes.csproj", "{039A20AC-58C8-482E-9669-96E3EA4553D4}"
EndProject
Project("{9A19103F-16F7-4668-BE54-9A1E7A4F7556}") = "SpecialNumbers", "SpecialNumbers\SpecialNumbers.csproj", "{246E62EB-7582-4FF5-B27E-4587333AF2AE}"
EndProject
Project("{9A19103F-16F7-4668-BE54-9A1E7A4F7556}") = "ReversedChars", "ReversedChars\ReversedChars.csproj", "{6D368E54-1086-4EB1-B1F5-2372C6661EA8}"
EndProject
Project("{9A19103F-16F7-4668-BE54-9A1E7A4F7556}") = "ConcatNames", "ConcatNames\ConcatNames.csproj", "{7298B4DD-8534-46B3-8833-56096DA350ED}"
EndProject
Project("{9A19103F-16F7-4668-BE54-9A1E7A4F7556}") = "TownInfo", "TownInfo\TownInfo.csproj", "{D9E27CAE-34B8-4FCA-AC54-E4186220DA72}"
EndProject
Project("{9A19103F-16F7-4668-BE54-9A1E7A4F7556}") = "CharsToString", "CharsToString\CharsToString.csproj", "{428F1FFD-80EA-434F-B335-8DB8BBE6CF56}"
EndProject
Project("{9A19103F-16F7-4668-BE54-9A1E7A4F7556}") = "LowerOrUpper", "LowerOrUpper\LowerOrUpper.csproj", "{D055CEBB-8278-4A79-89EC-5D1AEE3B0CD2}"
EndProject
Project("{9A19103F-16F7-4668-BE54-9A1E7A4F7556}") = "RefactorVolumeOfPyramid", "RefactorVolumeOfPyramid\RefactorVolumeOfPyramid.csproj", "{B8676386-6386-44C1-B5FD-B48330EB6ACB}"
EndProject
Project("{9A19103F-16F7-4668-BE54-9A1E7A4F7556}") = "RefactorSpecialNumbers", "RefactorSpecialNumbers\RefactorSpecialNumbers.csproj", "{562B8CCA-E54D-4533-BB5F-D9D4352D2BAA}"
EndProject
Project("{9A19103F-16F7-4668-BE54-9A1E7A4F7556}") = "IntegerOperations", "IntegerOperations\IntegerOperations.csproj", "{BB7DD59F-02D3-4B86-BFB2-19ADACBE7061}"
EndProject
Project("{9A19103F-16F7-4668-BE54-9A1E7A4F7556}") = "SumDigits", "SumDigits\SumDigits.csproj", "{1463CE9C-0DBA-4B21-BF90-260CC089971C}"
EndProject
Project("{9A19103F-16F7-4668-BE54-9A1E7A4F7556}") = "Elevator", "Elevator\Elevator.csproj", "{0978C350-FAB0-4F7E-BAF7-A60C325CDAA2}"
EndProject
Project("{9A19103F-16F7-4668-BE54-9A1E7A4F7556}") = "SumOfChars", "SumOfChars\SumOfChars.csproj", "{C8E5A250-0BDA-4D6B-92F0-CD6A84675037}"
EndProject
Project("{9A19103F-16F7-4668-BE54-9A1E7A4F7556}") = "PrintPartOfASCIITable", "PrintPartOfASCIITable\PrintPartOfASCIITable.csproj", "{6D56FB8C-277A-48C0-9175-EFF997B9BFFB}"
EndProject
Project("{9A19103F-16F7-4668-BE54-9A1E7A4F7556}") = "TriplesOfLatinLetters", "TriplesOfLatinLetters\TriplesOfLatinLetters.csproj", "{BAE72BC9-80C7-4230-ACD0-99FB6E4FC6C2}"
EndProject
Project("{FAE04EC0-301F-11D3-BF4B-00C04F79EFBC}") = "WaterOverflow", "WaterOverflow\WaterOverflow.csproj", "{CF88298A-4A17-43FF-A307-FDA530DA0C6C}"
EndProject
Global
	GlobalSection(SolutionConfigurationPlatforms) = preSolution
		Debug|Any CPU = Debug|Any CPU
		Release|Any CPU = Release|Any CPU
	EndGlobalSection
	GlobalSection(ProjectConfigurationPlatforms) = postSolution
		{B9A6E2ED-56AD-4177-BB5E-B6F5C7564707}.Debug|Any CPU.ActiveCfg = Debug|Any CPU
		{B9A6E2ED-56AD-4177-BB5E-B6F5C7564707}.Debug|Any CPU.Build.0 = Debug|Any CPU
		{B9A6E2ED-56AD-4177-BB5E-B6F5C7564707}.Release|Any CPU.ActiveCfg = Release|Any CPU
		{B9A6E2ED-56AD-4177-BB5E-B6F5C7564707}.Release|Any CPU.Build.0 = Release|Any CPU
		{CF24BA05-4152-4DB0-8E34-FBC42985C116}.Debug|Any CPU.ActiveCfg = Debug|Any CPU
		{CF24BA05-4152-4DB0-8E34-FBC42985C116}.Debug|Any CPU.Build.0 = Debug|Any CPU
		{CF24BA05-4152-4DB0-8E34-FBC42985C116}.Release|Any CPU.ActiveCfg = Release|Any CPU
		{CF24BA05-4152-4DB0-8E34-FBC42985C116}.Release|Any CPU.Build.0 = Release|Any CPU
		{90A3035E-F589-4D9E-ACF4-4BD51EF09980}.Debug|Any CPU.ActiveCfg = Debug|Any CPU
		{90A3035E-F589-4D9E-ACF4-4BD51EF09980}.Debug|Any CPU.Build.0 = Debug|Any CPU
		{90A3035E-F589-4D9E-ACF4-4BD51EF09980}.Release|Any CPU.ActiveCfg = Release|Any CPU
		{90A3035E-F589-4D9E-ACF4-4BD51EF09980}.Release|Any CPU.Build.0 = Release|Any CPU
		{039A20AC-58C8-482E-9669-96E3EA4553D4}.Debug|Any CPU.ActiveCfg = Debug|Any CPU
		{039A20AC-58C8-482E-9669-96E3EA4553D4}.Debug|Any CPU.Build.0 = Debug|Any CPU
		{039A20AC-58C8-482E-9669-96E3EA4553D4}.Release|Any CPU.ActiveCfg = Release|Any CPU
		{039A20AC-58C8-482E-9669-96E3EA4553D4}.Release|Any CPU.Build.0 = Release|Any CPU
		{246E62EB-7582-4FF5-B27E-4587333AF2AE}.Debug|Any CPU.ActiveCfg = Debug|Any CPU
		{246E62EB-7582-4FF5-B27E-4587333AF2AE}.Debug|Any CPU.Build.0 = Debug|Any CPU
		{246E62EB-7582-4FF5-B27E-4587333AF2AE}.Release|Any CPU.ActiveCfg = Release|Any CPU
		{246E62EB-7582-4FF5-B27E-4587333AF2AE}.Release|Any CPU.Build.0 = Release|Any CPU
		{6D368E54-1086-4EB1-B1F5-2372C6661EA8}.Debug|Any CPU.ActiveCfg = Debug|Any CPU
		{6D368E54-1086-4EB1-B1F5-2372C6661EA8}.Debug|Any CPU.Build.0 = Debug|Any CPU
		{6D368E54-1086-4EB1-B1F5-2372C6661EA8}.Release|Any CPU.ActiveCfg = Release|Any CPU
		{6D368E54-1086-4EB1-B1F5-2372C6661EA8}.Release|Any CPU.Build.0 = Release|Any CPU
		{7298B4DD-8534-46B3-8833-56096DA350ED}.Debug|Any CPU.ActiveCfg = Debug|Any CPU
		{7298B4DD-8534-46B3-8833-56096DA350ED}.Debug|Any CPU.Build.0 = Debug|Any CPU
		{7298B4DD-8534-46B3-8833-56096DA350ED}.Release|Any CPU.ActiveCfg = Release|Any CPU
		{7298B4DD-8534-46B3-8833-56096DA350ED}.Release|Any CPU.Build.0 = Release|Any CPU
		{D9E27CAE-34B8-4FCA-AC54-E4186220DA72}.Debug|Any CPU.ActiveCfg = Debug|Any CPU
		{D9E27CAE-34B8-4FCA-AC54-E4186220DA72}.Debug|Any CPU.Build.0 = Debug|Any CPU
		{D9E27CAE-34B8-4FCA-AC54-E4186220DA72}.Release|Any CPU.ActiveCfg = Release|Any CPU
		{D9E27CAE-34B8-4FCA-AC54-E4186220DA72}.Release|Any CPU.Build.0 = Release|Any CPU
		{428F1FFD-80EA-434F-B335-8DB8BBE6CF56}.Debug|Any CPU.ActiveCfg = Debug|Any CPU
		{428F1FFD-80EA-434F-B335-8DB8BBE6CF56}.Debug|Any CPU.Build.0 = Debug|Any CPU
		{428F1FFD-80EA-434F-B335-8DB8BBE6CF56}.Release|Any CPU.ActiveCfg = Release|Any CPU
		{428F1FFD-80EA-434F-B335-8DB8BBE6CF56}.Release|Any CPU.Build.0 = Release|Any CPU
		{D055CEBB-8278-4A79-89EC-5D1AEE3B0CD2}.Debug|Any CPU.ActiveCfg = Debug|Any CPU
		{D055CEBB-8278-4A79-89EC-5D1AEE3B0CD2}.Debug|Any CPU.Build.0 = Debug|Any CPU
		{D055CEBB-8278-4A79-89EC-5D1AEE3B0CD2}.Release|Any CPU.ActiveCfg = Release|Any CPU
		{D055CEBB-8278-4A79-89EC-5D1AEE3B0CD2}.Release|Any CPU.Build.0 = Release|Any CPU
		{B8676386-6386-44C1-B5FD-B48330EB6ACB}.Debug|Any CPU.ActiveCfg = Debug|Any CPU
		{B8676386-6386-44C1-B5FD-B48330EB6ACB}.Debug|Any CPU.Build.0 = Debug|Any CPU
		{B8676386-6386-44C1-B5FD-B48330EB6ACB}.Release|Any CPU.ActiveCfg = Release|Any CPU
		{B8676386-6386-44C1-B5FD-B48330EB6ACB}.Release|Any CPU.Build.0 = Release|Any CPU
		{562B8CCA-E54D-4533-BB5F-D9D4352D2BAA}.Debug|Any CPU.ActiveCfg = Debug|Any CPU
		{562B8CCA-E54D-4533-BB5F-D9D4352D2BAA}.Debug|Any CPU.Build.0 = Debug|Any CPU
		{562B8CCA-E54D-4533-BB5F-D9D4352D2BAA}.Release|Any CPU.ActiveCfg = Release|Any CPU
		{562B8CCA-E54D-4533-BB5F-D9D4352D2BAA}.Release|Any CPU.Build.0 = Release|Any CPU
		{BB7DD59F-02D3-4B86-BFB2-19ADACBE7061}.Debug|Any CPU.ActiveCfg = Debug|Any CPU
		{BB7DD59F-02D3-4B86-BFB2-19ADACBE7061}.Debug|Any CPU.Build.0 = Debug|Any CPU
		{BB7DD59F-02D3-4B86-BFB2-19ADACBE7061}.Release|Any CPU.ActiveCfg = Release|Any CPU
		{BB7DD59F-02D3-4B86-BFB2-19ADACBE7061}.Release|Any CPU.Build.0 = Release|Any CPU
		{1463CE9C-0DBA-4B21-BF90-260CC089971C}.Debug|Any CPU.ActiveCfg = Debug|Any CPU
		{1463CE9C-0DBA-4B21-BF90-260CC089971C}.Debug|Any CPU.Build.0 = Debug|Any CPU
		{1463CE9C-0DBA-4B21-BF90-260CC089971C}.Release|Any CPU.ActiveCfg = Release|Any CPU
		{1463CE9C-0DBA-4B21-BF90-260CC089971C}.Release|Any CPU.Build.0 = Release|Any CPU
		{0978C350-FAB0-4F7E-BAF7-A60C325CDAA2}.Debug|Any CPU.ActiveCfg = Debug|Any CPU
		{0978C350-FAB0-4F7E-BAF7-A60C325CDAA2}.Debug|Any CPU.Build.0 = Debug|Any CPU
		{0978C350-FAB0-4F7E-BAF7-A60C325CDAA2}.Release|Any CPU.ActiveCfg = Release|Any CPU
		{0978C350-FAB0-4F7E-BAF7-A60C325CDAA2}.Release|Any CPU.Build.0 = Release|Any CPU
		{C8E5A250-0BDA-4D6B-92F0-CD6A84675037}.Debug|Any CPU.ActiveCfg = Debug|Any CPU
		{C8E5A250-0BDA-4D6B-92F0-CD6A84675037}.Debug|Any CPU.Build.0 = Debug|Any CPU
		{C8E5A250-0BDA-4D6B-92F0-CD6A84675037}.Release|Any CPU.ActiveCfg = Release|Any CPU
		{C8E5A250-0BDA-4D6B-92F0-CD6A84675037}.Release|Any CPU.Build.0 = Release|Any CPU
		{6D56FB8C-277A-48C0-9175-EFF997B9BFFB}.Debug|Any CPU.ActiveCfg = Debug|Any CPU
		{6D56FB8C-277A-48C0-9175-EFF997B9BFFB}.Debug|Any CPU.Build.0 = Debug|Any CPU
		{6D56FB8C-277A-48C0-9175-EFF997B9BFFB}.Release|Any CPU.ActiveCfg = Release|Any CPU
		{6D56FB8C-277A-48C0-9175-EFF997B9BFFB}.Release|Any CPU.Build.0 = Release|Any CPU
		{BAE72BC9-80C7-4230-ACD0-99FB6E4FC6C2}.Debug|Any CPU.ActiveCfg = Debug|Any CPU
		{BAE72BC9-80C7-4230-ACD0-99FB6E4FC6C2}.Debug|Any CPU.Build.0 = Debug|Any CPU
		{BAE72BC9-80C7-4230-ACD0-99FB6E4FC6C2}.Release|Any CPU.ActiveCfg = Release|Any CPU
		{BAE72BC9-80C7-4230-ACD0-99FB6E4FC6C2}.Release|Any CPU.Build.0 = Release|Any CPU
		{CF88298A-4A17-43FF-A307-FDA530DA0C6C}.Debug|Any CPU.ActiveCfg = Debug|Any CPU
		{CF88298A-4A17-43FF-A307-FDA530DA0C6C}.Debug|Any CPU.Build.0 = Debug|Any CPU
		{CF88298A-4A17-43FF-A307-FDA530DA0C6C}.Release|Any CPU.ActiveCfg = Release|Any CPU
		{CF88298A-4A17-43FF-A307-FDA530DA0C6C}.Release|Any CPU.Build.0 = Release|Any CPU
	EndGlobalSection
	GlobalSection(SolutionProperties) = preSolution
		HideSolutionNode = FALSE
	EndGlobalSection
	GlobalSection(ExtensibilityGlobals) = postSolution
		SolutionGuid = {BA0DC90D-ADF8-4C44-A2C8-CEAC4A3A7CA4}
	EndGlobalSection
EndGlobal
