
Microsoft Visual Studio Solution File, Format Version 12.00
# Visual Studio Version 16
VisualStudioVersion = 16.0.30503.244
MinimumVisualStudioVersion = 10.0.40219.1
Project("{9A19103F-16F7-4668-BE54-9A1E7A4F7556}") = "StudentInformation", "StudentInformation\StudentInformation.csproj", "{853274A2-53FA-4AE0-AAF8-79FD0749D9D8}"
EndProject
Project("{9A19103F-16F7-4668-BE54-9A1E7A4F7556}") = "Passed", "Passed\Passed.csproj", "{5686FF87-386F-4F6A-A0CD-62748D9F032D}"
EndProject
Project("{9A19103F-16F7-4668-BE54-9A1E7A4F7556}") = "PassedOrFailed", "PassedOrFailed\PassedOrFailed.csproj", "{755A1756-7F30-4029-9B75-65706AFBC02F}"
EndProject
Project("{9A19103F-16F7-4668-BE54-9A1E7A4F7556}") = "BackIn30Minutes", "BackIn30Minutes\BackIn30Minutes.csproj", "{4CF8842E-E924-4593-B9BD-845F602A55B7}"
EndProject
Project("{9A19103F-16F7-4668-BE54-9A1E7A4F7556}") = "MonthPrinter", "MonthPrinter\MonthPrinter.csproj", "{59FD5B02-6752-469A-B5B0-BCCC5754D915}"
EndProject
Project("{9A19103F-16F7-4668-BE54-9A1E7A4F7556}") = "ForeignLanguages", "ForeignLanguages\ForeignLanguages.csproj", "{B6B192F5-FEB4-4CBF-81C6-FC51394EE4B2}"
EndProject
Project("{9A19103F-16F7-4668-BE54-9A1E7A4F7556}") = "TheatrePromotion", "TheatrePromotion\TheatrePromotion.csproj", "{A635FBEB-983D-4297-A979-109A67817F16}"
EndProject
Project("{9A19103F-16F7-4668-BE54-9A1E7A4F7556}") = "DivisibleBy3", "DivisibleBy3\DivisibleBy3.csproj", "{B228915F-EE61-4D19-9973-21650F577CA4}"
EndProject
Project("{9A19103F-16F7-4668-BE54-9A1E7A4F7556}") = "SumOfOddNumbers", "SumOfOddNumbers\SumOfOddNumbers.csproj", "{90A06E81-0E5C-4AD8-8691-C21097547B3E}"
EndProject
Project("{9A19103F-16F7-4668-BE54-9A1E7A4F7556}") = "MultiplicationTable", "MultiplicationTable\MultiplicationTable.csproj", "{89968D60-1579-4B9B-B5E8-7ACA73D57593}"
EndProject
Project("{9A19103F-16F7-4668-BE54-9A1E7A4F7556}") = "MultiplicationTable2.0", "MultiplicationTable2.0\MultiplicationTable2.0.csproj", "{F10A3F47-CBBD-4B0A-BBCD-305B8661CE4F}"
EndProject
Project("{9A19103F-16F7-4668-BE54-9A1E7A4F7556}") = "EvenNumber", "EvenNumber\EvenNumber.csproj", "{8CE91D70-0EAC-4877-BB23-0C2826B3906C}"
EndProject
Project("{9A19103F-16F7-4668-BE54-9A1E7A4F7556}") = "HolidaysBetweenTwoDates", "HolidaysBetweenTwoDates\HolidaysBetweenTwoDates.csproj", "{D15D02A2-DFFA-42FD-9C09-DDAB97288A31}"
EndProject
Project("{9A19103F-16F7-4668-BE54-9A1E7A4F7556}") = "Ages", "Ages\Ages.csproj", "{9F4F9A94-0B6E-42F8-B87E-DBF69C6BEFBD}"
EndProject
Project("{9A19103F-16F7-4668-BE54-9A1E7A4F7556}") = "Division", "Division\Division.csproj", "{FB22745D-1380-4CC4-A4C6-1DA992B7C337}"
EndProject
Project("{9A19103F-16F7-4668-BE54-9A1E7A4F7556}") = "Vacation", "Vacation\Vacation.csproj", "{B7ACCF6D-D710-475A-951C-986D9C9A27C5}"
EndProject
Project("{9A19103F-16F7-4668-BE54-9A1E7A4F7556}") = "PrintAndSum", "PrintAndSum\PrintAndSum.csproj", "{9E179BAF-0D09-4379-9A18-A891E990F8DB}"
EndProject
Project("{FAE04EC0-301F-11D3-BF4B-00C04F79EFBC}") = "Login", "Login\Login.csproj", "{7D264E81-1EF7-416E-8B5E-9E4B089A2CB3}"
EndProject
Project("{FAE04EC0-301F-11D3-BF4B-00C04F79EFBC}") = "StrongNumber", "StrongNumber\StrongNumber.csproj", "{4E1F67B2-9F01-4359-A7A2-5927384AC25A}"
EndProject
Project("{FAE04EC0-301F-11D3-BF4B-00C04F79EFBC}") = "VendingMachine", "VendingMachine\VendingMachine.csproj", "{1FF0B21F-5332-4E72-9B9D-46BEEE6D4586}"
EndProject
Project("{FAE04EC0-301F-11D3-BF4B-00C04F79EFBC}") = "TriangleОfNumbers", "TriangleОfNumbers\TriangleОfNumbers.csproj", "{72D87BB9-AB94-460F-A5F1-6FA1036DF22B}"
EndProject
Global
	GlobalSection(SolutionConfigurationPlatforms) = preSolution
		Debug|Any CPU = Debug|Any CPU
		Release|Any CPU = Release|Any CPU
	EndGlobalSection
	GlobalSection(ProjectConfigurationPlatforms) = postSolution
		{853274A2-53FA-4AE0-AAF8-79FD0749D9D8}.Debug|Any CPU.ActiveCfg = Debug|Any CPU
		{853274A2-53FA-4AE0-AAF8-79FD0749D9D8}.Debug|Any CPU.Build.0 = Debug|Any CPU
		{853274A2-53FA-4AE0-AAF8-79FD0749D9D8}.Release|Any CPU.ActiveCfg = Release|Any CPU
		{853274A2-53FA-4AE0-AAF8-79FD0749D9D8}.Release|Any CPU.Build.0 = Release|Any CPU
		{5686FF87-386F-4F6A-A0CD-62748D9F032D}.Debug|Any CPU.ActiveCfg = Debug|Any CPU
		{5686FF87-386F-4F6A-A0CD-62748D9F032D}.Debug|Any CPU.Build.0 = Debug|Any CPU
		{5686FF87-386F-4F6A-A0CD-62748D9F032D}.Release|Any CPU.ActiveCfg = Release|Any CPU
		{5686FF87-386F-4F6A-A0CD-62748D9F032D}.Release|Any CPU.Build.0 = Release|Any CPU
		{755A1756-7F30-4029-9B75-65706AFBC02F}.Debug|Any CPU.ActiveCfg = Debug|Any CPU
		{755A1756-7F30-4029-9B75-65706AFBC02F}.Debug|Any CPU.Build.0 = Debug|Any CPU
		{755A1756-7F30-4029-9B75-65706AFBC02F}.Release|Any CPU.ActiveCfg = Release|Any CPU
		{755A1756-7F30-4029-9B75-65706AFBC02F}.Release|Any CPU.Build.0 = Release|Any CPU
		{4CF8842E-E924-4593-B9BD-845F602A55B7}.Debug|Any CPU.ActiveCfg = Debug|Any CPU
		{4CF8842E-E924-4593-B9BD-845F602A55B7}.Debug|Any CPU.Build.0 = Debug|Any CPU
		{4CF8842E-E924-4593-B9BD-845F602A55B7}.Release|Any CPU.ActiveCfg = Release|Any CPU
		{4CF8842E-E924-4593-B9BD-845F602A55B7}.Release|Any CPU.Build.0 = Release|Any CPU
		{59FD5B02-6752-469A-B5B0-BCCC5754D915}.Debug|Any CPU.ActiveCfg = Debug|Any CPU
		{59FD5B02-6752-469A-B5B0-BCCC5754D915}.Debug|Any CPU.Build.0 = Debug|Any CPU
		{59FD5B02-6752-469A-B5B0-BCCC5754D915}.Release|Any CPU.ActiveCfg = Release|Any CPU
		{59FD5B02-6752-469A-B5B0-BCCC5754D915}.Release|Any CPU.Build.0 = Release|Any CPU
		{B6B192F5-FEB4-4CBF-81C6-FC51394EE4B2}.Debug|Any CPU.ActiveCfg = Debug|Any CPU
		{B6B192F5-FEB4-4CBF-81C6-FC51394EE4B2}.Debug|Any CPU.Build.0 = Debug|Any CPU
		{B6B192F5-FEB4-4CBF-81C6-FC51394EE4B2}.Release|Any CPU.ActiveCfg = Release|Any CPU
		{B6B192F5-FEB4-4CBF-81C6-FC51394EE4B2}.Release|Any CPU.Build.0 = Release|Any CPU
		{A635FBEB-983D-4297-A979-109A67817F16}.Debug|Any CPU.ActiveCfg = Debug|Any CPU
		{A635FBEB-983D-4297-A979-109A67817F16}.Debug|Any CPU.Build.0 = Debug|Any CPU
		{A635FBEB-983D-4297-A979-109A67817F16}.Release|Any CPU.ActiveCfg = Release|Any CPU
		{A635FBEB-983D-4297-A979-109A67817F16}.Release|Any CPU.Build.0 = Release|Any CPU
		{B228915F-EE61-4D19-9973-21650F577CA4}.Debug|Any CPU.ActiveCfg = Debug|Any CPU
		{B228915F-EE61-4D19-9973-21650F577CA4}.Debug|Any CPU.Build.0 = Debug|Any CPU
		{B228915F-EE61-4D19-9973-21650F577CA4}.Release|Any CPU.ActiveCfg = Release|Any CPU
		{B228915F-EE61-4D19-9973-21650F577CA4}.Release|Any CPU.Build.0 = Release|Any CPU
		{90A06E81-0E5C-4AD8-8691-C21097547B3E}.Debug|Any CPU.ActiveCfg = Debug|Any CPU
		{90A06E81-0E5C-4AD8-8691-C21097547B3E}.Debug|Any CPU.Build.0 = Debug|Any CPU
		{90A06E81-0E5C-4AD8-8691-C21097547B3E}.Release|Any CPU.ActiveCfg = Release|Any CPU
		{90A06E81-0E5C-4AD8-8691-C21097547B3E}.Release|Any CPU.Build.0 = Release|Any CPU
		{89968D60-1579-4B9B-B5E8-7ACA73D57593}.Debug|Any CPU.ActiveCfg = Debug|Any CPU
		{89968D60-1579-4B9B-B5E8-7ACA73D57593}.Debug|Any CPU.Build.0 = Debug|Any CPU
		{89968D60-1579-4B9B-B5E8-7ACA73D57593}.Release|Any CPU.ActiveCfg = Release|Any CPU
		{89968D60-1579-4B9B-B5E8-7ACA73D57593}.Release|Any CPU.Build.0 = Release|Any CPU
		{F10A3F47-CBBD-4B0A-BBCD-305B8661CE4F}.Debug|Any CPU.ActiveCfg = Debug|Any CPU
		{F10A3F47-CBBD-4B0A-BBCD-305B8661CE4F}.Debug|Any CPU.Build.0 = Debug|Any CPU
		{F10A3F47-CBBD-4B0A-BBCD-305B8661CE4F}.Release|Any CPU.ActiveCfg = Release|Any CPU
		{F10A3F47-CBBD-4B0A-BBCD-305B8661CE4F}.Release|Any CPU.Build.0 = Release|Any CPU
		{8CE91D70-0EAC-4877-BB23-0C2826B3906C}.Debug|Any CPU.ActiveCfg = Debug|Any CPU
		{8CE91D70-0EAC-4877-BB23-0C2826B3906C}.Debug|Any CPU.Build.0 = Debug|Any CPU
		{8CE91D70-0EAC-4877-BB23-0C2826B3906C}.Release|Any CPU.ActiveCfg = Release|Any CPU
		{8CE91D70-0EAC-4877-BB23-0C2826B3906C}.Release|Any CPU.Build.0 = Release|Any CPU
		{D15D02A2-DFFA-42FD-9C09-DDAB97288A31}.Debug|Any CPU.ActiveCfg = Debug|Any CPU
		{D15D02A2-DFFA-42FD-9C09-DDAB97288A31}.Debug|Any CPU.Build.0 = Debug|Any CPU
		{D15D02A2-DFFA-42FD-9C09-DDAB97288A31}.Release|Any CPU.ActiveCfg = Release|Any CPU
		{D15D02A2-DFFA-42FD-9C09-DDAB97288A31}.Release|Any CPU.Build.0 = Release|Any CPU
		{9F4F9A94-0B6E-42F8-B87E-DBF69C6BEFBD}.Debug|Any CPU.ActiveCfg = Debug|Any CPU
		{9F4F9A94-0B6E-42F8-B87E-DBF69C6BEFBD}.Debug|Any CPU.Build.0 = Debug|Any CPU
		{9F4F9A94-0B6E-42F8-B87E-DBF69C6BEFBD}.Release|Any CPU.ActiveCfg = Release|Any CPU
		{9F4F9A94-0B6E-42F8-B87E-DBF69C6BEFBD}.Release|Any CPU.Build.0 = Release|Any CPU
		{FB22745D-1380-4CC4-A4C6-1DA992B7C337}.Debug|Any CPU.ActiveCfg = Debug|Any CPU
		{FB22745D-1380-4CC4-A4C6-1DA992B7C337}.Debug|Any CPU.Build.0 = Debug|Any CPU
		{FB22745D-1380-4CC4-A4C6-1DA992B7C337}.Release|Any CPU.ActiveCfg = Release|Any CPU
		{FB22745D-1380-4CC4-A4C6-1DA992B7C337}.Release|Any CPU.Build.0 = Release|Any CPU
		{B7ACCF6D-D710-475A-951C-986D9C9A27C5}.Debug|Any CPU.ActiveCfg = Debug|Any CPU
		{B7ACCF6D-D710-475A-951C-986D9C9A27C5}.Debug|Any CPU.Build.0 = Debug|Any CPU
		{B7ACCF6D-D710-475A-951C-986D9C9A27C5}.Release|Any CPU.ActiveCfg = Release|Any CPU
		{B7ACCF6D-D710-475A-951C-986D9C9A27C5}.Release|Any CPU.Build.0 = Release|Any CPU
		{9E179BAF-0D09-4379-9A18-A891E990F8DB}.Debug|Any CPU.ActiveCfg = Debug|Any CPU
		{9E179BAF-0D09-4379-9A18-A891E990F8DB}.Debug|Any CPU.Build.0 = Debug|Any CPU
		{9E179BAF-0D09-4379-9A18-A891E990F8DB}.Release|Any CPU.ActiveCfg = Release|Any CPU
		{9E179BAF-0D09-4379-9A18-A891E990F8DB}.Release|Any CPU.Build.0 = Release|Any CPU
		{7D264E81-1EF7-416E-8B5E-9E4B089A2CB3}.Debug|Any CPU.ActiveCfg = Debug|Any CPU
		{7D264E81-1EF7-416E-8B5E-9E4B089A2CB3}.Debug|Any CPU.Build.0 = Debug|Any CPU
		{7D264E81-1EF7-416E-8B5E-9E4B089A2CB3}.Release|Any CPU.ActiveCfg = Release|Any CPU
		{7D264E81-1EF7-416E-8B5E-9E4B089A2CB3}.Release|Any CPU.Build.0 = Release|Any CPU
		{4E1F67B2-9F01-4359-A7A2-5927384AC25A}.Debug|Any CPU.ActiveCfg = Debug|Any CPU
		{4E1F67B2-9F01-4359-A7A2-5927384AC25A}.Debug|Any CPU.Build.0 = Debug|Any CPU
		{4E1F67B2-9F01-4359-A7A2-5927384AC25A}.Release|Any CPU.ActiveCfg = Release|Any CPU
		{4E1F67B2-9F01-4359-A7A2-5927384AC25A}.Release|Any CPU.Build.0 = Release|Any CPU
		{1FF0B21F-5332-4E72-9B9D-46BEEE6D4586}.Debug|Any CPU.ActiveCfg = Debug|Any CPU
		{1FF0B21F-5332-4E72-9B9D-46BEEE6D4586}.Debug|Any CPU.Build.0 = Debug|Any CPU
		{1FF0B21F-5332-4E72-9B9D-46BEEE6D4586}.Release|Any CPU.ActiveCfg = Release|Any CPU
		{1FF0B21F-5332-4E72-9B9D-46BEEE6D4586}.Release|Any CPU.Build.0 = Release|Any CPU
		{72D87BB9-AB94-460F-A5F1-6FA1036DF22B}.Debug|Any CPU.ActiveCfg = Debug|Any CPU
		{72D87BB9-AB94-460F-A5F1-6FA1036DF22B}.Debug|Any CPU.Build.0 = Debug|Any CPU
		{72D87BB9-AB94-460F-A5F1-6FA1036DF22B}.Release|Any CPU.ActiveCfg = Release|Any CPU
		{72D87BB9-AB94-460F-A5F1-6FA1036DF22B}.Release|Any CPU.Build.0 = Release|Any CPU
	EndGlobalSection
	GlobalSection(SolutionProperties) = preSolution
		HideSolutionNode = FALSE
	EndGlobalSection
	GlobalSection(ExtensibilityGlobals) = postSolution
		SolutionGuid = {4B46A938-0CA3-4D1B-B1C5-BAAC571EA090}
	EndGlobalSection
EndGlobal
