
Microsoft Visual Studio Solution File, Format Version 12.00
# Visual Studio Version 16
VisualStudioVersion = 16.0.30503.244
MinimumVisualStudioVersion = 10.0.40219.1
Project("{9A19103F-16F7-4668-BE54-9A1E7A4F7556}") = "Clock", "Clock\Clock.csproj", "{1BC81255-3B66-4F02-BD9F-EBA5C5CAF0BF}"
EndProject
Project("{9A19103F-16F7-4668-BE54-9A1E7A4F7556}") = "MultiplicationTable", "MultiplicationTable\MultiplicationTable.csproj", "{8A558CAE-F058-432A-A9D5-A90B329BC16D}"
EndProject
Project("{9A19103F-16F7-4668-BE54-9A1E7A4F7556}") = "Combinations", "Combinations\Combinations.csproj", "{D5C9FB6B-155C-4C0A-8759-870239767072}"
EndProject
Project("{9A19103F-16F7-4668-BE54-9A1E7A4F7556}") = "SumOfTwoNumbers", "SumOfTwoNumbers\SumOfTwoNumbers.csproj", "{B97B027B-34F6-4E28-94FD-12C0A7E3A702}"
EndProject
Project("{FAE04EC0-301F-11D3-BF4B-00C04F79EFBC}") = "Travelling", "Travelling\Travelling.csproj", "{6FB8706C-A9DD-401A-B2B2-73D1FA9C4EB3}"
EndProject
Project("{FAE04EC0-301F-11D3-BF4B-00C04F79EFBC}") = "Building", "Building\Building.csproj", "{3DA674E2-45EC-4ACD-B9F6-B463E7F40042}"
EndProject
Global
	GlobalSection(SolutionConfigurationPlatforms) = preSolution
		Debug|Any CPU = Debug|Any CPU
		Release|Any CPU = Release|Any CPU
	EndGlobalSection
	GlobalSection(ProjectConfigurationPlatforms) = postSolution
		{1BC81255-3B66-4F02-BD9F-EBA5C5CAF0BF}.Debug|Any CPU.ActiveCfg = Debug|Any CPU
		{1BC81255-3B66-4F02-BD9F-EBA5C5CAF0BF}.Debug|Any CPU.Build.0 = Debug|Any CPU
		{1BC81255-3B66-4F02-BD9F-EBA5C5CAF0BF}.Release|Any CPU.ActiveCfg = Release|Any CPU
		{1BC81255-3B66-4F02-BD9F-EBA5C5CAF0BF}.Release|Any CPU.Build.0 = Release|Any CPU
		{8A558CAE-F058-432A-A9D5-A90B329BC16D}.Debug|Any CPU.ActiveCfg = Debug|Any CPU
		{8A558CAE-F058-432A-A9D5-A90B329BC16D}.Debug|Any CPU.Build.0 = Debug|Any CPU
		{8A558CAE-F058-432A-A9D5-A90B329BC16D}.Release|Any CPU.ActiveCfg = Release|Any CPU
		{8A558CAE-F058-432A-A9D5-A90B329BC16D}.Release|Any CPU.Build.0 = Release|Any CPU
		{D5C9FB6B-155C-4C0A-8759-870239767072}.Debug|Any CPU.ActiveCfg = Debug|Any CPU
		{D5C9FB6B-155C-4C0A-8759-870239767072}.Debug|Any CPU.Build.0 = Debug|Any CPU
		{D5C9FB6B-155C-4C0A-8759-870239767072}.Release|Any CPU.ActiveCfg = Release|Any CPU
		{D5C9FB6B-155C-4C0A-8759-870239767072}.Release|Any CPU.Build.0 = Release|Any CPU
		{B97B027B-34F6-4E28-94FD-12C0A7E3A702}.Debug|Any CPU.ActiveCfg = Debug|Any CPU
		{B97B027B-34F6-4E28-94FD-12C0A7E3A702}.Debug|Any CPU.Build.0 = Debug|Any CPU
		{B97B027B-34F6-4E28-94FD-12C0A7E3A702}.Release|Any CPU.ActiveCfg = Release|Any CPU
		{B97B027B-34F6-4E28-94FD-12C0A7E3A702}.Release|Any CPU.Build.0 = Release|Any CPU
		{6FB8706C-A9DD-401A-B2B2-73D1FA9C4EB3}.Debug|Any CPU.ActiveCfg = Debug|Any CPU
		{6FB8706C-A9DD-401A-B2B2-73D1FA9C4EB3}.Debug|Any CPU.Build.0 = Debug|Any CPU
		{6FB8706C-A9DD-401A-B2B2-73D1FA9C4EB3}.Release|Any CPU.ActiveCfg = Release|Any CPU
		{6FB8706C-A9DD-401A-B2B2-73D1FA9C4EB3}.Release|Any CPU.Build.0 = Release|Any CPU
		{3DA674E2-45EC-4ACD-B9F6-B463E7F40042}.Debug|Any CPU.ActiveCfg = Debug|Any CPU
		{3DA674E2-45EC-4ACD-B9F6-B463E7F40042}.Debug|Any CPU.Build.0 = Debug|Any CPU
		{3DA674E2-45EC-4ACD-B9F6-B463E7F40042}.Release|Any CPU.ActiveCfg = Release|Any CPU
		{3DA674E2-45EC-4ACD-B9F6-B463E7F40042}.Release|Any CPU.Build.0 = Release|Any CPU
	EndGlobalSection
	GlobalSection(SolutionProperties) = preSolution
		HideSolutionNode = FALSE
	EndGlobalSection
	GlobalSection(ExtensibilityGlobals) = postSolution
		SolutionGuid = {4028640A-1842-4994-AD18-C5F675E7F6D0}
	EndGlobalSection
EndGlobal
