
Microsoft Visual Studio Solution File, Format Version 12.00
# Visual Studio Version 16
VisualStudioVersion = 16.0.30503.244
MinimumVisualStudioVersion = 10.0.40219.1
Project("{FAE04EC0-301F-11D3-BF4B-00C04F79EFBC}") = "Clock", "Clock\Clock.csproj", "{1BC81255-3B66-4F02-BD9F-EBA5C5CAF0BF}"
EndProject
Project("{FAE04EC0-301F-11D3-BF4B-00C04F79EFBC}") = "MultiplicationTable", "MultiplicationTable\MultiplicationTable.csproj", "{8A558CAE-F058-432A-A9D5-A90B329BC16D}"
EndProject
Global
	GlobalSection(SolutionConfigurationPlatforms) = preSolution
		Debug|Any CPU = Debug|Any CPU
		Release|Any CPU = Release|Any CPU
	EndGlobalSection
	GlobalSection(ProjectConfigurationPlatforms) = postSolution
		{1BC81255-3B66-4F02-BD9F-EBA5C5CAF0BF}.Debug|Any CPU.ActiveCfg = Debug|Any CPU
		{1BC81255-3B66-4F02-BD9F-EBA5C5CAF0BF}.Debug|Any CPU.Build.0 = Debug|Any CPU
		{1BC81255-3B66-4F02-BD9F-EBA5C5CAF0BF}.Release|Any CPU.ActiveCfg = Release|Any CPU
		{1BC81255-3B66-4F02-BD9F-EBA5C5CAF0BF}.Release|Any CPU.Build.0 = Release|Any CPU
		{8A558CAE-F058-432A-A9D5-A90B329BC16D}.Debug|Any CPU.ActiveCfg = Debug|Any CPU
		{8A558CAE-F058-432A-A9D5-A90B329BC16D}.Debug|Any CPU.Build.0 = Debug|Any CPU
		{8A558CAE-F058-432A-A9D5-A90B329BC16D}.Release|Any CPU.ActiveCfg = Release|Any CPU
		{8A558CAE-F058-432A-A9D5-A90B329BC16D}.Release|Any CPU.Build.0 = Release|Any CPU
	EndGlobalSection
	GlobalSection(SolutionProperties) = preSolution
		HideSolutionNode = FALSE
	EndGlobalSection
	GlobalSection(ExtensibilityGlobals) = postSolution
		SolutionGuid = {4028640A-1842-4994-AD18-C5F675E7F6D0}
	EndGlobalSection
EndGlobal
