
Microsoft Visual Studio Solution File, Format Version 12.00
# Visual Studio Version 16
VisualStudioVersion = 16.0.30503.244
MinimumVisualStudioVersion = 10.0.40219.1
Project("{9A19103F-16F7-4668-BE54-9A1E7A4F7556}") = "Clock", "Clock\Clock.csproj", "{1BC81255-3B66-4F02-BD9F-EBA5C5CAF0BF}"
EndProject
Project("{9A19103F-16F7-4668-BE54-9A1E7A4F7556}") = "MultiplicationTable", "MultiplicationTable\MultiplicationTable.csproj", "{8A558CAE-F058-432A-A9D5-A90B329BC16D}"
EndProject
Project("{9A19103F-16F7-4668-BE54-9A1E7A4F7556}") = "Combinations", "Combinations\Combinations.csproj", "{D5C9FB6B-155C-4C0A-8759-870239767072}"
EndProject
Project("{9A19103F-16F7-4668-BE54-9A1E7A4F7556}") = "SumOfTwoNumbers", "SumOfTwoNumbers\SumOfTwoNumbers.csproj", "{B97B027B-34F6-4E28-94FD-12C0A7E3A702}"
EndProject
Project("{9A19103F-16F7-4668-BE54-9A1E7A4F7556}") = "Travelling", "Travelling\Travelling.csproj", "{6FB8706C-A9DD-401A-B2B2-73D1FA9C4EB3}"
EndProject
Project("{9A19103F-16F7-4668-BE54-9A1E7A4F7556}") = "Building", "Building\Building.csproj", "{3DA674E2-45EC-4ACD-B9F6-B463E7F40042}"
EndProject
Project("{9A19103F-16F7-4668-BE54-9A1E7A4F7556}") = "NumberPyramid", "NumberPyramid\NumberPyramid.csproj", "{0346A03A-4C37-4681-B3D2-AF1207A89FB3}"
EndProject
Project("{9A19103F-16F7-4668-BE54-9A1E7A4F7556}") = "EqualSumsEvenOddPosition", "EqualSumsEvenOddPosition\EqualSumsEvenOddPosition.csproj", "{F24148FC-8F1B-4324-B145-DE6F2F952625}"
EndProject
Project("{9A19103F-16F7-4668-BE54-9A1E7A4F7556}") = "SumPrimeNonPrime", "SumPrimeNonPrime\SumPrimeNonPrime.csproj", "{57C27C1D-5B2C-4A2D-99AC-97F3186D348B}"
EndProject
Project("{FAE04EC0-301F-11D3-BF4B-00C04F79EFBC}") = "TrainTheTrainers", "TrainTheTrainers\TrainTheTrainers.csproj", "{AF161D2B-B64F-409A-81D4-37630EEF8BBB}"
EndProject
Project("{FAE04EC0-301F-11D3-BF4B-00C04F79EFBC}") = "SpecialNumbers", "SpecialNumbers\SpecialNumbers.csproj", "{1C1D7DAF-8E3F-4C2E-9848-C7576FB56BFA}"
EndProject
Project("{FAE04EC0-301F-11D3-BF4B-00C04F79EFBC}") = "CinemaTickets", "CinemaTickets\CinemaTickets.csproj", "{3DAD8643-4C6E-4109-8C78-775AD9B718E5}"
EndProject
Global
	GlobalSection(SolutionConfigurationPlatforms) = preSolution
		Debug|Any CPU = Debug|Any CPU
		Release|Any CPU = Release|Any CPU
	EndGlobalSection
	GlobalSection(ProjectConfigurationPlatforms) = postSolution
		{1BC81255-3B66-4F02-BD9F-EBA5C5CAF0BF}.Debug|Any CPU.ActiveCfg = Debug|Any CPU
		{1BC81255-3B66-4F02-BD9F-EBA5C5CAF0BF}.Debug|Any CPU.Build.0 = Debug|Any CPU
		{1BC81255-3B66-4F02-BD9F-EBA5C5CAF0BF}.Release|Any CPU.ActiveCfg = Release|Any CPU
		{1BC81255-3B66-4F02-BD9F-EBA5C5CAF0BF}.Release|Any CPU.Build.0 = Release|Any CPU
		{8A558CAE-F058-432A-A9D5-A90B329BC16D}.Debug|Any CPU.ActiveCfg = Debug|Any CPU
		{8A558CAE-F058-432A-A9D5-A90B329BC16D}.Debug|Any CPU.Build.0 = Debug|Any CPU
		{8A558CAE-F058-432A-A9D5-A90B329BC16D}.Release|Any CPU.ActiveCfg = Release|Any CPU
		{8A558CAE-F058-432A-A9D5-A90B329BC16D}.Release|Any CPU.Build.0 = Release|Any CPU
		{D5C9FB6B-155C-4C0A-8759-870239767072}.Debug|Any CPU.ActiveCfg = Debug|Any CPU
		{D5C9FB6B-155C-4C0A-8759-870239767072}.Debug|Any CPU.Build.0 = Debug|Any CPU
		{D5C9FB6B-155C-4C0A-8759-870239767072}.Release|Any CPU.ActiveCfg = Release|Any CPU
		{D5C9FB6B-155C-4C0A-8759-870239767072}.Release|Any CPU.Build.0 = Release|Any CPU
		{B97B027B-34F6-4E28-94FD-12C0A7E3A702}.Debug|Any CPU.ActiveCfg = Debug|Any CPU
		{B97B027B-34F6-4E28-94FD-12C0A7E3A702}.Debug|Any CPU.Build.0 = Debug|Any CPU
		{B97B027B-34F6-4E28-94FD-12C0A7E3A702}.Release|Any CPU.ActiveCfg = Release|Any CPU
		{B97B027B-34F6-4E28-94FD-12C0A7E3A702}.Release|Any CPU.Build.0 = Release|Any CPU
		{6FB8706C-A9DD-401A-B2B2-73D1FA9C4EB3}.Debug|Any CPU.ActiveCfg = Debug|Any CPU
		{6FB8706C-A9DD-401A-B2B2-73D1FA9C4EB3}.Debug|Any CPU.Build.0 = Debug|Any CPU
		{6FB8706C-A9DD-401A-B2B2-73D1FA9C4EB3}.Release|Any CPU.ActiveCfg = Release|Any CPU
		{6FB8706C-A9DD-401A-B2B2-73D1FA9C4EB3}.Release|Any CPU.Build.0 = Release|Any CPU
		{3DA674E2-45EC-4ACD-B9F6-B463E7F40042}.Debug|Any CPU.ActiveCfg = Debug|Any CPU
		{3DA674E2-45EC-4ACD-B9F6-B463E7F40042}.Debug|Any CPU.Build.0 = Debug|Any CPU
		{3DA674E2-45EC-4ACD-B9F6-B463E7F40042}.Release|Any CPU.ActiveCfg = Release|Any CPU
		{3DA674E2-45EC-4ACD-B9F6-B463E7F40042}.Release|Any CPU.Build.0 = Release|Any CPU
		{0346A03A-4C37-4681-B3D2-AF1207A89FB3}.Debug|Any CPU.ActiveCfg = Debug|Any CPU
		{0346A03A-4C37-4681-B3D2-AF1207A89FB3}.Debug|Any CPU.Build.0 = Debug|Any CPU
		{0346A03A-4C37-4681-B3D2-AF1207A89FB3}.Release|Any CPU.ActiveCfg = Release|Any CPU
		{0346A03A-4C37-4681-B3D2-AF1207A89FB3}.Release|Any CPU.Build.0 = Release|Any CPU
		{F24148FC-8F1B-4324-B145-DE6F2F952625}.Debug|Any CPU.ActiveCfg = Debug|Any CPU
		{F24148FC-8F1B-4324-B145-DE6F2F952625}.Debug|Any CPU.Build.0 = Debug|Any CPU
		{F24148FC-8F1B-4324-B145-DE6F2F952625}.Release|Any CPU.ActiveCfg = Release|Any CPU
		{F24148FC-8F1B-4324-B145-DE6F2F952625}.Release|Any CPU.Build.0 = Release|Any CPU
		{57C27C1D-5B2C-4A2D-99AC-97F3186D348B}.Debug|Any CPU.ActiveCfg = Debug|Any CPU
		{57C27C1D-5B2C-4A2D-99AC-97F3186D348B}.Debug|Any CPU.Build.0 = Debug|Any CPU
		{57C27C1D-5B2C-4A2D-99AC-97F3186D348B}.Release|Any CPU.ActiveCfg = Release|Any CPU
		{57C27C1D-5B2C-4A2D-99AC-97F3186D348B}.Release|Any CPU.Build.0 = Release|Any CPU
		{AF161D2B-B64F-409A-81D4-37630EEF8BBB}.Debug|Any CPU.ActiveCfg = Debug|Any CPU
		{AF161D2B-B64F-409A-81D4-37630EEF8BBB}.Debug|Any CPU.Build.0 = Debug|Any CPU
		{AF161D2B-B64F-409A-81D4-37630EEF8BBB}.Release|Any CPU.ActiveCfg = Release|Any CPU
		{AF161D2B-B64F-409A-81D4-37630EEF8BBB}.Release|Any CPU.Build.0 = Release|Any CPU
		{1C1D7DAF-8E3F-4C2E-9848-C7576FB56BFA}.Debug|Any CPU.ActiveCfg = Debug|Any CPU
		{1C1D7DAF-8E3F-4C2E-9848-C7576FB56BFA}.Debug|Any CPU.Build.0 = Debug|Any CPU
		{1C1D7DAF-8E3F-4C2E-9848-C7576FB56BFA}.Release|Any CPU.ActiveCfg = Release|Any CPU
		{1C1D7DAF-8E3F-4C2E-9848-C7576FB56BFA}.Release|Any CPU.Build.0 = Release|Any CPU
		{3DAD8643-4C6E-4109-8C78-775AD9B718E5}.Debug|Any CPU.ActiveCfg = Debug|Any CPU
		{3DAD8643-4C6E-4109-8C78-775AD9B718E5}.Debug|Any CPU.Build.0 = Debug|Any CPU
		{3DAD8643-4C6E-4109-8C78-775AD9B718E5}.Release|Any CPU.ActiveCfg = Release|Any CPU
		{3DAD8643-4C6E-4109-8C78-775AD9B718E5}.Release|Any CPU.Build.0 = Release|Any CPU
	EndGlobalSection
	GlobalSection(SolutionProperties) = preSolution
		HideSolutionNode = FALSE
	EndGlobalSection
	GlobalSection(ExtensibilityGlobals) = postSolution
		SolutionGuid = {4028640A-1842-4994-AD18-C5F675E7F6D0}
	EndGlobalSection
EndGlobal
